// !$*UTF8*$!
{
	archiveVersion = 1;
	classes = {
	};
	objectVersion = 46;
	objects = {

/* Begin PBXBuildFile section */
		254F915EC76BE78350CEE7B5 /* Pods_BMe.framework in Frameworks */ = {isa = PBXBuildFile; fileRef = 40191E5B9CEF388CFBDD07FC /* Pods_BMe.framework */; };
		6A9D8CE7FB89247C93EB3755 /* Pods_BMeTests.framework in Frameworks */ = {isa = PBXBuildFile; fileRef = 191E6E9B7B3527D1F818254D /* Pods_BMeTests.framework */; };
		7830089A1DE3B0B500B070D4 /* MeasurementHelper.swift in Sources */ = {isa = PBXBuildFile; fileRef = 783008991DE3B0B500B070D4 /* MeasurementHelper.swift */; };
		7830089C1DE3B2B100B070D4 /* AppState.swift in Sources */ = {isa = PBXBuildFile; fileRef = 7830089B1DE3B2B100B070D4 /* AppState.swift */; };
		783008A41DE3B9A000B070D4 /* VideoComposition.swift in Sources */ = {isa = PBXBuildFile; fileRef = 7830089D1DE3B9A000B070D4 /* VideoComposition.swift */; };
		783008A51DE3B9A000B070D4 /* VideoCompositionViewController.swift in Sources */ = {isa = PBXBuildFile; fileRef = 7830089E1DE3B9A000B070D4 /* VideoCompositionViewController.swift */; };
		783008A61DE3B9A000B070D4 /* VideoCompositionCollectionViewCell.swift in Sources */ = {isa = PBXBuildFile; fileRef = 7830089F1DE3B9A000B070D4 /* VideoCompositionCollectionViewCell.swift */; };
		783008A71DE3B9A000B070D4 /* VideoComposerViewController.swift in Sources */ = {isa = PBXBuildFile; fileRef = 783008A01DE3B9A000B070D4 /* VideoComposerViewController.swift */; };
		783008A81DE3B9A000B070D4 /* VideoComposition.storyboard in Resources */ = {isa = PBXBuildFile; fileRef = 783008A11DE3B9A000B070D4 /* VideoComposition.storyboard */; };
		783008A91DE3B9A000B070D4 /* Extensions.swift in Sources */ = {isa = PBXBuildFile; fileRef = 783008A21DE3B9A000B070D4 /* Extensions.swift */; };
		783008AA1DE3B9A000B070D4 /* Constants.swift in Sources */ = {isa = PBXBuildFile; fileRef = 783008A31DE3B9A000B070D4 /* Constants.swift */; };
		78337D8D1DE3AC6600A1B32C /* GoogleService-Info.plist in Resources */ = {isa = PBXBuildFile; fileRef = 78337D8C1DE3AC6600A1B32C /* GoogleService-Info.plist */; };
		78469A5C1DE3958100A40D53 /* AppDelegate.swift in Sources */ = {isa = PBXBuildFile; fileRef = 78469A5B1DE3958100A40D53 /* AppDelegate.swift */; };
		78469A5E1DE3958100A40D53 /* LoginViewController.swift in Sources */ = {isa = PBXBuildFile; fileRef = 78469A5D1DE3958100A40D53 /* LoginViewController.swift */; };
		78469A611DE3958100A40D53 /* Main.storyboard in Resources */ = {isa = PBXBuildFile; fileRef = 78469A5F1DE3958100A40D53 /* Main.storyboard */; };
		78469A631DE3958100A40D53 /* Assets.xcassets in Resources */ = {isa = PBXBuildFile; fileRef = 78469A621DE3958100A40D53 /* Assets.xcassets */; };
		78469A661DE3958100A40D53 /* LaunchScreen.storyboard in Resources */ = {isa = PBXBuildFile; fileRef = 78469A641DE3958100A40D53 /* LaunchScreen.storyboard */; };
		78469A711DE3958100A40D53 /* BMeTests.swift in Sources */ = {isa = PBXBuildFile; fileRef = 78469A701DE3958100A40D53 /* BMeTests.swift */; };
		78469A7C1DE3958100A40D53 /* BMeUITests.swift in Sources */ = {isa = PBXBuildFile; fileRef = 78469A7B1DE3958100A40D53 /* BMeUITests.swift */; };
		78CDA09C1DE5307200ABC5E1 /* ExampleFIRTVC.storyboard in Resources */ = {isa = PBXBuildFile; fileRef = 78CDA09A1DE5307200ABC5E1 /* ExampleFIRTVC.storyboard */; };
		78CDA09D1DE5307200ABC5E1 /* ExampleFIRTVC.swift in Sources */ = {isa = PBXBuildFile; fileRef = 78CDA09B1DE5307200ABC5E1 /* ExampleFIRTVC.swift */; };
		78CDA09F1DE5307C00ABC5E1 /* FIRManager.swift in Sources */ = {isa = PBXBuildFile; fileRef = 78CDA09E1DE5307C00ABC5E1 /* FIRManager.swift */; };
		E35AC4831DE4D00400FCB0D0 /* TabBarViewController.swift in Sources */ = {isa = PBXBuildFile; fileRef = E35AC4821DE4D00400FCB0D0 /* TabBarViewController.swift */; };
		E35AC4871DE4D0F500FCB0D0 /* Sato.storyboard in Resources */ = {isa = PBXBuildFile; fileRef = E35AC4861DE4D0F500FCB0D0 /* Sato.storyboard */; };
		E35AC4891DE4D75C00FCB0D0 /* BrowseViewController.swift in Sources */ = {isa = PBXBuildFile; fileRef = E35AC4881DE4D75C00FCB0D0 /* BrowseViewController.swift */; };
		E35AC48B1DE4D76A00FCB0D0 /* CreateViewController.swift in Sources */ = {isa = PBXBuildFile; fileRef = E35AC48A1DE4D76A00FCB0D0 /* CreateViewController.swift */; };
		E35AC48D1DE4D77200FCB0D0 /* AccountViewController.swift in Sources */ = {isa = PBXBuildFile; fileRef = E35AC48C1DE4D77200FCB0D0 /* AccountViewController.swift */; };
		E3EC80B51DE6A2AC00504796 /* VideoTableViewCell.swift in Sources */ = {isa = PBXBuildFile; fileRef = E3EC80B31DE6A2AC00504796 /* VideoTableViewCell.swift */; };
		E3EC80B61DE6A2AC00504796 /* VideoTableViewCell.xib in Resources */ = {isa = PBXBuildFile; fileRef = E3EC80B41DE6A2AC00504796 /* VideoTableViewCell.xib */; };
		E3EC80B91DE6A3E600504796 /* VideoCollectionViewCell.swift in Sources */ = {isa = PBXBuildFile; fileRef = E3EC80B71DE6A3E600504796 /* VideoCollectionViewCell.swift */; };
		E3EC80BA1DE6A3E600504796 /* VideoCollectionViewCell.xib in Resources */ = {isa = PBXBuildFile; fileRef = E3EC80B81DE6A3E600504796 /* VideoCollectionViewCell.xib */; };
		E3EC80BC1DE6A6C700504796 /* Helpers.swift in Sources */ = {isa = PBXBuildFile; fileRef = E3EC80BB1DE6A6C700504796 /* Helpers.swift */; };
		E3ECAFD91DE3CCB500F221AE /* Video.swift in Sources */ = {isa = PBXBuildFile; fileRef = E3ECAFD81DE3CCB500F221AE /* Video.swift */; };
		EED9BEFA11E85E773E6416A7 /* Pods_BMeUITests.framework in Frameworks */ = {isa = PBXBuildFile; fileRef = 89C6C4AE3BCC216444B1A558 /* Pods_BMeUITests.framework */; };
/* End PBXBuildFile section */

/* Begin PBXContainerItemProxy section */
		78469A6D1DE3958100A40D53 /* PBXContainerItemProxy */ = {
			isa = PBXContainerItemProxy;
			containerPortal = 78469A501DE3958000A40D53 /* Project object */;
			proxyType = 1;
			remoteGlobalIDString = 78469A571DE3958000A40D53;
			remoteInfo = BMe;
		};
		78469A781DE3958100A40D53 /* PBXContainerItemProxy */ = {
			isa = PBXContainerItemProxy;
			containerPortal = 78469A501DE3958000A40D53 /* Project object */;
			proxyType = 1;
			remoteGlobalIDString = 78469A571DE3958000A40D53;
			remoteInfo = BMe;
		};
/* End PBXContainerItemProxy section */

/* Begin PBXCopyFilesBuildPhase section */
		E3ECAFE01DE3F00600F221AE /* CopyFiles */ = {
			isa = PBXCopyFilesBuildPhase;
			buildActionMask = 2147483647;
			dstPath = "";
			dstSubfolderSpec = 7;
			files = (
			);
			runOnlyForDeploymentPostprocessing = 0;
		};
/* End PBXCopyFilesBuildPhase section */

/* Begin PBXFileReference section */
		191E6E9B7B3527D1F818254D /* Pods_BMeTests.framework */ = {isa = PBXFileReference; explicitFileType = wrapper.framework; includeInIndex = 0; path = Pods_BMeTests.framework; sourceTree = BUILT_PRODUCTS_DIR; };
		1B3943A2C1F5F5DBD966A650 /* Pods-BMe.release.xcconfig */ = {isa = PBXFileReference; includeInIndex = 1; lastKnownFileType = text.xcconfig; name = "Pods-BMe.release.xcconfig"; path = "Pods/Target Support Files/Pods-BMe/Pods-BMe.release.xcconfig"; sourceTree = "<group>"; };
		3B904E80464934303F529DA3 /* Pods-BMeUITests.debug.xcconfig */ = {isa = PBXFileReference; includeInIndex = 1; lastKnownFileType = text.xcconfig; name = "Pods-BMeUITests.debug.xcconfig"; path = "Pods/Target Support Files/Pods-BMeUITests/Pods-BMeUITests.debug.xcconfig"; sourceTree = "<group>"; };
		40191E5B9CEF388CFBDD07FC /* Pods_BMe.framework */ = {isa = PBXFileReference; explicitFileType = wrapper.framework; includeInIndex = 0; path = Pods_BMe.framework; sourceTree = BUILT_PRODUCTS_DIR; };
		500EAC6FA5C71681BCC723C6 /* Pods-BMeTests.release.xcconfig */ = {isa = PBXFileReference; includeInIndex = 1; lastKnownFileType = text.xcconfig; name = "Pods-BMeTests.release.xcconfig"; path = "Pods/Target Support Files/Pods-BMeTests/Pods-BMeTests.release.xcconfig"; sourceTree = "<group>"; };
		783008991DE3B0B500B070D4 /* MeasurementHelper.swift */ = {isa = PBXFileReference; fileEncoding = 4; lastKnownFileType = sourcecode.swift; path = MeasurementHelper.swift; sourceTree = "<group>"; };
		7830089B1DE3B2B100B070D4 /* AppState.swift */ = {isa = PBXFileReference; fileEncoding = 4; lastKnownFileType = sourcecode.swift; path = AppState.swift; sourceTree = "<group>"; };
		7830089D1DE3B9A000B070D4 /* VideoComposition.swift */ = {isa = PBXFileReference; fileEncoding = 4; lastKnownFileType = sourcecode.swift; path = VideoComposition.swift; sourceTree = "<group>"; };
		7830089E1DE3B9A000B070D4 /* VideoCompositionViewController.swift */ = {isa = PBXFileReference; fileEncoding = 4; lastKnownFileType = sourcecode.swift; path = VideoCompositionViewController.swift; sourceTree = "<group>"; };
		7830089F1DE3B9A000B070D4 /* VideoCompositionCollectionViewCell.swift */ = {isa = PBXFileReference; fileEncoding = 4; lastKnownFileType = sourcecode.swift; path = VideoCompositionCollectionViewCell.swift; sourceTree = "<group>"; };
		783008A01DE3B9A000B070D4 /* VideoComposerViewController.swift */ = {isa = PBXFileReference; fileEncoding = 4; lastKnownFileType = sourcecode.swift; path = VideoComposerViewController.swift; sourceTree = "<group>"; };
		783008A11DE3B9A000B070D4 /* VideoComposition.storyboard */ = {isa = PBXFileReference; fileEncoding = 4; lastKnownFileType = file.storyboard; path = VideoComposition.storyboard; sourceTree = "<group>"; };
		783008A21DE3B9A000B070D4 /* Extensions.swift */ = {isa = PBXFileReference; fileEncoding = 4; lastKnownFileType = sourcecode.swift; path = Extensions.swift; sourceTree = "<group>"; };
		783008A31DE3B9A000B070D4 /* Constants.swift */ = {isa = PBXFileReference; fileEncoding = 4; lastKnownFileType = sourcecode.swift; path = Constants.swift; sourceTree = "<group>"; };
		78337D8C1DE3AC6600A1B32C /* GoogleService-Info.plist */ = {isa = PBXFileReference; fileEncoding = 4; lastKnownFileType = text.plist.xml; path = "GoogleService-Info.plist"; sourceTree = "<group>"; };
		78469A581DE3958000A40D53 /* BMe.app */ = {isa = PBXFileReference; explicitFileType = wrapper.application; includeInIndex = 0; path = BMe.app; sourceTree = BUILT_PRODUCTS_DIR; };
		78469A5B1DE3958100A40D53 /* AppDelegate.swift */ = {isa = PBXFileReference; lastKnownFileType = sourcecode.swift; path = AppDelegate.swift; sourceTree = "<group>"; };
		78469A5D1DE3958100A40D53 /* LoginViewController.swift */ = {isa = PBXFileReference; lastKnownFileType = sourcecode.swift; path = LoginViewController.swift; sourceTree = "<group>"; };
		78469A601DE3958100A40D53 /* Base */ = {isa = PBXFileReference; lastKnownFileType = file.storyboard; name = Base; path = Base.lproj/Main.storyboard; sourceTree = "<group>"; };
		78469A621DE3958100A40D53 /* Assets.xcassets */ = {isa = PBXFileReference; lastKnownFileType = folder.assetcatalog; path = Assets.xcassets; sourceTree = "<group>"; };
		78469A651DE3958100A40D53 /* Base */ = {isa = PBXFileReference; lastKnownFileType = file.storyboard; name = Base; path = Base.lproj/LaunchScreen.storyboard; sourceTree = "<group>"; };
		78469A671DE3958100A40D53 /* Info.plist */ = {isa = PBXFileReference; lastKnownFileType = text.plist.xml; path = Info.plist; sourceTree = "<group>"; };
		78469A6C1DE3958100A40D53 /* BMeTests.xctest */ = {isa = PBXFileReference; explicitFileType = wrapper.cfbundle; includeInIndex = 0; path = BMeTests.xctest; sourceTree = BUILT_PRODUCTS_DIR; };
		78469A701DE3958100A40D53 /* BMeTests.swift */ = {isa = PBXFileReference; lastKnownFileType = sourcecode.swift; path = BMeTests.swift; sourceTree = "<group>"; };
		78469A721DE3958100A40D53 /* Info.plist */ = {isa = PBXFileReference; lastKnownFileType = text.plist.xml; path = Info.plist; sourceTree = "<group>"; };
		78469A771DE3958100A40D53 /* BMeUITests.xctest */ = {isa = PBXFileReference; explicitFileType = wrapper.cfbundle; includeInIndex = 0; path = BMeUITests.xctest; sourceTree = BUILT_PRODUCTS_DIR; };
		78469A7B1DE3958100A40D53 /* BMeUITests.swift */ = {isa = PBXFileReference; lastKnownFileType = sourcecode.swift; path = BMeUITests.swift; sourceTree = "<group>"; };
		78469A7D1DE3958100A40D53 /* Info.plist */ = {isa = PBXFileReference; lastKnownFileType = text.plist.xml; path = Info.plist; sourceTree = "<group>"; };
		78CDA09A1DE5307200ABC5E1 /* ExampleFIRTVC.storyboard */ = {isa = PBXFileReference; fileEncoding = 4; lastKnownFileType = file.storyboard; path = ExampleFIRTVC.storyboard; sourceTree = "<group>"; };
		78CDA09B1DE5307200ABC5E1 /* ExampleFIRTVC.swift */ = {isa = PBXFileReference; fileEncoding = 4; lastKnownFileType = sourcecode.swift; path = ExampleFIRTVC.swift; sourceTree = "<group>"; };
		78CDA09E1DE5307C00ABC5E1 /* FIRManager.swift */ = {isa = PBXFileReference; fileEncoding = 4; lastKnownFileType = sourcecode.swift; path = FIRManager.swift; sourceTree = "<group>"; };
		86BFB4E3203608C3B4F447D0 /* Pods-BMeTests.debug.xcconfig */ = {isa = PBXFileReference; includeInIndex = 1; lastKnownFileType = text.xcconfig; name = "Pods-BMeTests.debug.xcconfig"; path = "Pods/Target Support Files/Pods-BMeTests/Pods-BMeTests.debug.xcconfig"; sourceTree = "<group>"; };
		89C6C4AE3BCC216444B1A558 /* Pods_BMeUITests.framework */ = {isa = PBXFileReference; explicitFileType = wrapper.framework; includeInIndex = 0; path = Pods_BMeUITests.framework; sourceTree = BUILT_PRODUCTS_DIR; };
		E35AC4821DE4D00400FCB0D0 /* TabBarViewController.swift */ = {isa = PBXFileReference; fileEncoding = 4; lastKnownFileType = sourcecode.swift; path = TabBarViewController.swift; sourceTree = "<group>"; };
		E35AC4861DE4D0F500FCB0D0 /* Sato.storyboard */ = {isa = PBXFileReference; fileEncoding = 4; lastKnownFileType = file.storyboard; path = Sato.storyboard; sourceTree = "<group>"; };
		E35AC4881DE4D75C00FCB0D0 /* BrowseViewController.swift */ = {isa = PBXFileReference; fileEncoding = 4; lastKnownFileType = sourcecode.swift; path = BrowseViewController.swift; sourceTree = "<group>"; };
		E35AC48A1DE4D76A00FCB0D0 /* CreateViewController.swift */ = {isa = PBXFileReference; fileEncoding = 4; lastKnownFileType = sourcecode.swift; path = CreateViewController.swift; sourceTree = "<group>"; };
		E35AC48C1DE4D77200FCB0D0 /* AccountViewController.swift */ = {isa = PBXFileReference; fileEncoding = 4; lastKnownFileType = sourcecode.swift; path = AccountViewController.swift; sourceTree = "<group>"; };
		E3EC80B31DE6A2AC00504796 /* VideoTableViewCell.swift */ = {isa = PBXFileReference; fileEncoding = 4; lastKnownFileType = sourcecode.swift; path = VideoTableViewCell.swift; sourceTree = "<group>"; };
		E3EC80B41DE6A2AC00504796 /* VideoTableViewCell.xib */ = {isa = PBXFileReference; fileEncoding = 4; lastKnownFileType = file.xib; path = VideoTableViewCell.xib; sourceTree = "<group>"; };
		E3EC80B71DE6A3E600504796 /* VideoCollectionViewCell.swift */ = {isa = PBXFileReference; fileEncoding = 4; lastKnownFileType = sourcecode.swift; path = VideoCollectionViewCell.swift; sourceTree = "<group>"; };
		E3EC80B81DE6A3E600504796 /* VideoCollectionViewCell.xib */ = {isa = PBXFileReference; fileEncoding = 4; lastKnownFileType = file.xib; path = VideoCollectionViewCell.xib; sourceTree = "<group>"; };
		E3EC80BB1DE6A6C700504796 /* Helpers.swift */ = {isa = PBXFileReference; fileEncoding = 4; lastKnownFileType = sourcecode.swift; path = Helpers.swift; sourceTree = "<group>"; };
		E3ECAFD81DE3CCB500F221AE /* Video.swift */ = {isa = PBXFileReference; fileEncoding = 4; lastKnownFileType = sourcecode.swift; path = Video.swift; sourceTree = "<group>"; };
		E7764343275603CBAE9394EC /* Pods-BMeUITests.release.xcconfig */ = {isa = PBXFileReference; includeInIndex = 1; lastKnownFileType = text.xcconfig; name = "Pods-BMeUITests.release.xcconfig"; path = "Pods/Target Support Files/Pods-BMeUITests/Pods-BMeUITests.release.xcconfig"; sourceTree = "<group>"; };
		EF9B8E045282684264E31D83 /* Pods-BMe.debug.xcconfig */ = {isa = PBXFileReference; includeInIndex = 1; lastKnownFileType = text.xcconfig; name = "Pods-BMe.debug.xcconfig"; path = "Pods/Target Support Files/Pods-BMe/Pods-BMe.debug.xcconfig"; sourceTree = "<group>"; };
/* End PBXFileReference section */

/* Begin PBXFrameworksBuildPhase section */
		78469A551DE3958000A40D53 /* Frameworks */ = {
			isa = PBXFrameworksBuildPhase;
			buildActionMask = 2147483647;
			files = (
				254F915EC76BE78350CEE7B5 /* Pods_BMe.framework in Frameworks */,
			);
			runOnlyForDeploymentPostprocessing = 0;
		};
		78469A691DE3958100A40D53 /* Frameworks */ = {
			isa = PBXFrameworksBuildPhase;
			buildActionMask = 2147483647;
			files = (
				6A9D8CE7FB89247C93EB3755 /* Pods_BMeTests.framework in Frameworks */,
			);
			runOnlyForDeploymentPostprocessing = 0;
		};
		78469A741DE3958100A40D53 /* Frameworks */ = {
			isa = PBXFrameworksBuildPhase;
			buildActionMask = 2147483647;
			files = (
				EED9BEFA11E85E773E6416A7 /* Pods_BMeUITests.framework in Frameworks */,
			);
			runOnlyForDeploymentPostprocessing = 0;
		};
/* End PBXFrameworksBuildPhase section */

/* Begin PBXGroup section */
		73CBDC81D6C6910129B5EE25 /* Frameworks */ = {
			isa = PBXGroup;
			children = (
				40191E5B9CEF388CFBDD07FC /* Pods_BMe.framework */,
				191E6E9B7B3527D1F818254D /* Pods_BMeTests.framework */,
				89C6C4AE3BCC216444B1A558 /* Pods_BMeUITests.framework */,
			);
			name = Frameworks;
			sourceTree = "<group>";
		};
		783008AB1DE3B9AF00B070D4 /* Models */ = {
			isa = PBXGroup;
			children = (
				78CDA09E1DE5307C00ABC5E1 /* FIRManager.swift */,
				7830089B1DE3B2B100B070D4 /* AppState.swift */,
				7830089D1DE3B9A000B070D4 /* VideoComposition.swift */,
			);
			name = Models;
			sourceTree = "<group>";
		};
		783008AC1DE3B9CF00B070D4 /* Views */ = {
			isa = PBXGroup;
			children = (
				7830089F1DE3B9A000B070D4 /* VideoCompositionCollectionViewCell.swift */,
			);
			name = Views;
			sourceTree = "<group>";
		};
		78337D8E1DE3AC7400A1B32C /* Shared */ = {
			isa = PBXGroup;
			children = (
				78469A5B1DE3958100A40D53 /* AppDelegate.swift */,
				783008991DE3B0B500B070D4 /* MeasurementHelper.swift */,
				783008A21DE3B9A000B070D4 /* Extensions.swift */,
				783008A31DE3B9A000B070D4 /* Constants.swift */,
				78469A621DE3958100A40D53 /* Assets.xcassets */,
				78469A641DE3958100A40D53 /* LaunchScreen.storyboard */,
				78469A671DE3958100A40D53 /* Info.plist */,
				78337D8C1DE3AC6600A1B32C /* GoogleService-Info.plist */,
			);
			name = Shared;
			sourceTree = "<group>";
		};
		78337D8F1DE3AC9300A1B32C /* Sato */ = {
			isa = PBXGroup;
			children = (
				E35AC4851DE4D02D00FCB0D0 /* ViewControllers */,
				E3ECAFDC1DE3DAA200F221AE /* Models */,
				E3EC80B21DE6A27C00504796 /* Views */,
				E35AC4841DE4D01C00FCB0D0 /* Storyboards */,
			);
			name = Sato;
			sourceTree = "<group>";
		};
		78337D901DE3ACA700A1B32C /* JJ */ = {
			isa = PBXGroup;
			children = (
				78CDA0A01DE5311F00ABC5E1 /* Examples */,
				783008AC1DE3B9CF00B070D4 /* Views */,
				783008AB1DE3B9AF00B070D4 /* Models */,
				786727DA1DE3ADDC0059AEC7 /* ViewControllers */,
				786727DB1DE3ADE90059AEC7 /* Storyboards */,
			);
			name = JJ;
			sourceTree = "<group>";
		};
		78469A4F1DE3958000A40D53 = {
			isa = PBXGroup;
			children = (
				78469A5A1DE3958000A40D53 /* BMe */,
				78469A6F1DE3958100A40D53 /* BMeTests */,
				78469A7A1DE3958100A40D53 /* BMeUITests */,
				78469A591DE3958000A40D53 /* Products */,
				FC4986E74E30DCE926CC8007 /* Pods */,
				73CBDC81D6C6910129B5EE25 /* Frameworks */,
			);
			sourceTree = "<group>";
		};
		78469A591DE3958000A40D53 /* Products */ = {
			isa = PBXGroup;
			children = (
				78469A581DE3958000A40D53 /* BMe.app */,
				78469A6C1DE3958100A40D53 /* BMeTests.xctest */,
				78469A771DE3958100A40D53 /* BMeUITests.xctest */,
			);
			name = Products;
			sourceTree = "<group>";
		};
		78469A5A1DE3958000A40D53 /* BMe */ = {
			isa = PBXGroup;
			children = (
				78337D8E1DE3AC7400A1B32C /* Shared */,
				78337D8F1DE3AC9300A1B32C /* Sato */,
				78337D901DE3ACA700A1B32C /* JJ */,
			);
			path = BMe;
			sourceTree = "<group>";
		};
		78469A6F1DE3958100A40D53 /* BMeTests */ = {
			isa = PBXGroup;
			children = (
				78469A701DE3958100A40D53 /* BMeTests.swift */,
				78469A721DE3958100A40D53 /* Info.plist */,
			);
			path = BMeTests;
			sourceTree = "<group>";
		};
		78469A7A1DE3958100A40D53 /* BMeUITests */ = {
			isa = PBXGroup;
			children = (
				78469A7B1DE3958100A40D53 /* BMeUITests.swift */,
				78469A7D1DE3958100A40D53 /* Info.plist */,
			);
			path = BMeUITests;
			sourceTree = "<group>";
		};
		786727DA1DE3ADDC0059AEC7 /* ViewControllers */ = {
			isa = PBXGroup;
			children = (
				78469A5D1DE3958100A40D53 /* LoginViewController.swift */,
				7830089E1DE3B9A000B070D4 /* VideoCompositionViewController.swift */,
				783008A01DE3B9A000B070D4 /* VideoComposerViewController.swift */,
			);
			name = ViewControllers;
			sourceTree = "<group>";
		};
		786727DB1DE3ADE90059AEC7 /* Storyboards */ = {
			isa = PBXGroup;
			children = (
				78469A5F1DE3958100A40D53 /* Main.storyboard */,
				783008A11DE3B9A000B070D4 /* VideoComposition.storyboard */,
			);
			name = Storyboards;
			sourceTree = "<group>";
		};
		78CDA0A01DE5311F00ABC5E1 /* Examples */ = {
			isa = PBXGroup;
			children = (
				78CDA09A1DE5307200ABC5E1 /* ExampleFIRTVC.storyboard */,
				78CDA09B1DE5307200ABC5E1 /* ExampleFIRTVC.swift */,
			);
			name = Examples;
			sourceTree = "<group>";
		};
		E35AC4841DE4D01C00FCB0D0 /* Storyboards */ = {
			isa = PBXGroup;
			children = (
				E35AC4861DE4D0F500FCB0D0 /* Sato.storyboard */,
			);
			name = Storyboards;
			sourceTree = "<group>";
		};
		E35AC4851DE4D02D00FCB0D0 /* ViewControllers */ = {
			isa = PBXGroup;
			children = (
				E35AC4821DE4D00400FCB0D0 /* TabBarViewController.swift */,
				E35AC4881DE4D75C00FCB0D0 /* BrowseViewController.swift */,
				E3EC80BB1DE6A6C700504796 /* Helpers.swift */,
				E35AC48E1DE4D90900FCB0D0 /* Dummy VCs */,
			);
			name = ViewControllers;
			sourceTree = "<group>";
		};
		E35AC48E1DE4D90900FCB0D0 /* Dummy VCs */ = {
			isa = PBXGroup;
			children = (
				E35AC48A1DE4D76A00FCB0D0 /* CreateViewController.swift */,
				E35AC48C1DE4D77200FCB0D0 /* AccountViewController.swift */,
			);
			name = "Dummy VCs";
			sourceTree = "<group>";
		};
		E3EC80B21DE6A27C00504796 /* Views */ = {
			isa = PBXGroup;
			children = (
				E3EC80B31DE6A2AC00504796 /* VideoTableViewCell.swift */,
				E3EC80B41DE6A2AC00504796 /* VideoTableViewCell.xib */,
				E3EC80B71DE6A3E600504796 /* VideoCollectionViewCell.swift */,
				E3EC80B81DE6A3E600504796 /* VideoCollectionViewCell.xib */,
			);
			name = Views;
			sourceTree = "<group>";
		};
		E3ECAFDC1DE3DAA200F221AE /* Models */ = {
			isa = PBXGroup;
			children = (
				E3ECAFD81DE3CCB500F221AE /* Video.swift */,
			);
			name = Models;
			sourceTree = "<group>";
		};
		FC4986E74E30DCE926CC8007 /* Pods */ = {
			isa = PBXGroup;
			children = (
				EF9B8E045282684264E31D83 /* Pods-BMe.debug.xcconfig */,
				1B3943A2C1F5F5DBD966A650 /* Pods-BMe.release.xcconfig */,
				86BFB4E3203608C3B4F447D0 /* Pods-BMeTests.debug.xcconfig */,
				500EAC6FA5C71681BCC723C6 /* Pods-BMeTests.release.xcconfig */,
				3B904E80464934303F529DA3 /* Pods-BMeUITests.debug.xcconfig */,
				E7764343275603CBAE9394EC /* Pods-BMeUITests.release.xcconfig */,
			);
			name = Pods;
			sourceTree = "<group>";
		};
/* End PBXGroup section */

/* Begin PBXNativeTarget section */
		78469A571DE3958000A40D53 /* BMe */ = {
			isa = PBXNativeTarget;
			buildConfigurationList = 78469A801DE3958100A40D53 /* Build configuration list for PBXNativeTarget "BMe" */;
			buildPhases = (
				469FB16CF6C718A61191D015 /* [CP] Check Pods Manifest.lock */,
				78469A541DE3958000A40D53 /* Sources */,
				78469A551DE3958000A40D53 /* Frameworks */,
				78469A561DE3958000A40D53 /* Resources */,
				67A283BB3A93B67DF674574E /* [CP] Embed Pods Frameworks */,
				7A614A8257A7CAA3AED21130 /* [CP] Copy Pods Resources */,
				E3ECAFE01DE3F00600F221AE /* CopyFiles */,
			);
			buildRules = (
			);
			dependencies = (
			);
			name = BMe;
			productName = BMe;
			productReference = 78469A581DE3958000A40D53 /* BMe.app */;
			productType = "com.apple.product-type.application";
		};
		78469A6B1DE3958100A40D53 /* BMeTests */ = {
			isa = PBXNativeTarget;
			buildConfigurationList = 78469A831DE3958100A40D53 /* Build configuration list for PBXNativeTarget "BMeTests" */;
			buildPhases = (
				FA7E043FD35DCCFE64F868DF /* [CP] Check Pods Manifest.lock */,
				78469A681DE3958100A40D53 /* Sources */,
				78469A691DE3958100A40D53 /* Frameworks */,
				78469A6A1DE3958100A40D53 /* Resources */,
				4C2F2B149A2AE52F1ACC2A85 /* [CP] Embed Pods Frameworks */,
				8608444E320C8F4922A7033F /* [CP] Copy Pods Resources */,
			);
			buildRules = (
			);
			dependencies = (
				78469A6E1DE3958100A40D53 /* PBXTargetDependency */,
			);
			name = BMeTests;
			productName = BMeTests;
			productReference = 78469A6C1DE3958100A40D53 /* BMeTests.xctest */;
			productType = "com.apple.product-type.bundle.unit-test";
		};
		78469A761DE3958100A40D53 /* BMeUITests */ = {
			isa = PBXNativeTarget;
			buildConfigurationList = 78469A861DE3958100A40D53 /* Build configuration list for PBXNativeTarget "BMeUITests" */;
			buildPhases = (
				CBCF26D876FB29CF3CC9D196 /* [CP] Check Pods Manifest.lock */,
				78469A731DE3958100A40D53 /* Sources */,
				78469A741DE3958100A40D53 /* Frameworks */,
				78469A751DE3958100A40D53 /* Resources */,
				7D6718DE31D8FA209A2C2953 /* [CP] Copy Pods Resources */,
			);
			buildRules = (
			);
			dependencies = (
				78469A791DE3958100A40D53 /* PBXTargetDependency */,
			);
			name = BMeUITests;
			productName = BMeUITests;
			productReference = 78469A771DE3958100A40D53 /* BMeUITests.xctest */;
			productType = "com.apple.product-type.bundle.ui-testing";
		};
/* End PBXNativeTarget section */

/* Begin PBXProject section */
		78469A501DE3958000A40D53 /* Project object */ = {
			isa = PBXProject;
			attributes = {
				LastSwiftUpdateCheck = 0800;
				LastUpgradeCheck = 0810;
				ORGANIZATIONNAME = "Jonathan Cheng";
				TargetAttributes = {
					78469A571DE3958000A40D53 = {
						CreatedOnToolsVersion = 8.0;
						DevelopmentTeam = Y4GA6H5JHE;
						ProvisioningStyle = Automatic;
					};
					78469A6B1DE3958100A40D53 = {
						CreatedOnToolsVersion = 8.0;
						DevelopmentTeam = Y4GA6H5JHE;
						ProvisioningStyle = Automatic;
						TestTargetID = 78469A571DE3958000A40D53;
					};
					78469A761DE3958100A40D53 = {
						CreatedOnToolsVersion = 8.0;
						DevelopmentTeam = Y4GA6H5JHE;
						ProvisioningStyle = Automatic;
						TestTargetID = 78469A571DE3958000A40D53;
					};
				};
			};
			buildConfigurationList = 78469A531DE3958000A40D53 /* Build configuration list for PBXProject "BMe" */;
			compatibilityVersion = "Xcode 3.2";
			developmentRegion = English;
			hasScannedForEncodings = 0;
			knownRegions = (
				en,
				Base,
			);
			mainGroup = 78469A4F1DE3958000A40D53;
			productRefGroup = 78469A591DE3958000A40D53 /* Products */;
			projectDirPath = "";
			projectRoot = "";
			targets = (
				78469A571DE3958000A40D53 /* BMe */,
				78469A6B1DE3958100A40D53 /* BMeTests */,
				78469A761DE3958100A40D53 /* BMeUITests */,
			);
		};
/* End PBXProject section */

/* Begin PBXResourcesBuildPhase section */
		78469A561DE3958000A40D53 /* Resources */ = {
			isa = PBXResourcesBuildPhase;
			buildActionMask = 2147483647;
			files = (
				78CDA09C1DE5307200ABC5E1 /* ExampleFIRTVC.storyboard in Resources */,
				E3EC80B61DE6A2AC00504796 /* VideoTableViewCell.xib in Resources */,
				78469A661DE3958100A40D53 /* LaunchScreen.storyboard in Resources */,
				78337D8D1DE3AC6600A1B32C /* GoogleService-Info.plist in Resources */,
				E35AC4871DE4D0F500FCB0D0 /* Sato.storyboard in Resources */,
				78469A631DE3958100A40D53 /* Assets.xcassets in Resources */,
				E3EC80BA1DE6A3E600504796 /* VideoCollectionViewCell.xib in Resources */,
				78469A611DE3958100A40D53 /* Main.storyboard in Resources */,
				783008A81DE3B9A000B070D4 /* VideoComposition.storyboard in Resources */,
			);
			runOnlyForDeploymentPostprocessing = 0;
		};
		78469A6A1DE3958100A40D53 /* Resources */ = {
			isa = PBXResourcesBuildPhase;
			buildActionMask = 2147483647;
			files = (
			);
			runOnlyForDeploymentPostprocessing = 0;
		};
		78469A751DE3958100A40D53 /* Resources */ = {
			isa = PBXResourcesBuildPhase;
			buildActionMask = 2147483647;
			files = (
			);
			runOnlyForDeploymentPostprocessing = 0;
		};
/* End PBXResourcesBuildPhase section */

/* Begin PBXShellScriptBuildPhase section */
		469FB16CF6C718A61191D015 /* [CP] Check Pods Manifest.lock */ = {
			isa = PBXShellScriptBuildPhase;
			buildActionMask = 2147483647;
			files = (
			);
			inputPaths = (
			);
			name = "[CP] Check Pods Manifest.lock";
			outputPaths = (
			);
			runOnlyForDeploymentPostprocessing = 0;
			shellPath = /bin/sh;
			shellScript = "diff \"${PODS_ROOT}/../Podfile.lock\" \"${PODS_ROOT}/Manifest.lock\" > /dev/null\nif [[ $? != 0 ]] ; then\n    cat << EOM\nerror: The sandbox is not in sync with the Podfile.lock. Run 'pod install' or update your CocoaPods installation.\nEOM\n    exit 1\nfi\n";
			showEnvVarsInLog = 0;
		};
		4C2F2B149A2AE52F1ACC2A85 /* [CP] Embed Pods Frameworks */ = {
			isa = PBXShellScriptBuildPhase;
			buildActionMask = 2147483647;
			files = (
			);
			inputPaths = (
			);
			name = "[CP] Embed Pods Frameworks";
			outputPaths = (
			);
			runOnlyForDeploymentPostprocessing = 0;
			shellPath = /bin/sh;
			shellScript = "\"${SRCROOT}/Pods/Target Support Files/Pods-BMeTests/Pods-BMeTests-frameworks.sh\"\n";
			showEnvVarsInLog = 0;
		};
		67A283BB3A93B67DF674574E /* [CP] Embed Pods Frameworks */ = {
			isa = PBXShellScriptBuildPhase;
			buildActionMask = 2147483647;
			files = (
			);
			inputPaths = (
			);
			name = "[CP] Embed Pods Frameworks";
			outputPaths = (
			);
			runOnlyForDeploymentPostprocessing = 0;
			shellPath = /bin/sh;
			shellScript = "\"${SRCROOT}/Pods/Target Support Files/Pods-BMe/Pods-BMe-frameworks.sh\"\n";
			showEnvVarsInLog = 0;
		};
		7A614A8257A7CAA3AED21130 /* [CP] Copy Pods Resources */ = {
			isa = PBXShellScriptBuildPhase;
			buildActionMask = 2147483647;
			files = (
			);
			inputPaths = (
			);
			name = "[CP] Copy Pods Resources";
			outputPaths = (
			);
			runOnlyForDeploymentPostprocessing = 0;
			shellPath = /bin/sh;
			shellScript = "\"${SRCROOT}/Pods/Target Support Files/Pods-BMe/Pods-BMe-resources.sh\"\n";
			showEnvVarsInLog = 0;
		};
		7D6718DE31D8FA209A2C2953 /* [CP] Copy Pods Resources */ = {
			isa = PBXShellScriptBuildPhase;
			buildActionMask = 2147483647;
			files = (
			);
			inputPaths = (
			);
			name = "[CP] Copy Pods Resources";
			outputPaths = (
			);
			runOnlyForDeploymentPostprocessing = 0;
			shellPath = /bin/sh;
			shellScript = "\"${SRCROOT}/Pods/Target Support Files/Pods-BMeUITests/Pods-BMeUITests-resources.sh\"\n";
			showEnvVarsInLog = 0;
		};
		8608444E320C8F4922A7033F /* [CP] Copy Pods Resources */ = {
			isa = PBXShellScriptBuildPhase;
			buildActionMask = 2147483647;
			files = (
			);
			inputPaths = (
			);
			name = "[CP] Copy Pods Resources";
			outputPaths = (
			);
			runOnlyForDeploymentPostprocessing = 0;
			shellPath = /bin/sh;
			shellScript = "\"${SRCROOT}/Pods/Target Support Files/Pods-BMeTests/Pods-BMeTests-resources.sh\"\n";
			showEnvVarsInLog = 0;
		};
		CBCF26D876FB29CF3CC9D196 /* [CP] Check Pods Manifest.lock */ = {
			isa = PBXShellScriptBuildPhase;
			buildActionMask = 2147483647;
			files = (
			);
			inputPaths = (
			);
			name = "[CP] Check Pods Manifest.lock";
			outputPaths = (
			);
			runOnlyForDeploymentPostprocessing = 0;
			shellPath = /bin/sh;
			shellScript = "diff \"${PODS_ROOT}/../Podfile.lock\" \"${PODS_ROOT}/Manifest.lock\" > /dev/null\nif [[ $? != 0 ]] ; then\n    cat << EOM\nerror: The sandbox is not in sync with the Podfile.lock. Run 'pod install' or update your CocoaPods installation.\nEOM\n    exit 1\nfi\n";
			showEnvVarsInLog = 0;
		};
		FA7E043FD35DCCFE64F868DF /* [CP] Check Pods Manifest.lock */ = {
			isa = PBXShellScriptBuildPhase;
			buildActionMask = 2147483647;
			files = (
			);
			inputPaths = (
			);
			name = "[CP] Check Pods Manifest.lock";
			outputPaths = (
			);
			runOnlyForDeploymentPostprocessing = 0;
			shellPath = /bin/sh;
			shellScript = "diff \"${PODS_ROOT}/../Podfile.lock\" \"${PODS_ROOT}/Manifest.lock\" > /dev/null\nif [[ $? != 0 ]] ; then\n    cat << EOM\nerror: The sandbox is not in sync with the Podfile.lock. Run 'pod install' or update your CocoaPods installation.\nEOM\n    exit 1\nfi\n";
			showEnvVarsInLog = 0;
		};
/* End PBXShellScriptBuildPhase section */

/* Begin PBXSourcesBuildPhase section */
		78469A541DE3958000A40D53 /* Sources */ = {
			isa = PBXSourcesBuildPhase;
			buildActionMask = 2147483647;
			files = (
				783008A41DE3B9A000B070D4 /* VideoComposition.swift in Sources */,
				E35AC48D1DE4D77200FCB0D0 /* AccountViewController.swift in Sources */,
				783008A91DE3B9A000B070D4 /* Extensions.swift in Sources */,
				E3EC80BC1DE6A6C700504796 /* Helpers.swift in Sources */,
				78469A5E1DE3958100A40D53 /* LoginViewController.swift in Sources */,
				78469A5C1DE3958100A40D53 /* AppDelegate.swift in Sources */,
				E35AC48B1DE4D76A00FCB0D0 /* CreateViewController.swift in Sources */,
				78CDA09F1DE5307C00ABC5E1 /* FIRManager.swift in Sources */,
				E3EC80B91DE6A3E600504796 /* VideoCollectionViewCell.swift in Sources */,
				783008A61DE3B9A000B070D4 /* VideoCompositionCollectionViewCell.swift in Sources */,
				E35AC4891DE4D75C00FCB0D0 /* BrowseViewController.swift in Sources */,
				78CDA09D1DE5307200ABC5E1 /* ExampleFIRTVC.swift in Sources */,
				783008AA1DE3B9A000B070D4 /* Constants.swift in Sources */,
				7830089A1DE3B0B500B070D4 /* MeasurementHelper.swift in Sources */,
				E3ECAFD91DE3CCB500F221AE /* Video.swift in Sources */,
				7830089C1DE3B2B100B070D4 /* AppState.swift in Sources */,
				E35AC4831DE4D00400FCB0D0 /* TabBarViewController.swift in Sources */,
				783008A71DE3B9A000B070D4 /* VideoComposerViewController.swift in Sources */,
				783008A51DE3B9A000B070D4 /* VideoCompositionViewController.swift in Sources */,
				E3EC80B51DE6A2AC00504796 /* VideoTableViewCell.swift in Sources */,
			);
			runOnlyForDeploymentPostprocessing = 0;
		};
		78469A681DE3958100A40D53 /* Sources */ = {
			isa = PBXSourcesBuildPhase;
			buildActionMask = 2147483647;
			files = (
				78469A711DE3958100A40D53 /* BMeTests.swift in Sources */,
			);
			runOnlyForDeploymentPostprocessing = 0;
		};
		78469A731DE3958100A40D53 /* Sources */ = {
			isa = PBXSourcesBuildPhase;
			buildActionMask = 2147483647;
			files = (
				78469A7C1DE3958100A40D53 /* BMeUITests.swift in Sources */,
			);
			runOnlyForDeploymentPostprocessing = 0;
		};
/* End PBXSourcesBuildPhase section */

/* Begin PBXTargetDependency section */
		78469A6E1DE3958100A40D53 /* PBXTargetDependency */ = {
			isa = PBXTargetDependency;
			target = 78469A571DE3958000A40D53 /* BMe */;
			targetProxy = 78469A6D1DE3958100A40D53 /* PBXContainerItemProxy */;
		};
		78469A791DE3958100A40D53 /* PBXTargetDependency */ = {
			isa = PBXTargetDependency;
			target = 78469A571DE3958000A40D53 /* BMe */;
			targetProxy = 78469A781DE3958100A40D53 /* PBXContainerItemProxy */;
		};
/* End PBXTargetDependency section */

/* Begin PBXVariantGroup section */
		78469A5F1DE3958100A40D53 /* Main.storyboard */ = {
			isa = PBXVariantGroup;
			children = (
				78469A601DE3958100A40D53 /* Base */,
			);
			name = Main.storyboard;
			sourceTree = "<group>";
		};
		78469A641DE3958100A40D53 /* LaunchScreen.storyboard */ = {
			isa = PBXVariantGroup;
			children = (
				78469A651DE3958100A40D53 /* Base */,
			);
			name = LaunchScreen.storyboard;
			sourceTree = "<group>";
		};
/* End PBXVariantGroup section */

/* Begin XCBuildConfiguration section */
		78469A7E1DE3958100A40D53 /* Debug */ = {
			isa = XCBuildConfiguration;
			buildSettings = {
				ALWAYS_SEARCH_USER_PATHS = NO;
				CLANG_ANALYZER_NONNULL = YES;
				CLANG_CXX_LANGUAGE_STANDARD = "gnu++0x";
				CLANG_CXX_LIBRARY = "libc++";
				CLANG_ENABLE_MODULES = YES;
				CLANG_ENABLE_OBJC_ARC = YES;
				CLANG_WARN_BOOL_CONVERSION = YES;
				CLANG_WARN_CONSTANT_CONVERSION = YES;
				CLANG_WARN_DIRECT_OBJC_ISA_USAGE = YES_ERROR;
				CLANG_WARN_DOCUMENTATION_COMMENTS = YES;
				CLANG_WARN_EMPTY_BODY = YES;
				CLANG_WARN_ENUM_CONVERSION = YES;
				CLANG_WARN_INFINITE_RECURSION = YES;
				CLANG_WARN_INT_CONVERSION = YES;
				CLANG_WARN_OBJC_ROOT_CLASS = YES_ERROR;
				CLANG_WARN_SUSPICIOUS_MOVE = YES;
				CLANG_WARN_SUSPICIOUS_MOVES = YES;
				CLANG_WARN_UNREACHABLE_CODE = YES;
				CLANG_WARN__DUPLICATE_METHOD_MATCH = YES;
				"CODE_SIGN_IDENTITY[sdk=iphoneos*]" = "iPhone Developer";
				COPY_PHASE_STRIP = NO;
				DEBUG_INFORMATION_FORMAT = dwarf;
				ENABLE_STRICT_OBJC_MSGSEND = YES;
				ENABLE_TESTABILITY = YES;
				GCC_C_LANGUAGE_STANDARD = gnu99;
				GCC_DYNAMIC_NO_PIC = NO;
				GCC_NO_COMMON_BLOCKS = YES;
				GCC_OPTIMIZATION_LEVEL = 0;
				GCC_PREPROCESSOR_DEFINITIONS = (
					"DEBUG=1",
					"$(inherited)",
				);
				GCC_WARN_64_TO_32_BIT_CONVERSION = YES;
				GCC_WARN_ABOUT_RETURN_TYPE = YES_ERROR;
				GCC_WARN_UNDECLARED_SELECTOR = YES;
				GCC_WARN_UNINITIALIZED_AUTOS = YES_AGGRESSIVE;
				GCC_WARN_UNUSED_FUNCTION = YES;
				GCC_WARN_UNUSED_VARIABLE = YES;
				IPHONEOS_DEPLOYMENT_TARGET = 10.0;
				MTL_ENABLE_DEBUG_INFO = YES;
				ONLY_ACTIVE_ARCH = YES;
				SDKROOT = iphoneos;
				SWIFT_ACTIVE_COMPILATION_CONDITIONS = DEBUG;
				SWIFT_OPTIMIZATION_LEVEL = "-Onone";
			};
			name = Debug;
		};
		78469A7F1DE3958100A40D53 /* Release */ = {
			isa = XCBuildConfiguration;
			buildSettings = {
				ALWAYS_SEARCH_USER_PATHS = NO;
				CLANG_ANALYZER_NONNULL = YES;
				CLANG_CXX_LANGUAGE_STANDARD = "gnu++0x";
				CLANG_CXX_LIBRARY = "libc++";
				CLANG_ENABLE_MODULES = YES;
				CLANG_ENABLE_OBJC_ARC = YES;
				CLANG_WARN_BOOL_CONVERSION = YES;
				CLANG_WARN_CONSTANT_CONVERSION = YES;
				CLANG_WARN_DIRECT_OBJC_ISA_USAGE = YES_ERROR;
				CLANG_WARN_DOCUMENTATION_COMMENTS = YES;
				CLANG_WARN_EMPTY_BODY = YES;
				CLANG_WARN_ENUM_CONVERSION = YES;
				CLANG_WARN_INFINITE_RECURSION = YES;
				CLANG_WARN_INT_CONVERSION = YES;
				CLANG_WARN_OBJC_ROOT_CLASS = YES_ERROR;
				CLANG_WARN_SUSPICIOUS_MOVE = YES;
				CLANG_WARN_SUSPICIOUS_MOVES = YES;
				CLANG_WARN_UNREACHABLE_CODE = YES;
				CLANG_WARN__DUPLICATE_METHOD_MATCH = YES;
				"CODE_SIGN_IDENTITY[sdk=iphoneos*]" = "iPhone Developer";
				COPY_PHASE_STRIP = NO;
				DEBUG_INFORMATION_FORMAT = "dwarf-with-dsym";
				ENABLE_NS_ASSERTIONS = NO;
				ENABLE_STRICT_OBJC_MSGSEND = YES;
				GCC_C_LANGUAGE_STANDARD = gnu99;
				GCC_NO_COMMON_BLOCKS = YES;
				GCC_WARN_64_TO_32_BIT_CONVERSION = YES;
				GCC_WARN_ABOUT_RETURN_TYPE = YES_ERROR;
				GCC_WARN_UNDECLARED_SELECTOR = YES;
				GCC_WARN_UNINITIALIZED_AUTOS = YES_AGGRESSIVE;
				GCC_WARN_UNUSED_FUNCTION = YES;
				GCC_WARN_UNUSED_VARIABLE = YES;
				IPHONEOS_DEPLOYMENT_TARGET = 10.0;
				MTL_ENABLE_DEBUG_INFO = NO;
				SDKROOT = iphoneos;
				SWIFT_OPTIMIZATION_LEVEL = "-Owholemodule";
				VALIDATE_PRODUCT = YES;
			};
			name = Release;
		};
		78469A811DE3958100A40D53 /* Debug */ = {
			isa = XCBuildConfiguration;
			baseConfigurationReference = EF9B8E045282684264E31D83 /* Pods-BMe.debug.xcconfig */;
			buildSettings = {
				ASSETCATALOG_COMPILER_APPICON_NAME = AppIcon;
				DEVELOPMENT_TEAM = Y4GA6H5JHE;
				INFOPLIST_FILE = BMe/Info.plist;
				LD_RUNPATH_SEARCH_PATHS = "$(inherited) @executable_path/Frameworks";
				PRODUCT_BUNDLE_IDENTIFIER = com.op.BMe;
				PRODUCT_NAME = "$(TARGET_NAME)";
				SWIFT_VERSION = 3.0;
			};
			name = Debug;
		};
		78469A821DE3958100A40D53 /* Release */ = {
			isa = XCBuildConfiguration;
			baseConfigurationReference = 1B3943A2C1F5F5DBD966A650 /* Pods-BMe.release.xcconfig */;
			buildSettings = {
				ASSETCATALOG_COMPILER_APPICON_NAME = AppIcon;
				DEVELOPMENT_TEAM = Y4GA6H5JHE;
				INFOPLIST_FILE = BMe/Info.plist;
				LD_RUNPATH_SEARCH_PATHS = "$(inherited) @executable_path/Frameworks";
				PRODUCT_BUNDLE_IDENTIFIER = com.op.BMe;
				PRODUCT_NAME = "$(TARGET_NAME)";
				SWIFT_VERSION = 3.0;
			};
			name = Release;
		};
		78469A841DE3958100A40D53 /* Debug */ = {
			isa = XCBuildConfiguration;
			baseConfigurationReference = 86BFB4E3203608C3B4F447D0 /* Pods-BMeTests.debug.xcconfig */;
			buildSettings = {
				ALWAYS_EMBED_SWIFT_STANDARD_LIBRARIES = YES;
				BUNDLE_LOADER = "$(TEST_HOST)";
				DEVELOPMENT_TEAM = Y4GA6H5JHE;
				INFOPLIST_FILE = BMeTests/Info.plist;
				LD_RUNPATH_SEARCH_PATHS = "$(inherited) @executable_path/Frameworks @loader_path/Frameworks";
				PRODUCT_BUNDLE_IDENTIFIER = com.op.BMeTests;
				PRODUCT_NAME = "$(TARGET_NAME)";
				SWIFT_VERSION = 3.0;
				TEST_HOST = "$(BUILT_PRODUCTS_DIR)/BMe.app/BMe";
			};
			name = Debug;
		};
		78469A851DE3958100A40D53 /* Release */ = {
			isa = XCBuildConfiguration;
			baseConfigurationReference = 500EAC6FA5C71681BCC723C6 /* Pods-BMeTests.release.xcconfig */;
			buildSettings = {
				ALWAYS_EMBED_SWIFT_STANDARD_LIBRARIES = YES;
				BUNDLE_LOADER = "$(TEST_HOST)";
				DEVELOPMENT_TEAM = Y4GA6H5JHE;
				INFOPLIST_FILE = BMeTests/Info.plist;
				LD_RUNPATH_SEARCH_PATHS = "$(inherited) @executable_path/Frameworks @loader_path/Frameworks";
				PRODUCT_BUNDLE_IDENTIFIER = com.op.BMeTests;
				PRODUCT_NAME = "$(TARGET_NAME)";
				SWIFT_VERSION = 3.0;
				TEST_HOST = "$(BUILT_PRODUCTS_DIR)/BMe.app/BMe";
			};
			name = Release;
		};
		78469A871DE3958100A40D53 /* Debug */ = {
			isa = XCBuildConfiguration;
			baseConfigurationReference = 3B904E80464934303F529DA3 /* Pods-BMeUITests.debug.xcconfig */;
			buildSettings = {
				ALWAYS_EMBED_SWIFT_STANDARD_LIBRARIES = YES;
				DEVELOPMENT_TEAM = Y4GA6H5JHE;
				INFOPLIST_FILE = BMeUITests/Info.plist;
				LD_RUNPATH_SEARCH_PATHS = "$(inherited) @executable_path/Frameworks @loader_path/Frameworks";
				PRODUCT_BUNDLE_IDENTIFIER = com.op.BMeUITests;
				PRODUCT_NAME = "$(TARGET_NAME)";
				SWIFT_VERSION = 3.0;
				TEST_TARGET_NAME = BMe;
			};
			name = Debug;
		};
		78469A881DE3958100A40D53 /* Release */ = {
			isa = XCBuildConfiguration;
			baseConfigurationReference = E7764343275603CBAE9394EC /* Pods-BMeUITests.release.xcconfig */;
			buildSettings = {
				ALWAYS_EMBED_SWIFT_STANDARD_LIBRARIES = YES;
				DEVELOPMENT_TEAM = Y4GA6H5JHE;
				INFOPLIST_FILE = BMeUITests/Info.plist;
				LD_RUNPATH_SEARCH_PATHS = "$(inherited) @executable_path/Frameworks @loader_path/Frameworks";
				PRODUCT_BUNDLE_IDENTIFIER = com.op.BMeUITests;
				PRODUCT_NAME = "$(TARGET_NAME)";
				SWIFT_VERSION = 3.0;
				TEST_TARGET_NAME = BMe;
			};
			name = Release;
		};
/* End XCBuildConfiguration section */

/* Begin XCConfigurationList section */
		78469A531DE3958000A40D53 /* Build configuration list for PBXProject "BMe" */ = {
			isa = XCConfigurationList;
			buildConfigurations = (
				78469A7E1DE3958100A40D53 /* Debug */,
				78469A7F1DE3958100A40D53 /* Release */,
			);
			defaultConfigurationIsVisible = 0;
			defaultConfigurationName = Release;
		};
		78469A801DE3958100A40D53 /* Build configuration list for PBXNativeTarget "BMe" */ = {
			isa = XCConfigurationList;
			buildConfigurations = (
				78469A811DE3958100A40D53 /* Debug */,
				78469A821DE3958100A40D53 /* Release */,
			);
			defaultConfigurationIsVisible = 0;
			defaultConfigurationName = Release;
		};
		78469A831DE3958100A40D53 /* Build configuration list for PBXNativeTarget "BMeTests" */ = {
			isa = XCConfigurationList;
			buildConfigurations = (
				78469A841DE3958100A40D53 /* Debug */,
				78469A851DE3958100A40D53 /* Release */,
			);
			defaultConfigurationIsVisible = 0;
			defaultConfigurationName = Release;
		};
		78469A861DE3958100A40D53 /* Build configuration list for PBXNativeTarget "BMeUITests" */ = {
			isa = XCConfigurationList;
			buildConfigurations = (
				78469A871DE3958100A40D53 /* Debug */,
				78469A881DE3958100A40D53 /* Release */,
			);
			defaultConfigurationIsVisible = 0;
			defaultConfigurationName = Release;
		};
/* End XCConfigurationList section */
	};
	rootObject = 78469A501DE3958000A40D53 /* Project object */;
}
