// !$*UTF8*$!
{
	archiveVersion = 1;
	classes = {
	};
	objectVersion = 46;
	objects = {

/* Begin PBXBuildFile section */
		254F915EC76BE78350CEE7B5 /* Pods_BMe.framework in Frameworks */ = {isa = PBXBuildFile; fileRef = 40191E5B9CEF388CFBDD07FC /* Pods_BMe.framework */; };
		6A9D8CE7FB89247C93EB3755 /* Pods_BMeTests.framework in Frameworks */ = {isa = PBXBuildFile; fileRef = 191E6E9B7B3527D1F818254D /* Pods_BMeTests.framework */; };
		781E713E1DF401A100041855 /* sound-wave.png in Resources */ = {isa = PBXBuildFile; fileRef = 781E713D1DF401A100041855 /* sound-wave.png */; };
		781E71401DF4036E00041855 /* sound-wave-yellow.png in Resources */ = {isa = PBXBuildFile; fileRef = 781E713F1DF4036E00041855 /* sound-wave-yellow.png */; };
		781E71431DF407F600041855 /* location-yellow.png in Resources */ = {isa = PBXBuildFile; fileRef = 781E71411DF407F600041855 /* location-yellow.png */; };
		781E71441DF407F600041855 /* location.png in Resources */ = {isa = PBXBuildFile; fileRef = 781E71421DF407F600041855 /* location.png */; };
		781E71461DF4086700041855 /* LocationButton.swift in Sources */ = {isa = PBXBuildFile; fileRef = 781E71451DF4086700041855 /* LocationButton.swift */; };
		781E714C1DF486A900041855 /* Yelp.storyboard in Resources */ = {isa = PBXBuildFile; fileRef = 781E714B1DF486A900041855 /* Yelp.storyboard */; };
		781E71501DF4E52A00041855 /* YelpViewController.swift in Sources */ = {isa = PBXBuildFile; fileRef = 781E714F1DF4E52A00041855 /* YelpViewController.swift */; };
		781E71521DF4EEE000041855 /* Post.swift in Sources */ = {isa = PBXBuildFile; fileRef = 781E71511DF4EEE000041855 /* Post.swift */; };
		7821C3BA1DEF10F60023B95E /* TimeLapseBuilder.swift in Sources */ = {isa = PBXBuildFile; fileRef = 7821C3B91DEF10F60023B95E /* TimeLapseBuilder.swift */; };
		7821C3BE1DEF7FFF0023B95E /* Image.swift in Sources */ = {isa = PBXBuildFile; fileRef = 7821C3BD1DEF7FFF0023B95E /* Image.swift */; };
		7821C3C21DEF939A0023B95E /* Camera.storyboard in Resources */ = {isa = PBXBuildFile; fileRef = 7821C3C11DEF939A0023B95E /* Camera.storyboard */; };
		7821C3C41DEF94350023B95E /* CameraViewController.swift in Sources */ = {isa = PBXBuildFile; fileRef = 7821C3C31DEF94350023B95E /* CameraViewController.swift */; };
		7830089A1DE3B0B500B070D4 /* MeasurementHelper.swift in Sources */ = {isa = PBXBuildFile; fileRef = 783008991DE3B0B500B070D4 /* MeasurementHelper.swift */; };
		7830089C1DE3B2B100B070D4 /* AppState.swift in Sources */ = {isa = PBXBuildFile; fileRef = 7830089B1DE3B2B100B070D4 /* AppState.swift */; };
		783008A41DE3B9A000B070D4 /* VideoComposition.swift in Sources */ = {isa = PBXBuildFile; fileRef = 7830089D1DE3B9A000B070D4 /* VideoComposition.swift */; };
		783008A61DE3B9A000B070D4 /* MediaSelectorCollectionViewCell.swift in Sources */ = {isa = PBXBuildFile; fileRef = 7830089F1DE3B9A000B070D4 /* MediaSelectorCollectionViewCell.swift */; };
		783008A71DE3B9A000B070D4 /* MediaSelectorViewController.swift in Sources */ = {isa = PBXBuildFile; fileRef = 783008A01DE3B9A000B070D4 /* MediaSelectorViewController.swift */; };
		783008A81DE3B9A000B070D4 /* VideoComposer.storyboard in Resources */ = {isa = PBXBuildFile; fileRef = 783008A11DE3B9A000B070D4 /* VideoComposer.storyboard */; };
		783008A91DE3B9A000B070D4 /* Extensions.swift in Sources */ = {isa = PBXBuildFile; fileRef = 783008A21DE3B9A000B070D4 /* Extensions.swift */; };
		783008AA1DE3B9A000B070D4 /* Constants.swift in Sources */ = {isa = PBXBuildFile; fileRef = 783008A31DE3B9A000B070D4 /* Constants.swift */; };
		78337D8D1DE3AC6600A1B32C /* GoogleService-Info.plist in Resources */ = {isa = PBXBuildFile; fileRef = 78337D8C1DE3AC6600A1B32C /* GoogleService-Info.plist */; };
		78469A5C1DE3958100A40D53 /* AppDelegate.swift in Sources */ = {isa = PBXBuildFile; fileRef = 78469A5B1DE3958100A40D53 /* AppDelegate.swift */; };
		78469A5E1DE3958100A40D53 /* LoginViewController.swift in Sources */ = {isa = PBXBuildFile; fileRef = 78469A5D1DE3958100A40D53 /* LoginViewController.swift */; };
		78469A611DE3958100A40D53 /* Main.storyboard in Resources */ = {isa = PBXBuildFile; fileRef = 78469A5F1DE3958100A40D53 /* Main.storyboard */; };
		78469A631DE3958100A40D53 /* Assets.xcassets in Resources */ = {isa = PBXBuildFile; fileRef = 78469A621DE3958100A40D53 /* Assets.xcassets */; };
		78469A661DE3958100A40D53 /* LaunchScreen.storyboard in Resources */ = {isa = PBXBuildFile; fileRef = 78469A641DE3958100A40D53 /* LaunchScreen.storyboard */; };
		78469A711DE3958100A40D53 /* BMeTests.swift in Sources */ = {isa = PBXBuildFile; fileRef = 78469A701DE3958100A40D53 /* BMeTests.swift */; };
		78469A7C1DE3958100A40D53 /* BMeUITests.swift in Sources */ = {isa = PBXBuildFile; fileRef = 78469A7B1DE3958100A40D53 /* BMeUITests.swift */; };
		785E87C61DED445000C9FF59 /* Play image- white.png in Resources */ = {isa = PBXBuildFile; fileRef = 785E87C51DED445000C9FF59 /* Play image- white.png */; };
		785E87C81DED4C4F00C9FF59 /* VideoComposerViewController.swift in Sources */ = {isa = PBXBuildFile; fileRef = 785E87C71DED4C4F00C9FF59 /* VideoComposerViewController.swift */; };
		785E87CA1DED4E5800C9FF59 /* VideoComposerCollectionViewCell.swift in Sources */ = {isa = PBXBuildFile; fileRef = 785E87C91DED4E5800C9FF59 /* VideoComposerCollectionViewCell.swift */; };
		78B369BC1DE7E040001ADD53 /* CompositionTestViewController.swift in Sources */ = {isa = PBXBuildFile; fileRef = 78B369BA1DE7E040001ADD53 /* CompositionTestViewController.swift */; };
		78B369BD1DE7E040001ADD53 /* CompositionTest.storyboard in Resources */ = {isa = PBXBuildFile; fileRef = 78B369BB1DE7E040001ADD53 /* CompositionTest.storyboard */; };
		78B369BF1DE7F844001ADD53 /* TemplateListVC.swift in Sources */ = {isa = PBXBuildFile; fileRef = 78B369BE1DE7F844001ADD53 /* TemplateListVC.swift */; };
		78B369C11DE7F85F001ADD53 /* TemplateListVC.storyboard in Resources */ = {isa = PBXBuildFile; fileRef = 78B369C01DE7F85F001ADD53 /* TemplateListVC.storyboard */; };
		78C3503D1DF126A6005E8331 /* BrowserTableViewCell.swift in Sources */ = {isa = PBXBuildFile; fileRef = 78C3503C1DF126A6005E8331 /* BrowserTableViewCell.swift */; };
		78C3503F1DF12E17005E8331 /* blank user avatar.jpeg in Resources */ = {isa = PBXBuildFile; fileRef = 78C3503E1DF12E17005E8331 /* blank user avatar.jpeg */; };
		78C350431DF2251A005E8331 /* Browser.storyboard in Resources */ = {isa = PBXBuildFile; fileRef = 78C350421DF2251A005E8331 /* Browser.storyboard */; };
		78C350451DF2260A005E8331 /* Account.storyboard in Resources */ = {isa = PBXBuildFile; fileRef = 78C350441DF2260A005E8331 /* Account.storyboard */; };
		78C350471DF232AF005E8331 /* UserProfileViewController.swift in Sources */ = {isa = PBXBuildFile; fileRef = 78C350461DF232AF005E8331 /* UserProfileViewController.swift */; };
		78C350491DF28756005E8331 /* User.swift in Sources */ = {isa = PBXBuildFile; fileRef = 78C350481DF28756005E8331 /* User.swift */; };
		78CDA09C1DE5307200ABC5E1 /* VideosListVC.storyboard in Resources */ = {isa = PBXBuildFile; fileRef = 78CDA09A1DE5307200ABC5E1 /* VideosListVC.storyboard */; };
		78CDA09D1DE5307200ABC5E1 /* VideosListVC.swift in Sources */ = {isa = PBXBuildFile; fileRef = 78CDA09B1DE5307200ABC5E1 /* VideosListVC.swift */; };
		78CDA09F1DE5307C00ABC5E1 /* FIRManager.swift in Sources */ = {isa = PBXBuildFile; fileRef = 78CDA09E1DE5307C00ABC5E1 /* FIRManager.swift */; };
		E30894861DE8C95000145551 /* Helpers.swift in Sources */ = {isa = PBXBuildFile; fileRef = E30894851DE8C95000145551 /* Helpers.swift */; };
		E318C57C1DE98BFC00FCB6F9 /* test_video.mp4 in Resources */ = {isa = PBXBuildFile; fileRef = E318C57B1DE98A5400FCB6F9 /* test_video.mp4 */; };
		E35AC4831DE4D00400FCB0D0 /* TabBarViewController.swift in Sources */ = {isa = PBXBuildFile; fileRef = E35AC4821DE4D00400FCB0D0 /* TabBarViewController.swift */; };
		E35AC4871DE4D0F500FCB0D0 /* Sato.storyboard in Resources */ = {isa = PBXBuildFile; fileRef = E35AC4861DE4D0F500FCB0D0 /* Sato.storyboard */; };
		E35AC4891DE4D75C00FCB0D0 /* BrowseViewController.swift in Sources */ = {isa = PBXBuildFile; fileRef = E35AC4881DE4D75C00FCB0D0 /* BrowseViewController.swift */; };
		E35AC48B1DE4D76A00FCB0D0 /* CreateViewController.swift in Sources */ = {isa = PBXBuildFile; fileRef = E35AC48A1DE4D76A00FCB0D0 /* CreateViewController.swift */; };
		E35AC48D1DE4D77200FCB0D0 /* AccountViewController.swift in Sources */ = {isa = PBXBuildFile; fileRef = E35AC48C1DE4D77200FCB0D0 /* AccountViewController.swift */; };
		E38E32B81DF3B6FC00631AEC /* ShowImageViewController.swift in Sources */ = {isa = PBXBuildFile; fileRef = E38E32B71DF3B6FC00631AEC /* ShowImageViewController.swift */; };
		E3C357A21DEF451E00AC0832 /* YPManager.swift in Sources */ = {isa = PBXBuildFile; fileRef = E3C357A11DEF451E00AC0832 /* YPManager.swift */; };
		E3C357A41DEF484E00AC0832 /* Restaurant.swift in Sources */ = {isa = PBXBuildFile; fileRef = E3C357A31DEF484E00AC0832 /* Restaurant.swift */; };
		E3D1D55F1DF11D700021942A /* Styles.swift in Sources */ = {isa = PBXBuildFile; fileRef = E3D1D55E1DF11D700021942A /* Styles.swift */; };
		E3ECAFD91DE3CCB500F221AE /* Video.swift in Sources */ = {isa = PBXBuildFile; fileRef = E3ECAFD81DE3CCB500F221AE /* Video.swift */; };
		E3FE1F9D1DEA2C5700791B92 /* VideoCell.swift in Sources */ = {isa = PBXBuildFile; fileRef = E3FE1F9B1DEA2C5700791B92 /* VideoCell.swift */; };
		E3FE1F9E1DEA2C5700791B92 /* VideoCell.xib in Resources */ = {isa = PBXBuildFile; fileRef = E3FE1F9C1DEA2C5700791B92 /* VideoCell.xib */; };
		E3FE1FA11DEA2E6A00791B92 /* WatchViewController.swift in Sources */ = {isa = PBXBuildFile; fileRef = E3FE1FA01DEA2E6A00791B92 /* WatchViewController.swift */; };
		EED9BEFA11E85E773E6416A7 /* Pods_BMeUITests.framework in Frameworks */ = {isa = PBXBuildFile; fileRef = 89C6C4AE3BCC216444B1A558 /* Pods_BMeUITests.framework */; };
/* End PBXBuildFile section */

/* Begin PBXContainerItemProxy section */
		78469A6D1DE3958100A40D53 /* PBXContainerItemProxy */ = {
			isa = PBXContainerItemProxy;
			containerPortal = 78469A501DE3958000A40D53 /* Project object */;
			proxyType = 1;
			remoteGlobalIDString = 78469A571DE3958000A40D53;
			remoteInfo = BMe;
		};
		78469A781DE3958100A40D53 /* PBXContainerItemProxy */ = {
			isa = PBXContainerItemProxy;
			containerPortal = 78469A501DE3958000A40D53 /* Project object */;
			proxyType = 1;
			remoteGlobalIDString = 78469A571DE3958000A40D53;
			remoteInfo = BMe;
		};
/* End PBXContainerItemProxy section */

/* Begin PBXCopyFilesBuildPhase section */
		E3ECAFE01DE3F00600F221AE /* CopyFiles */ = {
			isa = PBXCopyFilesBuildPhase;
			buildActionMask = 2147483647;
			dstPath = "";
			dstSubfolderSpec = 7;
			files = (
			);
			runOnlyForDeploymentPostprocessing = 0;
		};
/* End PBXCopyFilesBuildPhase section */

/* Begin PBXFileReference section */
		191E6E9B7B3527D1F818254D /* Pods_BMeTests.framework */ = {isa = PBXFileReference; explicitFileType = wrapper.framework; includeInIndex = 0; path = Pods_BMeTests.framework; sourceTree = BUILT_PRODUCTS_DIR; };
		1B3943A2C1F5F5DBD966A650 /* Pods-BMe.release.xcconfig */ = {isa = PBXFileReference; includeInIndex = 1; lastKnownFileType = text.xcconfig; name = "Pods-BMe.release.xcconfig"; path = "Pods/Target Support Files/Pods-BMe/Pods-BMe.release.xcconfig"; sourceTree = "<group>"; };
		3B904E80464934303F529DA3 /* Pods-BMeUITests.debug.xcconfig */ = {isa = PBXFileReference; includeInIndex = 1; lastKnownFileType = text.xcconfig; name = "Pods-BMeUITests.debug.xcconfig"; path = "Pods/Target Support Files/Pods-BMeUITests/Pods-BMeUITests.debug.xcconfig"; sourceTree = "<group>"; };
		40191E5B9CEF388CFBDD07FC /* Pods_BMe.framework */ = {isa = PBXFileReference; explicitFileType = wrapper.framework; includeInIndex = 0; path = Pods_BMe.framework; sourceTree = BUILT_PRODUCTS_DIR; };
		500EAC6FA5C71681BCC723C6 /* Pods-BMeTests.release.xcconfig */ = {isa = PBXFileReference; includeInIndex = 1; lastKnownFileType = text.xcconfig; name = "Pods-BMeTests.release.xcconfig"; path = "Pods/Target Support Files/Pods-BMeTests/Pods-BMeTests.release.xcconfig"; sourceTree = "<group>"; };
		781E713D1DF401A100041855 /* sound-wave.png */ = {isa = PBXFileReference; lastKnownFileType = image.png; path = "sound-wave.png"; sourceTree = "<group>"; };
		781E713F1DF4036E00041855 /* sound-wave-yellow.png */ = {isa = PBXFileReference; lastKnownFileType = image.png; path = "sound-wave-yellow.png"; sourceTree = "<group>"; };
		781E71411DF407F600041855 /* location-yellow.png */ = {isa = PBXFileReference; lastKnownFileType = image.png; path = "location-yellow.png"; sourceTree = "<group>"; };
		781E71421DF407F600041855 /* location.png */ = {isa = PBXFileReference; lastKnownFileType = image.png; path = location.png; sourceTree = "<group>"; };
		781E71451DF4086700041855 /* LocationButton.swift */ = {isa = PBXFileReference; fileEncoding = 4; lastKnownFileType = sourcecode.swift; path = LocationButton.swift; sourceTree = "<group>"; };
		781E714B1DF486A900041855 /* Yelp.storyboard */ = {isa = PBXFileReference; fileEncoding = 4; lastKnownFileType = file.storyboard; path = Yelp.storyboard; sourceTree = "<group>"; };
		781E714F1DF4E52A00041855 /* YelpViewController.swift */ = {isa = PBXFileReference; fileEncoding = 4; lastKnownFileType = sourcecode.swift; path = YelpViewController.swift; sourceTree = "<group>"; };
		781E71511DF4EEE000041855 /* Post.swift */ = {isa = PBXFileReference; fileEncoding = 4; lastKnownFileType = sourcecode.swift; path = Post.swift; sourceTree = "<group>"; };
		7821C3B91DEF10F60023B95E /* TimeLapseBuilder.swift */ = {isa = PBXFileReference; fileEncoding = 4; lastKnownFileType = sourcecode.swift; path = TimeLapseBuilder.swift; sourceTree = "<group>"; };
		7821C3BD1DEF7FFF0023B95E /* Image.swift */ = {isa = PBXFileReference; fileEncoding = 4; lastKnownFileType = sourcecode.swift; path = Image.swift; sourceTree = "<group>"; };
		7821C3C11DEF939A0023B95E /* Camera.storyboard */ = {isa = PBXFileReference; fileEncoding = 4; lastKnownFileType = file.storyboard; path = Camera.storyboard; sourceTree = "<group>"; };
		7821C3C31DEF94350023B95E /* CameraViewController.swift */ = {isa = PBXFileReference; fileEncoding = 4; lastKnownFileType = sourcecode.swift; path = CameraViewController.swift; sourceTree = "<group>"; };
		783008991DE3B0B500B070D4 /* MeasurementHelper.swift */ = {isa = PBXFileReference; fileEncoding = 4; lastKnownFileType = sourcecode.swift; path = MeasurementHelper.swift; sourceTree = "<group>"; };
		7830089B1DE3B2B100B070D4 /* AppState.swift */ = {isa = PBXFileReference; fileEncoding = 4; lastKnownFileType = sourcecode.swift; path = AppState.swift; sourceTree = "<group>"; };
		7830089D1DE3B9A000B070D4 /* VideoComposition.swift */ = {isa = PBXFileReference; fileEncoding = 4; lastKnownFileType = sourcecode.swift; path = VideoComposition.swift; sourceTree = "<group>"; };
		7830089F1DE3B9A000B070D4 /* MediaSelectorCollectionViewCell.swift */ = {isa = PBXFileReference; fileEncoding = 4; lastKnownFileType = sourcecode.swift; path = MediaSelectorCollectionViewCell.swift; sourceTree = "<group>"; };
		783008A01DE3B9A000B070D4 /* MediaSelectorViewController.swift */ = {isa = PBXFileReference; fileEncoding = 4; lastKnownFileType = sourcecode.swift; path = MediaSelectorViewController.swift; sourceTree = "<group>"; };
		783008A11DE3B9A000B070D4 /* VideoComposer.storyboard */ = {isa = PBXFileReference; fileEncoding = 4; lastKnownFileType = file.storyboard; path = VideoComposer.storyboard; sourceTree = "<group>"; };
		783008A21DE3B9A000B070D4 /* Extensions.swift */ = {isa = PBXFileReference; fileEncoding = 4; lastKnownFileType = sourcecode.swift; path = Extensions.swift; sourceTree = "<group>"; };
		783008A31DE3B9A000B070D4 /* Constants.swift */ = {isa = PBXFileReference; fileEncoding = 4; lastKnownFileType = sourcecode.swift; path = Constants.swift; sourceTree = "<group>"; };
		78337D8C1DE3AC6600A1B32C /* GoogleService-Info.plist */ = {isa = PBXFileReference; fileEncoding = 4; lastKnownFileType = text.plist.xml; path = "GoogleService-Info.plist"; sourceTree = "<group>"; };
		78469A581DE3958000A40D53 /* BMe.app */ = {isa = PBXFileReference; explicitFileType = wrapper.application; includeInIndex = 0; path = BMe.app; sourceTree = BUILT_PRODUCTS_DIR; };
		78469A5B1DE3958100A40D53 /* AppDelegate.swift */ = {isa = PBXFileReference; lastKnownFileType = sourcecode.swift; path = AppDelegate.swift; sourceTree = "<group>"; };
		78469A5D1DE3958100A40D53 /* LoginViewController.swift */ = {isa = PBXFileReference; lastKnownFileType = sourcecode.swift; path = LoginViewController.swift; sourceTree = "<group>"; };
		78469A601DE3958100A40D53 /* Base */ = {isa = PBXFileReference; lastKnownFileType = file.storyboard; name = Base; path = Base.lproj/Main.storyboard; sourceTree = "<group>"; };
		78469A621DE3958100A40D53 /* Assets.xcassets */ = {isa = PBXFileReference; lastKnownFileType = folder.assetcatalog; path = Assets.xcassets; sourceTree = "<group>"; };
		78469A651DE3958100A40D53 /* Base */ = {isa = PBXFileReference; lastKnownFileType = file.storyboard; name = Base; path = Base.lproj/LaunchScreen.storyboard; sourceTree = "<group>"; };
		78469A671DE3958100A40D53 /* Info.plist */ = {isa = PBXFileReference; lastKnownFileType = text.plist.xml; path = Info.plist; sourceTree = "<group>"; };
		78469A6C1DE3958100A40D53 /* BMeTests.xctest */ = {isa = PBXFileReference; explicitFileType = wrapper.cfbundle; includeInIndex = 0; path = BMeTests.xctest; sourceTree = BUILT_PRODUCTS_DIR; };
		78469A701DE3958100A40D53 /* BMeTests.swift */ = {isa = PBXFileReference; lastKnownFileType = sourcecode.swift; path = BMeTests.swift; sourceTree = "<group>"; };
		78469A721DE3958100A40D53 /* Info.plist */ = {isa = PBXFileReference; lastKnownFileType = text.plist.xml; path = Info.plist; sourceTree = "<group>"; };
		78469A771DE3958100A40D53 /* BMeUITests.xctest */ = {isa = PBXFileReference; explicitFileType = wrapper.cfbundle; includeInIndex = 0; path = BMeUITests.xctest; sourceTree = BUILT_PRODUCTS_DIR; };
		78469A7B1DE3958100A40D53 /* BMeUITests.swift */ = {isa = PBXFileReference; lastKnownFileType = sourcecode.swift; path = BMeUITests.swift; sourceTree = "<group>"; };
		78469A7D1DE3958100A40D53 /* Info.plist */ = {isa = PBXFileReference; lastKnownFileType = text.plist.xml; path = Info.plist; sourceTree = "<group>"; };
		785E87C51DED445000C9FF59 /* Play image- white.png */ = {isa = PBXFileReference; lastKnownFileType = image.png; path = "Play image- white.png"; sourceTree = "<group>"; };
		785E87C71DED4C4F00C9FF59 /* VideoComposerViewController.swift */ = {isa = PBXFileReference; fileEncoding = 4; lastKnownFileType = sourcecode.swift; path = VideoComposerViewController.swift; sourceTree = "<group>"; };
		785E87C91DED4E5800C9FF59 /* VideoComposerCollectionViewCell.swift */ = {isa = PBXFileReference; fileEncoding = 4; lastKnownFileType = sourcecode.swift; path = VideoComposerCollectionViewCell.swift; sourceTree = "<group>"; };
		78B369BA1DE7E040001ADD53 /* CompositionTestViewController.swift */ = {isa = PBXFileReference; fileEncoding = 4; lastKnownFileType = sourcecode.swift; path = CompositionTestViewController.swift; sourceTree = "<group>"; };
		78B369BB1DE7E040001ADD53 /* CompositionTest.storyboard */ = {isa = PBXFileReference; fileEncoding = 4; lastKnownFileType = file.storyboard; path = CompositionTest.storyboard; sourceTree = "<group>"; };
		78B369BE1DE7F844001ADD53 /* TemplateListVC.swift */ = {isa = PBXFileReference; fileEncoding = 4; lastKnownFileType = sourcecode.swift; path = TemplateListVC.swift; sourceTree = "<group>"; };
		78B369C01DE7F85F001ADD53 /* TemplateListVC.storyboard */ = {isa = PBXFileReference; fileEncoding = 4; lastKnownFileType = file.storyboard; path = TemplateListVC.storyboard; sourceTree = "<group>"; };
		78C3503C1DF126A6005E8331 /* BrowserTableViewCell.swift */ = {isa = PBXFileReference; fileEncoding = 4; lastKnownFileType = sourcecode.swift; path = BrowserTableViewCell.swift; sourceTree = "<group>"; };
		78C3503E1DF12E17005E8331 /* blank user avatar.jpeg */ = {isa = PBXFileReference; lastKnownFileType = image.jpeg; path = "blank user avatar.jpeg"; sourceTree = "<group>"; };
		78C350421DF2251A005E8331 /* Browser.storyboard */ = {isa = PBXFileReference; fileEncoding = 4; lastKnownFileType = file.storyboard; path = Browser.storyboard; sourceTree = "<group>"; };
		78C350441DF2260A005E8331 /* Account.storyboard */ = {isa = PBXFileReference; fileEncoding = 4; lastKnownFileType = file.storyboard; path = Account.storyboard; sourceTree = "<group>"; };
		78C350461DF232AF005E8331 /* UserProfileViewController.swift */ = {isa = PBXFileReference; fileEncoding = 4; lastKnownFileType = sourcecode.swift; path = UserProfileViewController.swift; sourceTree = "<group>"; };
		78C350481DF28756005E8331 /* User.swift */ = {isa = PBXFileReference; fileEncoding = 4; lastKnownFileType = sourcecode.swift; path = User.swift; sourceTree = "<group>"; };
		78CDA09A1DE5307200ABC5E1 /* VideosListVC.storyboard */ = {isa = PBXFileReference; fileEncoding = 4; lastKnownFileType = file.storyboard; path = VideosListVC.storyboard; sourceTree = "<group>"; };
		78CDA09B1DE5307200ABC5E1 /* VideosListVC.swift */ = {isa = PBXFileReference; fileEncoding = 4; lastKnownFileType = sourcecode.swift; path = VideosListVC.swift; sourceTree = "<group>"; };
		78CDA09E1DE5307C00ABC5E1 /* FIRManager.swift */ = {isa = PBXFileReference; fileEncoding = 4; lastKnownFileType = sourcecode.swift; path = FIRManager.swift; sourceTree = "<group>"; };
		86BFB4E3203608C3B4F447D0 /* Pods-BMeTests.debug.xcconfig */ = {isa = PBXFileReference; includeInIndex = 1; lastKnownFileType = text.xcconfig; name = "Pods-BMeTests.debug.xcconfig"; path = "Pods/Target Support Files/Pods-BMeTests/Pods-BMeTests.debug.xcconfig"; sourceTree = "<group>"; };
		89C6C4AE3BCC216444B1A558 /* Pods_BMeUITests.framework */ = {isa = PBXFileReference; explicitFileType = wrapper.framework; includeInIndex = 0; path = Pods_BMeUITests.framework; sourceTree = BUILT_PRODUCTS_DIR; };
		E30894851DE8C95000145551 /* Helpers.swift */ = {isa = PBXFileReference; fileEncoding = 4; lastKnownFileType = sourcecode.swift; path = Helpers.swift; sourceTree = "<group>"; };
		E318C57B1DE98A5400FCB6F9 /* test_video.mp4 */ = {isa = PBXFileReference; lastKnownFileType = file; path = test_video.mp4; sourceTree = "<group>"; };
		E35AC4821DE4D00400FCB0D0 /* TabBarViewController.swift */ = {isa = PBXFileReference; fileEncoding = 4; lastKnownFileType = sourcecode.swift; path = TabBarViewController.swift; sourceTree = "<group>"; };
		E35AC4861DE4D0F500FCB0D0 /* Sato.storyboard */ = {isa = PBXFileReference; fileEncoding = 4; lastKnownFileType = file.storyboard; path = Sato.storyboard; sourceTree = "<group>"; };
		E35AC4881DE4D75C00FCB0D0 /* BrowseViewController.swift */ = {isa = PBXFileReference; fileEncoding = 4; lastKnownFileType = sourcecode.swift; path = BrowseViewController.swift; sourceTree = "<group>"; };
		E35AC48A1DE4D76A00FCB0D0 /* CreateViewController.swift */ = {isa = PBXFileReference; fileEncoding = 4; lastKnownFileType = sourcecode.swift; path = CreateViewController.swift; sourceTree = "<group>"; };
		E35AC48C1DE4D77200FCB0D0 /* AccountViewController.swift */ = {isa = PBXFileReference; fileEncoding = 4; lastKnownFileType = sourcecode.swift; path = AccountViewController.swift; sourceTree = "<group>"; };
		E38E32B71DF3B6FC00631AEC /* ShowImageViewController.swift */ = {isa = PBXFileReference; fileEncoding = 4; lastKnownFileType = sourcecode.swift; path = ShowImageViewController.swift; sourceTree = "<group>"; };
		E3C357A11DEF451E00AC0832 /* YPManager.swift */ = {isa = PBXFileReference; fileEncoding = 4; lastKnownFileType = sourcecode.swift; path = YPManager.swift; sourceTree = "<group>"; };
		E3C357A31DEF484E00AC0832 /* Restaurant.swift */ = {isa = PBXFileReference; fileEncoding = 4; lastKnownFileType = sourcecode.swift; path = Restaurant.swift; sourceTree = "<group>"; };
		E3D1D55E1DF11D700021942A /* Styles.swift */ = {isa = PBXFileReference; fileEncoding = 4; lastKnownFileType = sourcecode.swift; path = Styles.swift; sourceTree = "<group>"; };
		E3ECAFD81DE3CCB500F221AE /* Video.swift */ = {isa = PBXFileReference; fileEncoding = 4; lastKnownFileType = sourcecode.swift; path = Video.swift; sourceTree = "<group>"; };
		E3FE1F9B1DEA2C5700791B92 /* VideoCell.swift */ = {isa = PBXFileReference; fileEncoding = 4; lastKnownFileType = sourcecode.swift; path = VideoCell.swift; sourceTree = "<group>"; };
		E3FE1F9C1DEA2C5700791B92 /* VideoCell.xib */ = {isa = PBXFileReference; fileEncoding = 4; lastKnownFileType = file.xib; path = VideoCell.xib; sourceTree = "<group>"; };
		E3FE1FA01DEA2E6A00791B92 /* WatchViewController.swift */ = {isa = PBXFileReference; fileEncoding = 4; lastKnownFileType = sourcecode.swift; path = WatchViewController.swift; sourceTree = "<group>"; };
		E7764343275603CBAE9394EC /* Pods-BMeUITests.release.xcconfig */ = {isa = PBXFileReference; includeInIndex = 1; lastKnownFileType = text.xcconfig; name = "Pods-BMeUITests.release.xcconfig"; path = "Pods/Target Support Files/Pods-BMeUITests/Pods-BMeUITests.release.xcconfig"; sourceTree = "<group>"; };
		EF9B8E045282684264E31D83 /* Pods-BMe.debug.xcconfig */ = {isa = PBXFileReference; includeInIndex = 1; lastKnownFileType = text.xcconfig; name = "Pods-BMe.debug.xcconfig"; path = "Pods/Target Support Files/Pods-BMe/Pods-BMe.debug.xcconfig"; sourceTree = "<group>"; };
/* End PBXFileReference section */

/* Begin PBXFrameworksBuildPhase section */
		78469A551DE3958000A40D53 /* Frameworks */ = {
			isa = PBXFrameworksBuildPhase;
			buildActionMask = 2147483647;
			files = (
				254F915EC76BE78350CEE7B5 /* Pods_BMe.framework in Frameworks */,
			);
			runOnlyForDeploymentPostprocessing = 0;
		};
		78469A691DE3958100A40D53 /* Frameworks */ = {
			isa = PBXFrameworksBuildPhase;
			buildActionMask = 2147483647;
			files = (
				6A9D8CE7FB89247C93EB3755 /* Pods_BMeTests.framework in Frameworks */,
			);
			runOnlyForDeploymentPostprocessing = 0;
		};
		78469A741DE3958100A40D53 /* Frameworks */ = {
			isa = PBXFrameworksBuildPhase;
			buildActionMask = 2147483647;
			files = (
				EED9BEFA11E85E773E6416A7 /* Pods_BMeUITests.framework in Frameworks */,
			);
			runOnlyForDeploymentPostprocessing = 0;
		};
/* End PBXFrameworksBuildPhase section */

/* Begin PBXGroup section */
		73CBDC81D6C6910129B5EE25 /* Frameworks */ = {
			isa = PBXGroup;
			children = (
				40191E5B9CEF388CFBDD07FC /* Pods_BMe.framework */,
				191E6E9B7B3527D1F818254D /* Pods_BMeTests.framework */,
				89C6C4AE3BCC216444B1A558 /* Pods_BMeUITests.framework */,
			);
			name = Frameworks;
			sourceTree = "<group>";
		};
		7821C3BB1DEF24730023B95E /* ViewControllers */ = {
			isa = PBXGroup;
			children = (
				78469A5D1DE3958100A40D53 /* LoginViewController.swift */,
				E35AC4881DE4D75C00FCB0D0 /* BrowseViewController.swift */,
				783008A01DE3B9A000B070D4 /* MediaSelectorViewController.swift */,
				785E87C71DED4C4F00C9FF59 /* VideoComposerViewController.swift */,
				78C350461DF232AF005E8331 /* UserProfileViewController.swift */,
				781E714F1DF4E52A00041855 /* YelpViewController.swift */,
			);
			name = ViewControllers;
			sourceTree = "<group>";
		};
		7821C3BC1DEF249D0023B95E /* Storyboards */ = {
			isa = PBXGroup;
			children = (
				78469A5F1DE3958100A40D53 /* Main.storyboard */,
				783008A11DE3B9A000B070D4 /* VideoComposer.storyboard */,
				78C350421DF2251A005E8331 /* Browser.storyboard */,
				78C350441DF2260A005E8331 /* Account.storyboard */,
			);
			name = Storyboards;
			sourceTree = "<group>";
		};
		7821C3BF1DEF81D10023B95E /* JSON */ = {
			isa = PBXGroup;
			children = (
				E3C357A31DEF484E00AC0832 /* Restaurant.swift */,
				781E71511DF4EEE000041855 /* Post.swift */,
				E3ECAFD81DE3CCB500F221AE /* Video.swift */,
				7830089D1DE3B9A000B070D4 /* VideoComposition.swift */,
			);
			name = JSON;
			sourceTree = "<group>";
		};
		7821C3C01DEF82680023B95E /* Views */ = {
			isa = PBXGroup;
			children = (
				7830089F1DE3B9A000B070D4 /* MediaSelectorCollectionViewCell.swift */,
				785E87C91DED4E5800C9FF59 /* VideoComposerCollectionViewCell.swift */,
				78C3503C1DF126A6005E8331 /* BrowserTableViewCell.swift */,
				781E71451DF4086700041855 /* LocationButton.swift */,
			);
			name = Views;
			sourceTree = "<group>";
		};
		783008AB1DE3B9AF00B070D4 /* Models */ = {
			isa = PBXGroup;
			children = (
				7830089B1DE3B2B100B070D4 /* AppState.swift */,
				78CDA09E1DE5307C00ABC5E1 /* FIRManager.swift */,
				7821C3B91DEF10F60023B95E /* TimeLapseBuilder.swift */,
				78C350481DF28756005E8331 /* User.swift */,
				E3C357A11DEF451E00AC0832 /* YPManager.swift */,
				7821C3BF1DEF81D10023B95E /* JSON */,
			);
			name = Models;
			sourceTree = "<group>";
		};
		783008AC1DE3B9CF00B070D4 /* Views */ = {
			isa = PBXGroup;
			children = (
			);
			name = Views;
			sourceTree = "<group>";
		};
		78337D8E1DE3AC7400A1B32C /* Shared */ = {
			isa = PBXGroup;
			children = (
				785E87C41DED444400C9FF59 /* Images */,
				78469A5B1DE3958100A40D53 /* AppDelegate.swift */,
				783008991DE3B0B500B070D4 /* MeasurementHelper.swift */,
				783008A21DE3B9A000B070D4 /* Extensions.swift */,
				783008A31DE3B9A000B070D4 /* Constants.swift */,
				E3D1D55E1DF11D700021942A /* Styles.swift */,
				78469A621DE3958100A40D53 /* Assets.xcassets */,
				78469A641DE3958100A40D53 /* LaunchScreen.storyboard */,
				78469A671DE3958100A40D53 /* Info.plist */,
				78337D8C1DE3AC6600A1B32C /* GoogleService-Info.plist */,
			);
			name = Shared;
			sourceTree = "<group>";
		};
		78337D8F1DE3AC9300A1B32C /* Sato */ = {
			isa = PBXGroup;
			children = (
				E35AC4851DE4D02D00FCB0D0 /* ViewControllers */,
				E35AC4841DE4D01C00FCB0D0 /* Storyboards */,
				E3ECAFDC1DE3DAA200F221AE /* Models */,
				E308947C1DE8C89900145551 /* Views */,
			);
			name = Sato;
			sourceTree = "<group>";
		};
		78337D901DE3ACA700A1B32C /* JJ */ = {
			isa = PBXGroup;
			children = (
				78CDA0A01DE5311F00ABC5E1 /* Examples */,
				78DA2EC81DF2DFF600A894AC /* Model */,
				786727DA1DE3ADDC0059AEC7 /* ViewControllers */,
				783008AC1DE3B9CF00B070D4 /* Views */,
				786727DB1DE3ADE90059AEC7 /* Storyboards */,
			);
			name = JJ;
			sourceTree = "<group>";
		};
		78469A4F1DE3958000A40D53 = {
			isa = PBXGroup;
			children = (
				78469A5A1DE3958000A40D53 /* BMe */,
				78469A6F1DE3958100A40D53 /* BMeTests */,
				78469A7A1DE3958100A40D53 /* BMeUITests */,
				78469A591DE3958000A40D53 /* Products */,
				FC4986E74E30DCE926CC8007 /* Pods */,
				73CBDC81D6C6910129B5EE25 /* Frameworks */,
			);
			sourceTree = "<group>";
		};
		78469A591DE3958000A40D53 /* Products */ = {
			isa = PBXGroup;
			children = (
				78469A581DE3958000A40D53 /* BMe.app */,
				78469A6C1DE3958100A40D53 /* BMeTests.xctest */,
				78469A771DE3958100A40D53 /* BMeUITests.xctest */,
			);
			name = Products;
			sourceTree = "<group>";
		};
		78469A5A1DE3958000A40D53 /* BMe */ = {
			isa = PBXGroup;
			children = (
				78337D8E1DE3AC7400A1B32C /* Shared */,
				7821C3BB1DEF24730023B95E /* ViewControllers */,
				7821C3C01DEF82680023B95E /* Views */,
				7821C3BC1DEF249D0023B95E /* Storyboards */,
				783008AB1DE3B9AF00B070D4 /* Models */,
				78337D8F1DE3AC9300A1B32C /* Sato */,
				78337D901DE3ACA700A1B32C /* JJ */,
			);
			path = BMe;
			sourceTree = "<group>";
		};
		78469A6F1DE3958100A40D53 /* BMeTests */ = {
			isa = PBXGroup;
			children = (
				78469A701DE3958100A40D53 /* BMeTests.swift */,
				78469A721DE3958100A40D53 /* Info.plist */,
			);
			path = BMeTests;
			sourceTree = "<group>";
		};
		78469A7A1DE3958100A40D53 /* BMeUITests */ = {
			isa = PBXGroup;
			children = (
				78469A7B1DE3958100A40D53 /* BMeUITests.swift */,
				78469A7D1DE3958100A40D53 /* Info.plist */,
			);
			path = BMeUITests;
			sourceTree = "<group>";
		};
		785E87C41DED444400C9FF59 /* Images */ = {
			isa = PBXGroup;
			children = (
				785E87C51DED445000C9FF59 /* Play image- white.png */,
				78C3503E1DF12E17005E8331 /* blank user avatar.jpeg */,
				781E713D1DF401A100041855 /* sound-wave.png */,
				781E713F1DF4036E00041855 /* sound-wave-yellow.png */,
				781E71411DF407F600041855 /* location-yellow.png */,
				781E71421DF407F600041855 /* location.png */,
			);
			name = Images;
			sourceTree = "<group>";
		};
		786727DA1DE3ADDC0059AEC7 /* ViewControllers */ = {
			isa = PBXGroup;
			children = (
				7821C3C31DEF94350023B95E /* CameraViewController.swift */,
				E38E32B71DF3B6FC00631AEC /* ShowImageViewController.swift */,
			);
			name = ViewControllers;
			sourceTree = "<group>";
		};
		786727DB1DE3ADE90059AEC7 /* Storyboards */ = {
			isa = PBXGroup;
			children = (
				7821C3C11DEF939A0023B95E /* Camera.storyboard */,
				781E714B1DF486A900041855 /* Yelp.storyboard */,
			);
			name = Storyboards;
			sourceTree = "<group>";
		};
		78CDA0A01DE5311F00ABC5E1 /* Examples */ = {
			isa = PBXGroup;
			children = (
				78B369BA1DE7E040001ADD53 /* CompositionTestViewController.swift */,
				78B369BB1DE7E040001ADD53 /* CompositionTest.storyboard */,
				78CDA09B1DE5307200ABC5E1 /* VideosListVC.swift */,
				78CDA09A1DE5307200ABC5E1 /* VideosListVC.storyboard */,
				78B369BE1DE7F844001ADD53 /* TemplateListVC.swift */,
				78B369C01DE7F85F001ADD53 /* TemplateListVC.storyboard */,
			);
			name = Examples;
			sourceTree = "<group>";
		};
		78DA2EC81DF2DFF600A894AC /* Model */ = {
			isa = PBXGroup;
			children = (
				7821C3BD1DEF7FFF0023B95E /* Image.swift */,
			);
			name = Model;
			sourceTree = "<group>";
		};
		E308947C1DE8C89900145551 /* Views */ = {
			isa = PBXGroup;
			children = (
				E3FE1F9B1DEA2C5700791B92 /* VideoCell.swift */,
				E3FE1F9C1DEA2C5700791B92 /* VideoCell.xib */,
			);
			name = Views;
			sourceTree = "<group>";
		};
		E35AC4841DE4D01C00FCB0D0 /* Storyboards */ = {
			isa = PBXGroup;
			children = (
				E35AC4861DE4D0F500FCB0D0 /* Sato.storyboard */,
			);
			name = Storyboards;
			sourceTree = "<group>";
		};
		E35AC4851DE4D02D00FCB0D0 /* ViewControllers */ = {
			isa = PBXGroup;
			children = (
				E35AC4821DE4D00400FCB0D0 /* TabBarViewController.swift */,
				E3FE1FA01DEA2E6A00791B92 /* WatchViewController.swift */,
				E35AC48E1DE4D90900FCB0D0 /* Dummy VCs */,
			);
			name = ViewControllers;
			sourceTree = "<group>";
		};
		E35AC48E1DE4D90900FCB0D0 /* Dummy VCs */ = {
			isa = PBXGroup;
			children = (
				E35AC48A1DE4D76A00FCB0D0 /* CreateViewController.swift */,
				E35AC48C1DE4D77200FCB0D0 /* AccountViewController.swift */,
			);
			name = "Dummy VCs";
			sourceTree = "<group>";
		};
		E3ECAFDC1DE3DAA200F221AE /* Models */ = {
			isa = PBXGroup;
			children = (
				E3FE1F9F1DEA2DB800791B92 /* Test */,
			);
			name = Models;
			sourceTree = "<group>";
		};
		E3FE1F9F1DEA2DB800791B92 /* Test */ = {
			isa = PBXGroup;
			children = (
				E318C57B1DE98A5400FCB6F9 /* test_video.mp4 */,
				E30894851DE8C95000145551 /* Helpers.swift */,
			);
			name = Test;
			sourceTree = "<group>";
		};
		FC4986E74E30DCE926CC8007 /* Pods */ = {
			isa = PBXGroup;
			children = (
				EF9B8E045282684264E31D83 /* Pods-BMe.debug.xcconfig */,
				1B3943A2C1F5F5DBD966A650 /* Pods-BMe.release.xcconfig */,
				86BFB4E3203608C3B4F447D0 /* Pods-BMeTests.debug.xcconfig */,
				500EAC6FA5C71681BCC723C6 /* Pods-BMeTests.release.xcconfig */,
				3B904E80464934303F529DA3 /* Pods-BMeUITests.debug.xcconfig */,
				E7764343275603CBAE9394EC /* Pods-BMeUITests.release.xcconfig */,
			);
			name = Pods;
			sourceTree = "<group>";
		};
/* End PBXGroup section */

/* Begin PBXNativeTarget section */
		78469A571DE3958000A40D53 /* BMe */ = {
			isa = PBXNativeTarget;
			buildConfigurationList = 78469A801DE3958100A40D53 /* Build configuration list for PBXNativeTarget "BMe" */;
			buildPhases = (
				469FB16CF6C718A61191D015 /* [CP] Check Pods Manifest.lock */,
				78469A541DE3958000A40D53 /* Sources */,
				78469A551DE3958000A40D53 /* Frameworks */,
				78469A561DE3958000A40D53 /* Resources */,
				67A283BB3A93B67DF674574E /* [CP] Embed Pods Frameworks */,
				7A614A8257A7CAA3AED21130 /* [CP] Copy Pods Resources */,
				E3ECAFE01DE3F00600F221AE /* CopyFiles */,
			);
			buildRules = (
			);
			dependencies = (
			);
			name = BMe;
			productName = BMe;
			productReference = 78469A581DE3958000A40D53 /* BMe.app */;
			productType = "com.apple.product-type.application";
		};
		78469A6B1DE3958100A40D53 /* BMeTests */ = {
			isa = PBXNativeTarget;
			buildConfigurationList = 78469A831DE3958100A40D53 /* Build configuration list for PBXNativeTarget "BMeTests" */;
			buildPhases = (
				FA7E043FD35DCCFE64F868DF /* [CP] Check Pods Manifest.lock */,
				78469A681DE3958100A40D53 /* Sources */,
				78469A691DE3958100A40D53 /* Frameworks */,
				78469A6A1DE3958100A40D53 /* Resources */,
				4C2F2B149A2AE52F1ACC2A85 /* [CP] Embed Pods Frameworks */,
				8608444E320C8F4922A7033F /* [CP] Copy Pods Resources */,
			);
			buildRules = (
			);
			dependencies = (
				78469A6E1DE3958100A40D53 /* PBXTargetDependency */,
			);
			name = BMeTests;
			productName = BMeTests;
			productReference = 78469A6C1DE3958100A40D53 /* BMeTests.xctest */;
			productType = "com.apple.product-type.bundle.unit-test";
		};
		78469A761DE3958100A40D53 /* BMeUITests */ = {
			isa = PBXNativeTarget;
			buildConfigurationList = 78469A861DE3958100A40D53 /* Build configuration list for PBXNativeTarget "BMeUITests" */;
			buildPhases = (
				CBCF26D876FB29CF3CC9D196 /* [CP] Check Pods Manifest.lock */,
				78469A731DE3958100A40D53 /* Sources */,
				78469A741DE3958100A40D53 /* Frameworks */,
				78469A751DE3958100A40D53 /* Resources */,
				7D6718DE31D8FA209A2C2953 /* [CP] Copy Pods Resources */,
				1FDB5B8444BAB57AE26EC3B7 /* [CP] Embed Pods Frameworks */,
			);
			buildRules = (
			);
			dependencies = (
				78469A791DE3958100A40D53 /* PBXTargetDependency */,
			);
			name = BMeUITests;
			productName = BMeUITests;
			productReference = 78469A771DE3958100A40D53 /* BMeUITests.xctest */;
			productType = "com.apple.product-type.bundle.ui-testing";
		};
/* End PBXNativeTarget section */

/* Begin PBXProject section */
		78469A501DE3958000A40D53 /* Project object */ = {
			isa = PBXProject;
			attributes = {
				LastSwiftUpdateCheck = 0800;
				LastUpgradeCheck = 0810;
				ORGANIZATIONNAME = "Jonathan Cheng";
				TargetAttributes = {
					78469A571DE3958000A40D53 = {
						CreatedOnToolsVersion = 8.0;
						DevelopmentTeam = Y4GA6H5JHE;
						ProvisioningStyle = Automatic;
					};
					78469A6B1DE3958100A40D53 = {
						CreatedOnToolsVersion = 8.0;
						DevelopmentTeam = Y4GA6H5JHE;
						ProvisioningStyle = Automatic;
						TestTargetID = 78469A571DE3958000A40D53;
					};
					78469A761DE3958100A40D53 = {
						CreatedOnToolsVersion = 8.0;
						DevelopmentTeam = Y4GA6H5JHE;
						ProvisioningStyle = Automatic;
						TestTargetID = 78469A571DE3958000A40D53;
					};
				};
			};
			buildConfigurationList = 78469A531DE3958000A40D53 /* Build configuration list for PBXProject "BMe" */;
			compatibilityVersion = "Xcode 3.2";
			developmentRegion = English;
			hasScannedForEncodings = 0;
			knownRegions = (
				en,
				Base,
			);
			mainGroup = 78469A4F1DE3958000A40D53;
			productRefGroup = 78469A591DE3958000A40D53 /* Products */;
			projectDirPath = "";
			projectRoot = "";
			targets = (
				78469A571DE3958000A40D53 /* BMe */,
				78469A6B1DE3958100A40D53 /* BMeTests */,
				78469A761DE3958100A40D53 /* BMeUITests */,
			);
		};
/* End PBXProject section */

/* Begin PBXResourcesBuildPhase section */
		78469A561DE3958000A40D53 /* Resources */ = {
			isa = PBXResourcesBuildPhase;
			buildActionMask = 2147483647;
			files = (
				781E71431DF407F600041855 /* location-yellow.png in Resources */,
				78C3503F1DF12E17005E8331 /* blank user avatar.jpeg in Resources */,
				781E71401DF4036E00041855 /* sound-wave-yellow.png in Resources */,
				E318C57C1DE98BFC00FCB6F9 /* test_video.mp4 in Resources */,
				781E71441DF407F600041855 /* location.png in Resources */,
				78CDA09C1DE5307200ABC5E1 /* VideosListVC.storyboard in Resources */,
				7821C3C21DEF939A0023B95E /* Camera.storyboard in Resources */,
				E3FE1F9E1DEA2C5700791B92 /* VideoCell.xib in Resources */,
				78469A661DE3958100A40D53 /* LaunchScreen.storyboard in Resources */,
				78337D8D1DE3AC6600A1B32C /* GoogleService-Info.plist in Resources */,
				E35AC4871DE4D0F500FCB0D0 /* Sato.storyboard in Resources */,
				78469A631DE3958100A40D53 /* Assets.xcassets in Resources */,
				78B369C11DE7F85F001ADD53 /* TemplateListVC.storyboard in Resources */,
				785E87C61DED445000C9FF59 /* Play image- white.png in Resources */,
				78B369BD1DE7E040001ADD53 /* CompositionTest.storyboard in Resources */,
				781E714C1DF486A900041855 /* Yelp.storyboard in Resources */,
				78C350431DF2251A005E8331 /* Browser.storyboard in Resources */,
				78C350451DF2260A005E8331 /* Account.storyboard in Resources */,
				78469A611DE3958100A40D53 /* Main.storyboard in Resources */,
				781E713E1DF401A100041855 /* sound-wave.png in Resources */,
				783008A81DE3B9A000B070D4 /* VideoComposer.storyboard in Resources */,
			);
			runOnlyForDeploymentPostprocessing = 0;
		};
		78469A6A1DE3958100A40D53 /* Resources */ = {
			isa = PBXResourcesBuildPhase;
			buildActionMask = 2147483647;
			files = (
			);
			runOnlyForDeploymentPostprocessing = 0;
		};
		78469A751DE3958100A40D53 /* Resources */ = {
			isa = PBXResourcesBuildPhase;
			buildActionMask = 2147483647;
			files = (
			);
			runOnlyForDeploymentPostprocessing = 0;
		};
/* End PBXResourcesBuildPhase section */

/* Begin PBXShellScriptBuildPhase section */
		1FDB5B8444BAB57AE26EC3B7 /* [CP] Embed Pods Frameworks */ = {
			isa = PBXShellScriptBuildPhase;
			buildActionMask = 2147483647;
			files = (
			);
			inputPaths = (
			);
			name = "[CP] Embed Pods Frameworks";
			outputPaths = (
			);
			runOnlyForDeploymentPostprocessing = 0;
			shellPath = /bin/sh;
			shellScript = "\"${SRCROOT}/Pods/Target Support Files/Pods-BMeUITests/Pods-BMeUITests-frameworks.sh\"\n";
			showEnvVarsInLog = 0;
		};
		469FB16CF6C718A61191D015 /* [CP] Check Pods Manifest.lock */ = {
			isa = PBXShellScriptBuildPhase;
			buildActionMask = 2147483647;
			files = (
			);
			inputPaths = (
			);
			name = "[CP] Check Pods Manifest.lock";
			outputPaths = (
			);
			runOnlyForDeploymentPostprocessing = 0;
			shellPath = /bin/sh;
			shellScript = "diff \"${PODS_ROOT}/../Podfile.lock\" \"${PODS_ROOT}/Manifest.lock\" > /dev/null\nif [ $? != 0 ] ; then\n    # print error to STDERR\n    echo \"error: The sandbox is not in sync with the Podfile.lock. Run 'pod install' or update your CocoaPods installation.\" >&2\n    exit 1\nfi\n";
			showEnvVarsInLog = 0;
		};
		4C2F2B149A2AE52F1ACC2A85 /* [CP] Embed Pods Frameworks */ = {
			isa = PBXShellScriptBuildPhase;
			buildActionMask = 2147483647;
			files = (
			);
			inputPaths = (
			);
			name = "[CP] Embed Pods Frameworks";
			outputPaths = (
			);
			runOnlyForDeploymentPostprocessing = 0;
			shellPath = /bin/sh;
			shellScript = "\"${SRCROOT}/Pods/Target Support Files/Pods-BMeTests/Pods-BMeTests-frameworks.sh\"\n";
			showEnvVarsInLog = 0;
		};
		67A283BB3A93B67DF674574E /* [CP] Embed Pods Frameworks */ = {
			isa = PBXShellScriptBuildPhase;
			buildActionMask = 2147483647;
			files = (
			);
			inputPaths = (
			);
			name = "[CP] Embed Pods Frameworks";
			outputPaths = (
			);
			runOnlyForDeploymentPostprocessing = 0;
			shellPath = /bin/sh;
			shellScript = "\"${SRCROOT}/Pods/Target Support Files/Pods-BMe/Pods-BMe-frameworks.sh\"\n";
			showEnvVarsInLog = 0;
		};
		7A614A8257A7CAA3AED21130 /* [CP] Copy Pods Resources */ = {
			isa = PBXShellScriptBuildPhase;
			buildActionMask = 2147483647;
			files = (
			);
			inputPaths = (
			);
			name = "[CP] Copy Pods Resources";
			outputPaths = (
			);
			runOnlyForDeploymentPostprocessing = 0;
			shellPath = /bin/sh;
			shellScript = "\"${SRCROOT}/Pods/Target Support Files/Pods-BMe/Pods-BMe-resources.sh\"\n";
			showEnvVarsInLog = 0;
		};
		7D6718DE31D8FA209A2C2953 /* [CP] Copy Pods Resources */ = {
			isa = PBXShellScriptBuildPhase;
			buildActionMask = 2147483647;
			files = (
			);
			inputPaths = (
			);
			name = "[CP] Copy Pods Resources";
			outputPaths = (
			);
			runOnlyForDeploymentPostprocessing = 0;
			shellPath = /bin/sh;
			shellScript = "\"${SRCROOT}/Pods/Target Support Files/Pods-BMeUITests/Pods-BMeUITests-resources.sh\"\n";
			showEnvVarsInLog = 0;
		};
		8608444E320C8F4922A7033F /* [CP] Copy Pods Resources */ = {
			isa = PBXShellScriptBuildPhase;
			buildActionMask = 2147483647;
			files = (
			);
			inputPaths = (
			);
			name = "[CP] Copy Pods Resources";
			outputPaths = (
			);
			runOnlyForDeploymentPostprocessing = 0;
			shellPath = /bin/sh;
			shellScript = "\"${SRCROOT}/Pods/Target Support Files/Pods-BMeTests/Pods-BMeTests-resources.sh\"\n";
			showEnvVarsInLog = 0;
		};
		CBCF26D876FB29CF3CC9D196 /* [CP] Check Pods Manifest.lock */ = {
			isa = PBXShellScriptBuildPhase;
			buildActionMask = 2147483647;
			files = (
			);
			inputPaths = (
			);
			name = "[CP] Check Pods Manifest.lock";
			outputPaths = (
			);
			runOnlyForDeploymentPostprocessing = 0;
			shellPath = /bin/sh;
			shellScript = "diff \"${PODS_ROOT}/../Podfile.lock\" \"${PODS_ROOT}/Manifest.lock\" > /dev/null\nif [ $? != 0 ] ; then\n    # print error to STDERR\n    echo \"error: The sandbox is not in sync with the Podfile.lock. Run 'pod install' or update your CocoaPods installation.\" >&2\n    exit 1\nfi\n";
			showEnvVarsInLog = 0;
		};
		FA7E043FD35DCCFE64F868DF /* [CP] Check Pods Manifest.lock */ = {
			isa = PBXShellScriptBuildPhase;
			buildActionMask = 2147483647;
			files = (
			);
			inputPaths = (
			);
			name = "[CP] Check Pods Manifest.lock";
			outputPaths = (
			);
			runOnlyForDeploymentPostprocessing = 0;
			shellPath = /bin/sh;
			shellScript = "diff \"${PODS_ROOT}/../Podfile.lock\" \"${PODS_ROOT}/Manifest.lock\" > /dev/null\nif [ $? != 0 ] ; then\n    # print error to STDERR\n    echo \"error: The sandbox is not in sync with the Podfile.lock. Run 'pod install' or update your CocoaPods installation.\" >&2\n    exit 1\nfi\n";
			showEnvVarsInLog = 0;
		};
/* End PBXShellScriptBuildPhase section */

/* Begin PBXSourcesBuildPhase section */
		78469A541DE3958000A40D53 /* Sources */ = {
			isa = PBXSourcesBuildPhase;
			buildActionMask = 2147483647;
			files = (
				783008A41DE3B9A000B070D4 /* VideoComposition.swift in Sources */,
				7821C3BE1DEF7FFF0023B95E /* Image.swift in Sources */,
				785E87C81DED4C4F00C9FF59 /* VideoComposerViewController.swift in Sources */,
				E35AC48D1DE4D77200FCB0D0 /* AccountViewController.swift in Sources */,
				783008A91DE3B9A000B070D4 /* Extensions.swift in Sources */,
				E3C357A21DEF451E00AC0832 /* YPManager.swift in Sources */,
				E3D1D55F1DF11D700021942A /* Styles.swift in Sources */,
				78B369BC1DE7E040001ADD53 /* CompositionTestViewController.swift in Sources */,
				78469A5E1DE3958100A40D53 /* LoginViewController.swift in Sources */,
				785E87CA1DED4E5800C9FF59 /* VideoComposerCollectionViewCell.swift in Sources */,
				78C350471DF232AF005E8331 /* UserProfileViewController.swift in Sources */,
				78469A5C1DE3958100A40D53 /* AppDelegate.swift in Sources */,
				E35AC48B1DE4D76A00FCB0D0 /* CreateViewController.swift in Sources */,
				E3FE1F9D1DEA2C5700791B92 /* VideoCell.swift in Sources */,
				78CDA09F1DE5307C00ABC5E1 /* FIRManager.swift in Sources */,
				781E71521DF4EEE000041855 /* Post.swift in Sources */,
				783008A61DE3B9A000B070D4 /* MediaSelectorCollectionViewCell.swift in Sources */,
				E35AC4891DE4D75C00FCB0D0 /* BrowseViewController.swift in Sources */,
				78CDA09D1DE5307200ABC5E1 /* VideosListVC.swift in Sources */,
				783008AA1DE3B9A000B070D4 /* Constants.swift in Sources */,
				781E71501DF4E52A00041855 /* YelpViewController.swift in Sources */,
				7830089A1DE3B0B500B070D4 /* MeasurementHelper.swift in Sources */,
				78C3503D1DF126A6005E8331 /* BrowserTableViewCell.swift in Sources */,
				E3ECAFD91DE3CCB500F221AE /* Video.swift in Sources */,
				E30894861DE8C95000145551 /* Helpers.swift in Sources */,
				7821C3BA1DEF10F60023B95E /* TimeLapseBuilder.swift in Sources */,
				781E71461DF4086700041855 /* LocationButton.swift in Sources */,
				7830089C1DE3B2B100B070D4 /* AppState.swift in Sources */,
				E35AC4831DE4D00400FCB0D0 /* TabBarViewController.swift in Sources */,
				E3FE1FA11DEA2E6A00791B92 /* WatchViewController.swift in Sources */,
				7821C3C41DEF94350023B95E /* CameraViewController.swift in Sources */,
				E38E32B81DF3B6FC00631AEC /* ShowImageViewController.swift in Sources */,
				78B369BF1DE7F844001ADD53 /* TemplateListVC.swift in Sources */,
				783008A71DE3B9A000B070D4 /* MediaSelectorViewController.swift in Sources */,
				E3C357A41DEF484E00AC0832 /* Restaurant.swift in Sources */,
				78C350491DF28756005E8331 /* User.swift in Sources */,
			);
			runOnlyForDeploymentPostprocessing = 0;
		};
		78469A681DE3958100A40D53 /* Sources */ = {
			isa = PBXSourcesBuildPhase;
			buildActionMask = 2147483647;
			files = (
				78469A711DE3958100A40D53 /* BMeTests.swift in Sources */,
			);
			runOnlyForDeploymentPostprocessing = 0;
		};
		78469A731DE3958100A40D53 /* Sources */ = {
			isa = PBXSourcesBuildPhase;
			buildActionMask = 2147483647;
			files = (
				78469A7C1DE3958100A40D53 /* BMeUITests.swift in Sources */,
			);
			runOnlyForDeploymentPostprocessing = 0;
		};
/* End PBXSourcesBuildPhase section */

/* Begin PBXTargetDependency section */
		78469A6E1DE3958100A40D53 /* PBXTargetDependency */ = {
			isa = PBXTargetDependency;
			target = 78469A571DE3958000A40D53 /* BMe */;
			targetProxy = 78469A6D1DE3958100A40D53 /* PBXContainerItemProxy */;
		};
		78469A791DE3958100A40D53 /* PBXTargetDependency */ = {
			isa = PBXTargetDependency;
			target = 78469A571DE3958000A40D53 /* BMe */;
			targetProxy = 78469A781DE3958100A40D53 /* PBXContainerItemProxy */;
		};
/* End PBXTargetDependency section */

/* Begin PBXVariantGroup section */
		78469A5F1DE3958100A40D53 /* Main.storyboard */ = {
			isa = PBXVariantGroup;
			children = (
				78469A601DE3958100A40D53 /* Base */,
			);
			name = Main.storyboard;
			sourceTree = "<group>";
		};
		78469A641DE3958100A40D53 /* LaunchScreen.storyboard */ = {
			isa = PBXVariantGroup;
			children = (
				78469A651DE3958100A40D53 /* Base */,
			);
			name = LaunchScreen.storyboard;
			sourceTree = "<group>";
		};
/* End PBXVariantGroup section */

/* Begin XCBuildConfiguration section */
		78469A7E1DE3958100A40D53 /* Debug */ = {
			isa = XCBuildConfiguration;
			buildSettings = {
				ALWAYS_SEARCH_USER_PATHS = NO;
				CLANG_ANALYZER_NONNULL = YES;
				CLANG_CXX_LANGUAGE_STANDARD = "gnu++0x";
				CLANG_CXX_LIBRARY = "libc++";
				CLANG_ENABLE_MODULES = YES;
				CLANG_ENABLE_OBJC_ARC = YES;
				CLANG_WARN_BOOL_CONVERSION = YES;
				CLANG_WARN_CONSTANT_CONVERSION = YES;
				CLANG_WARN_DIRECT_OBJC_ISA_USAGE = YES_ERROR;
				CLANG_WARN_DOCUMENTATION_COMMENTS = YES;
				CLANG_WARN_EMPTY_BODY = YES;
				CLANG_WARN_ENUM_CONVERSION = YES;
				CLANG_WARN_INFINITE_RECURSION = YES;
				CLANG_WARN_INT_CONVERSION = YES;
				CLANG_WARN_OBJC_ROOT_CLASS = YES_ERROR;
				CLANG_WARN_SUSPICIOUS_MOVE = YES;
				CLANG_WARN_SUSPICIOUS_MOVES = YES;
				CLANG_WARN_UNREACHABLE_CODE = YES;
				CLANG_WARN__DUPLICATE_METHOD_MATCH = YES;
				"CODE_SIGN_IDENTITY[sdk=iphoneos*]" = "iPhone Developer";
				COPY_PHASE_STRIP = NO;
				DEBUG_INFORMATION_FORMAT = dwarf;
				ENABLE_STRICT_OBJC_MSGSEND = YES;
				ENABLE_TESTABILITY = YES;
				GCC_C_LANGUAGE_STANDARD = gnu99;
				GCC_DYNAMIC_NO_PIC = NO;
				GCC_NO_COMMON_BLOCKS = YES;
				GCC_OPTIMIZATION_LEVEL = 0;
				GCC_PREPROCESSOR_DEFINITIONS = (
					"DEBUG=1",
					"$(inherited)",
				);
				GCC_WARN_64_TO_32_BIT_CONVERSION = YES;
				GCC_WARN_ABOUT_RETURN_TYPE = YES_ERROR;
				GCC_WARN_UNDECLARED_SELECTOR = YES;
				GCC_WARN_UNINITIALIZED_AUTOS = YES_AGGRESSIVE;
				GCC_WARN_UNUSED_FUNCTION = YES;
				GCC_WARN_UNUSED_VARIABLE = YES;
				IPHONEOS_DEPLOYMENT_TARGET = 10.0;
				MTL_ENABLE_DEBUG_INFO = YES;
				ONLY_ACTIVE_ARCH = YES;
				SDKROOT = iphoneos;
				SWIFT_ACTIVE_COMPILATION_CONDITIONS = DEBUG;
				SWIFT_OPTIMIZATION_LEVEL = "-Onone";
			};
			name = Debug;
		};
		78469A7F1DE3958100A40D53 /* Release */ = {
			isa = XCBuildConfiguration;
			buildSettings = {
				ALWAYS_SEARCH_USER_PATHS = NO;
				CLANG_ANALYZER_NONNULL = YES;
				CLANG_CXX_LANGUAGE_STANDARD = "gnu++0x";
				CLANG_CXX_LIBRARY = "libc++";
				CLANG_ENABLE_MODULES = YES;
				CLANG_ENABLE_OBJC_ARC = YES;
				CLANG_WARN_BOOL_CONVERSION = YES;
				CLANG_WARN_CONSTANT_CONVERSION = YES;
				CLANG_WARN_DIRECT_OBJC_ISA_USAGE = YES_ERROR;
				CLANG_WARN_DOCUMENTATION_COMMENTS = YES;
				CLANG_WARN_EMPTY_BODY = YES;
				CLANG_WARN_ENUM_CONVERSION = YES;
				CLANG_WARN_INFINITE_RECURSION = YES;
				CLANG_WARN_INT_CONVERSION = YES;
				CLANG_WARN_OBJC_ROOT_CLASS = YES_ERROR;
				CLANG_WARN_SUSPICIOUS_MOVE = YES;
				CLANG_WARN_SUSPICIOUS_MOVES = YES;
				CLANG_WARN_UNREACHABLE_CODE = YES;
				CLANG_WARN__DUPLICATE_METHOD_MATCH = YES;
				"CODE_SIGN_IDENTITY[sdk=iphoneos*]" = "iPhone Developer";
				COPY_PHASE_STRIP = NO;
				DEBUG_INFORMATION_FORMAT = "dwarf-with-dsym";
				ENABLE_NS_ASSERTIONS = NO;
				ENABLE_STRICT_OBJC_MSGSEND = YES;
				GCC_C_LANGUAGE_STANDARD = gnu99;
				GCC_NO_COMMON_BLOCKS = YES;
				GCC_WARN_64_TO_32_BIT_CONVERSION = YES;
				GCC_WARN_ABOUT_RETURN_TYPE = YES_ERROR;
				GCC_WARN_UNDECLARED_SELECTOR = YES;
				GCC_WARN_UNINITIALIZED_AUTOS = YES_AGGRESSIVE;
				GCC_WARN_UNUSED_FUNCTION = YES;
				GCC_WARN_UNUSED_VARIABLE = YES;
				IPHONEOS_DEPLOYMENT_TARGET = 10.0;
				MTL_ENABLE_DEBUG_INFO = NO;
				SDKROOT = iphoneos;
				SWIFT_OPTIMIZATION_LEVEL = "-Owholemodule";
				VALIDATE_PRODUCT = YES;
			};
			name = Release;
		};
		78469A811DE3958100A40D53 /* Debug */ = {
			isa = XCBuildConfiguration;
			baseConfigurationReference = EF9B8E045282684264E31D83 /* Pods-BMe.debug.xcconfig */;
			buildSettings = {
				ASSETCATALOG_COMPILER_APPICON_NAME = AppIcon;
				DEVELOPMENT_TEAM = Y4GA6H5JHE;
				INFOPLIST_FILE = BMe/Info.plist;
				LD_RUNPATH_SEARCH_PATHS = "$(inherited) @executable_path/Frameworks";
				PRODUCT_BUNDLE_IDENTIFIER = com.op.BMe;
				PRODUCT_NAME = "$(TARGET_NAME)";
				SWIFT_OBJC_BRIDGING_HEADER = "";
				SWIFT_OPTIMIZATION_LEVEL = "-Onone";
				SWIFT_VERSION = 3.0;
			};
			name = Debug;
		};
		78469A821DE3958100A40D53 /* Release */ = {
			isa = XCBuildConfiguration;
			baseConfigurationReference = 1B3943A2C1F5F5DBD966A650 /* Pods-BMe.release.xcconfig */;
			buildSettings = {
				ASSETCATALOG_COMPILER_APPICON_NAME = AppIcon;
				DEVELOPMENT_TEAM = Y4GA6H5JHE;
				INFOPLIST_FILE = BMe/Info.plist;
				LD_RUNPATH_SEARCH_PATHS = "$(inherited) @executable_path/Frameworks";
				PRODUCT_BUNDLE_IDENTIFIER = com.op.BMe;
				PRODUCT_NAME = "$(TARGET_NAME)";
				SWIFT_OBJC_BRIDGING_HEADER = "";
				SWIFT_VERSION = 3.0;
			};
			name = Release;
		};
		78469A841DE3958100A40D53 /* Debug */ = {
			isa = XCBuildConfiguration;
			baseConfigurationReference = 86BFB4E3203608C3B4F447D0 /* Pods-BMeTests.debug.xcconfig */;
			buildSettings = {
				ALWAYS_EMBED_SWIFT_STANDARD_LIBRARIES = YES;
				BUNDLE_LOADER = "$(TEST_HOST)";
				DEVELOPMENT_TEAM = Y4GA6H5JHE;
				INFOPLIST_FILE = BMeTests/Info.plist;
				LD_RUNPATH_SEARCH_PATHS = "$(inherited) @executable_path/Frameworks @loader_path/Frameworks";
				PRODUCT_BUNDLE_IDENTIFIER = com.op.BMeTests;
				PRODUCT_NAME = "$(TARGET_NAME)";
				SWIFT_VERSION = 3.0;
				TEST_HOST = "$(BUILT_PRODUCTS_DIR)/BMe.app/BMe";
			};
			name = Debug;
		};
		78469A851DE3958100A40D53 /* Release */ = {
			isa = XCBuildConfiguration;
			baseConfigurationReference = 500EAC6FA5C71681BCC723C6 /* Pods-BMeTests.release.xcconfig */;
			buildSettings = {
				ALWAYS_EMBED_SWIFT_STANDARD_LIBRARIES = YES;
				BUNDLE_LOADER = "$(TEST_HOST)";
				DEVELOPMENT_TEAM = Y4GA6H5JHE;
				INFOPLIST_FILE = BMeTests/Info.plist;
				LD_RUNPATH_SEARCH_PATHS = "$(inherited) @executable_path/Frameworks @loader_path/Frameworks";
				PRODUCT_BUNDLE_IDENTIFIER = com.op.BMeTests;
				PRODUCT_NAME = "$(TARGET_NAME)";
				SWIFT_VERSION = 3.0;
				TEST_HOST = "$(BUILT_PRODUCTS_DIR)/BMe.app/BMe";
			};
			name = Release;
		};
		78469A871DE3958100A40D53 /* Debug */ = {
			isa = XCBuildConfiguration;
			baseConfigurationReference = 3B904E80464934303F529DA3 /* Pods-BMeUITests.debug.xcconfig */;
			buildSettings = {
				ALWAYS_EMBED_SWIFT_STANDARD_LIBRARIES = YES;
				DEVELOPMENT_TEAM = Y4GA6H5JHE;
				INFOPLIST_FILE = BMeUITests/Info.plist;
				LD_RUNPATH_SEARCH_PATHS = "$(inherited) @executable_path/Frameworks @loader_path/Frameworks";
				PRODUCT_BUNDLE_IDENTIFIER = com.op.BMeUITests;
				PRODUCT_NAME = "$(TARGET_NAME)";
				SWIFT_VERSION = 3.0;
				TEST_TARGET_NAME = BMe;
			};
			name = Debug;
		};
		78469A881DE3958100A40D53 /* Release */ = {
			isa = XCBuildConfiguration;
			baseConfigurationReference = E7764343275603CBAE9394EC /* Pods-BMeUITests.release.xcconfig */;
			buildSettings = {
				ALWAYS_EMBED_SWIFT_STANDARD_LIBRARIES = YES;
				DEVELOPMENT_TEAM = Y4GA6H5JHE;
				INFOPLIST_FILE = BMeUITests/Info.plist;
				LD_RUNPATH_SEARCH_PATHS = "$(inherited) @executable_path/Frameworks @loader_path/Frameworks";
				PRODUCT_BUNDLE_IDENTIFIER = com.op.BMeUITests;
				PRODUCT_NAME = "$(TARGET_NAME)";
				SWIFT_VERSION = 3.0;
				TEST_TARGET_NAME = BMe;
			};
			name = Release;
		};
/* End XCBuildConfiguration section */

/* Begin XCConfigurationList section */
		78469A531DE3958000A40D53 /* Build configuration list for PBXProject "BMe" */ = {
			isa = XCConfigurationList;
			buildConfigurations = (
				78469A7E1DE3958100A40D53 /* Debug */,
				78469A7F1DE3958100A40D53 /* Release */,
			);
			defaultConfigurationIsVisible = 0;
			defaultConfigurationName = Release;
		};
		78469A801DE3958100A40D53 /* Build configuration list for PBXNativeTarget "BMe" */ = {
			isa = XCConfigurationList;
			buildConfigurations = (
				78469A811DE3958100A40D53 /* Debug */,
				78469A821DE3958100A40D53 /* Release */,
			);
			defaultConfigurationIsVisible = 0;
			defaultConfigurationName = Release;
		};
		78469A831DE3958100A40D53 /* Build configuration list for PBXNativeTarget "BMeTests" */ = {
			isa = XCConfigurationList;
			buildConfigurations = (
				78469A841DE3958100A40D53 /* Debug */,
				78469A851DE3958100A40D53 /* Release */,
			);
			defaultConfigurationIsVisible = 0;
			defaultConfigurationName = Release;
		};
		78469A861DE3958100A40D53 /* Build configuration list for PBXNativeTarget "BMeUITests" */ = {
			isa = XCConfigurationList;
			buildConfigurations = (
				78469A871DE3958100A40D53 /* Debug */,
				78469A881DE3958100A40D53 /* Release */,
			);
			defaultConfigurationIsVisible = 0;
			defaultConfigurationName = Release;
		};
/* End XCConfigurationList section */
	};
	rootObject = 78469A501DE3958000A40D53 /* Project object */;
}
