// !$*UTF8*$!
{
	archiveVersion = 1;
	classes = {
	};
	objectVersion = 46;
	objects = {

/* Begin PBXBuildFile section */
		254F915EC76BE78350CEE7B5 /* Pods_BMe.framework in Frameworks */ = {isa = PBXBuildFile; fileRef = 40191E5B9CEF388CFBDD07FC /* Pods_BMe.framework */; };
		4216315A1E42991100E644A5 /* ProfileCollectionViewCell.swift in Sources */ = {isa = PBXBuildFile; fileRef = 421631591E42991100E644A5 /* ProfileCollectionViewCell.swift */; };
		4216315C1E42ACB900E644A5 /* View.swift in Sources */ = {isa = PBXBuildFile; fileRef = 4216315B1E42ACB900E644A5 /* View.swift */; };
		4216315E1E43C26600E644A5 /* ProfileTableCollectionViewCell.swift in Sources */ = {isa = PBXBuildFile; fileRef = 4216315D1E43C26600E644A5 /* ProfileTableCollectionViewCell.swift */; };
		421631601E43DC1A00E644A5 /* PhotoGridFlowLayout.swift in Sources */ = {isa = PBXBuildFile; fileRef = 4216315F1E43DC1A00E644A5 /* PhotoGridFlowLayout.swift */; };
		421631621E43DC2A00E644A5 /* PhotoListFlowLayout.swift in Sources */ = {isa = PBXBuildFile; fileRef = 421631611E43DC2A00E644A5 /* PhotoListFlowLayout.swift */; };
		426A4AF11E54EBAE001262DD /* BarView.swift in Sources */ = {isa = PBXBuildFile; fileRef = 426A4AF01E54EBAE001262DD /* BarView.swift */; };
		4276E9331E3FFDA40020992D /* ProfileViewController.swift in Sources */ = {isa = PBXBuildFile; fileRef = 4276E9321E3FFDA40020992D /* ProfileViewController.swift */; };
		4276E9351E3FFDCA0020992D /* profile.storyboard in Resources */ = {isa = PBXBuildFile; fileRef = 4276E9341E3FFDCA0020992D /* profile.storyboard */; };
		781C3C941E55664C00F53B14 /* HomeViewController.swift in Sources */ = {isa = PBXBuildFile; fileRef = 781C3C931E55664C00F53B14 /* HomeViewController.swift */; };
		781C3C981E562D5E00F53B14 /* CollageCollectionViewCell.swift in Sources */ = {isa = PBXBuildFile; fileRef = 781C3C961E562D5E00F53B14 /* CollageCollectionViewCell.swift */; };
		781C3C991E562D5E00F53B14 /* CollageCollectionViewCell.xib in Resources */ = {isa = PBXBuildFile; fileRef = 781C3C971E562D5E00F53B14 /* CollageCollectionViewCell.xib */; };
		781C3C9F1E5632FE00F53B14 /* CollageCollectionViewController.swift in Sources */ = {isa = PBXBuildFile; fileRef = 781C3C9E1E5632FE00F53B14 /* CollageCollectionViewController.swift */; };
		781E713E1DF401A100041855 /* sound-wave.png in Resources */ = {isa = PBXBuildFile; fileRef = 781E713D1DF401A100041855 /* sound-wave.png */; };
		781E71401DF4036E00041855 /* sound-wave-yellow.png in Resources */ = {isa = PBXBuildFile; fileRef = 781E713F1DF4036E00041855 /* sound-wave-yellow.png */; };
		781E71431DF407F600041855 /* location-yellow.png in Resources */ = {isa = PBXBuildFile; fileRef = 781E71411DF407F600041855 /* location-yellow.png */; };
		781E71441DF407F600041855 /* location.png in Resources */ = {isa = PBXBuildFile; fileRef = 781E71421DF407F600041855 /* location.png */; };
		781E71591DF5330E00041855 /* circle-white.png in Resources */ = {isa = PBXBuildFile; fileRef = 781E71571DF5330E00041855 /* circle-white.png */; };
		781E715A1DF5330E00041855 /* circle-yellow.png in Resources */ = {isa = PBXBuildFile; fileRef = 781E71581DF5330E00041855 /* circle-yellow.png */; };
		781E715D1DF53D1E00041855 /* home-white.png in Resources */ = {isa = PBXBuildFile; fileRef = 781E715B1DF53D1E00041855 /* home-white.png */; };
		781E715E1DF53D1E00041855 /* home-yellow.png in Resources */ = {isa = PBXBuildFile; fileRef = 781E715C1DF53D1E00041855 /* home-yellow.png */; };
		781E71621DF5DF4000041855 /* black_truffle.jpg in Resources */ = {isa = PBXBuildFile; fileRef = 781E71611DF5DF4000041855 /* black_truffle.jpg */; };
		7830089A1DE3B0B500B070D4 /* MeasurementHelper.swift in Sources */ = {isa = PBXBuildFile; fileRef = 783008991DE3B0B500B070D4 /* MeasurementHelper.swift */; };
		783008A91DE3B9A000B070D4 /* Extensions.swift in Sources */ = {isa = PBXBuildFile; fileRef = 783008A21DE3B9A000B070D4 /* Extensions.swift */; };
		783008AA1DE3B9A000B070D4 /* Constants.swift in Sources */ = {isa = PBXBuildFile; fileRef = 783008A31DE3B9A000B070D4 /* Constants.swift */; };
		78337D8D1DE3AC6600A1B32C /* GoogleService-Info.plist in Resources */ = {isa = PBXBuildFile; fileRef = 78337D8C1DE3AC6600A1B32C /* GoogleService-Info.plist */; };
		783560931E4CF5E500B9FD8D /* FIRObjects.swift in Sources */ = {isa = PBXBuildFile; fileRef = 783560921E4CF5E500B9FD8D /* FIRObjects.swift */; };
		7837A20C1DF8B898000CB9CB /* raincheck-black.png in Resources */ = {isa = PBXBuildFile; fileRef = 7837A2061DF8B898000CB9CB /* raincheck-black.png */; };
		7837A20D1DF8B898000CB9CB /* raincheck-blue.png in Resources */ = {isa = PBXBuildFile; fileRef = 7837A2071DF8B898000CB9CB /* raincheck-blue.png */; };
		7837A20E1DF8B898000CB9CB /* raincheck-closed.png in Resources */ = {isa = PBXBuildFile; fileRef = 7837A2081DF8B898000CB9CB /* raincheck-closed.png */; };
		7837A20F1DF8B898000CB9CB /* raincheck-gray.png in Resources */ = {isa = PBXBuildFile; fileRef = 7837A2091DF8B898000CB9CB /* raincheck-gray.png */; };
		7837A2101DF8B898000CB9CB /* raincheck-yellow.png in Resources */ = {isa = PBXBuildFile; fileRef = 7837A20A1DF8B898000CB9CB /* raincheck-yellow.png */; };
		7837A2111DF8B898000CB9CB /* raincheck.png in Resources */ = {isa = PBXBuildFile; fileRef = 7837A20B1DF8B898000CB9CB /* raincheck.png */; };
		7837A2191DF959F2000CB9CB /* heart-yellow.png in Resources */ = {isa = PBXBuildFile; fileRef = 7837A2141DF959F2000CB9CB /* heart-yellow.png */; };
		7837A21A1DF959F2000CB9CB /* heart-black.png in Resources */ = {isa = PBXBuildFile; fileRef = 7837A2151DF959F2000CB9CB /* heart-black.png */; };
		7837A21B1DF959F2000CB9CB /* heart-blue.png in Resources */ = {isa = PBXBuildFile; fileRef = 7837A2161DF959F2000CB9CB /* heart-blue.png */; };
		7837A21C1DF959F2000CB9CB /* heart-gray.png in Resources */ = {isa = PBXBuildFile; fileRef = 7837A2171DF959F2000CB9CB /* heart-gray.png */; };
		7837A21D1DF959F2000CB9CB /* heart.png in Resources */ = {isa = PBXBuildFile; fileRef = 7837A2181DF959F2000CB9CB /* heart.png */; };
		7837A21F1DF95A43000CB9CB /* FIRButton.swift in Sources */ = {isa = PBXBuildFile; fileRef = 7837A21E1DF95A43000CB9CB /* FIRButton.swift */; };
		783DE0C01E533D2400C61EB7 /* MatchupCollectionViewCell.xib in Resources */ = {isa = PBXBuildFile; fileRef = 783DE0BF1E533D2400C61EB7 /* MatchupCollectionViewCell.xib */; };
		783DE0C51E533D4D00C61EB7 /* MatchupCollectionViewCell.swift in Sources */ = {isa = PBXBuildFile; fileRef = 783DE0C41E533D4D00C61EB7 /* MatchupCollectionViewCell.swift */; };
		783DE0C71E533EB600C61EB7 /* MatchupCollectionViewController.swift in Sources */ = {isa = PBXBuildFile; fileRef = 783DE0C61E533EB600C61EB7 /* MatchupCollectionViewController.swift */; };
		78469A5C1DE3958100A40D53 /* AppDelegate.swift in Sources */ = {isa = PBXBuildFile; fileRef = 78469A5B1DE3958100A40D53 /* AppDelegate.swift */; };
		78469A5E1DE3958100A40D53 /* LoginViewController.swift in Sources */ = {isa = PBXBuildFile; fileRef = 78469A5D1DE3958100A40D53 /* LoginViewController.swift */; };
		78469A631DE3958100A40D53 /* Assets.xcassets in Resources */ = {isa = PBXBuildFile; fileRef = 78469A621DE3958100A40D53 /* Assets.xcassets */; };
		78469A661DE3958100A40D53 /* LaunchScreen.storyboard in Resources */ = {isa = PBXBuildFile; fileRef = 78469A641DE3958100A40D53 /* LaunchScreen.storyboard */; };
		7851239C1DF9F66800B70CC4 /* logout.png in Resources */ = {isa = PBXBuildFile; fileRef = 7851239B1DF9F66800B70CC4 /* logout.png */; };
		785E87C61DED445000C9FF59 /* Play image- white.png in Resources */ = {isa = PBXBuildFile; fileRef = 785E87C51DED445000C9FF59 /* Play image- white.png */; };
		7870B85A1E45537100B754D6 /* Home.storyboard in Resources */ = {isa = PBXBuildFile; fileRef = 7870B8591E45537100B754D6 /* Home.storyboard */; };
		7870B85F1E468DAF00B754D6 /* FIR.swift in Sources */ = {isa = PBXBuildFile; fileRef = 7870B85E1E468DAF00B754D6 /* FIR.swift */; };
		788C4D771E4E88400028EC9B /* GPUImage.framework in CopyFiles */ = {isa = PBXBuildFile; fileRef = 788C4D761E4E87CC0028EC9B /* GPUImage.framework */; settings = {ATTRIBUTES = (CodeSignOnCopy, RemoveHeadersOnCopy, ); }; };
		78B0FDF01E496DCD004F4E4E /* Matchup.swift in Sources */ = {isa = PBXBuildFile; fileRef = 78B0FDEF1E496DCD004F4E4E /* Matchup.swift */; };
		78B56A021DF5E7AE00A13915 /* UserProfile.swift in Sources */ = {isa = PBXBuildFile; fileRef = 78B56A011DF5E7AE00A13915 /* UserProfile.swift */; };
		78B56A061DF5EBFB00A13915 /* error.png in Resources */ = {isa = PBXBuildFile; fileRef = 78B56A051DF5EBFB00A13915 /* error.png */; };
		78B56A091DF5FD1B00A13915 /* user-white.png in Resources */ = {isa = PBXBuildFile; fileRef = 78B56A071DF5FD1B00A13915 /* user-white.png */; };
		78B56A0A1DF5FD1B00A13915 /* user-yellow.png in Resources */ = {isa = PBXBuildFile; fileRef = 78B56A081DF5FD1B00A13915 /* user-yellow.png */; };
		78BCDF311DF7464D002D399E /* cross-white.png in Resources */ = {isa = PBXBuildFile; fileRef = 78BCDF2F1DF7464D002D399E /* cross-white.png */; };
		78BCDF321DF7464D002D399E /* cross-yellow.png in Resources */ = {isa = PBXBuildFile; fileRef = 78BCDF301DF7464D002D399E /* cross-yellow.png */; };
		78BCDF341DF74663002D399E /* CrossButton.swift in Sources */ = {isa = PBXBuildFile; fileRef = 78BCDF331DF74663002D399E /* CrossButton.swift */; };
		78BCDF391DF74A15002D399E /* NextButton.swift in Sources */ = {isa = PBXBuildFile; fileRef = 78BCDF381DF74A15002D399E /* NextButton.swift */; };
		78BCDF3C1DF74ABC002D399E /* nextarrow-yellow.png in Resources */ = {isa = PBXBuildFile; fileRef = 78BCDF3A1DF74ABC002D399E /* nextarrow-yellow.png */; };
		78BCDF3D1DF74ABC002D399E /* nextarrow.png in Resources */ = {isa = PBXBuildFile; fileRef = 78BCDF3B1DF74ABC002D399E /* nextarrow.png */; };
		78BCDF3F1DF751E8002D399E /* BusyView.swift in Sources */ = {isa = PBXBuildFile; fileRef = 78BCDF3E1DF751E8002D399E /* BusyView.swift */; };
		78BCDF411DF75204002D399E /* BusyView.xib in Resources */ = {isa = PBXBuildFile; fileRef = 78BCDF401DF75204002D399E /* BusyView.xib */; };
		78BCDF431DF752F9002D399E /* hook-black.png in Resources */ = {isa = PBXBuildFile; fileRef = 78BCDF421DF752F9002D399E /* hook-black.png */; };
		78BCDF461DF75D16002D399E /* hook-yellow.png in Resources */ = {isa = PBXBuildFile; fileRef = 78BCDF441DF75D16002D399E /* hook-yellow.png */; };
		78BCDF471DF75D16002D399E /* hook.png in Resources */ = {isa = PBXBuildFile; fileRef = 78BCDF451DF75D16002D399E /* hook.png */; };
		78BCDF491DF7643D002D399E /* hook-blue.png in Resources */ = {isa = PBXBuildFile; fileRef = 78BCDF481DF7643D002D399E /* hook-blue.png */; };
		78C3503F1DF12E17005E8331 /* blank user avatar.jpeg in Resources */ = {isa = PBXBuildFile; fileRef = 78C3503E1DF12E17005E8331 /* blank user avatar.jpeg */; };
		78C350491DF28756005E8331 /* UserAccount.swift in Sources */ = {isa = PBXBuildFile; fileRef = 78C350481DF28756005E8331 /* UserAccount.swift */; };
		78D1783B1E48F8AD004B7840 /* JSONStack.swift in Sources */ = {isa = PBXBuildFile; fileRef = 78D1783A1E48F8AD004B7840 /* JSONStack.swift */; };
		78F511361DF6D0860074050F /* WhiteRevealOverlayView.swift in Sources */ = {isa = PBXBuildFile; fileRef = 78F511351DF6D0860074050F /* WhiteRevealOverlayView.swift */; };
		78F511381DF6D09E0074050F /* WhiteRevealOverlayView.xib in Resources */ = {isa = PBXBuildFile; fileRef = 78F511371DF6D09E0074050F /* WhiteRevealOverlayView.xib */; };
		BF4130181E55670800F08B91 /* UsePost.swift in Sources */ = {isa = PBXBuildFile; fileRef = BF4130171E55670800F08B91 /* UsePost.swift */; };
		BFDE7F6D1E4C1CAE00AA38A7 /* Post.swift in Sources */ = {isa = PBXBuildFile; fileRef = BFDE7F6C1E4C1CAE00AA38A7 /* Post.swift */; };
		BFDE7F6F1E4C1D1B00AA38A7 /* Image.swift in Sources */ = {isa = PBXBuildFile; fileRef = BFDE7F6E1E4C1D1B00AA38A7 /* Image.swift */; };
		BFDE7F711E4C1D5200AA38A7 /* JSONObject.swift in Sources */ = {isa = PBXBuildFile; fileRef = BFDE7F701E4C1D5200AA38A7 /* JSONObject.swift */; };
		BFF9AE971E39BBE90012C1F2 /* SignUpViewController.swift in Sources */ = {isa = PBXBuildFile; fileRef = BFF9AE961E39BBE90012C1F2 /* SignUpViewController.swift */; };
		BFF9AE9B1E3D90020012C1F2 /* Main.storyboard in Resources */ = {isa = PBXBuildFile; fileRef = BFF9AE9A1E3D90020012C1F2 /* Main.storyboard */; };
		BFF9AE9D1E3D90540012C1F2 /* MainViewController.swift in Sources */ = {isa = PBXBuildFile; fileRef = BFF9AE9C1E3D90540012C1F2 /* MainViewController.swift */; };
		E35AC4831DE4D00400FCB0D0 /* TabBarViewController.swift in Sources */ = {isa = PBXBuildFile; fileRef = E35AC4821DE4D00400FCB0D0 /* TabBarViewController.swift */; };
		E35AC4871DE4D0F500FCB0D0 /* TabBar.storyboard in Resources */ = {isa = PBXBuildFile; fileRef = E35AC4861DE4D0F500FCB0D0 /* TabBar.storyboard */; };
		E3AA3CC41E4D100E00C10F2A /* Index.swift in Sources */ = {isa = PBXBuildFile; fileRef = E3AA3CC31E4D100E00C10F2A /* Index.swift */; };
		E3D1D55F1DF11D700021942A /* Styles.swift in Sources */ = {isa = PBXBuildFile; fileRef = E3D1D55E1DF11D700021942A /* Styles.swift */; };
		E3DC85061E450EBA0017E6A2 /* alcatraz.jpg in Resources */ = {isa = PBXBuildFile; fileRef = E3DC85051E450EBA0017E6A2 /* alcatraz.jpg */; };
		E3DC85161E450EDC0017E6A2 /* Camera.storyboard in Resources */ = {isa = PBXBuildFile; fileRef = E3DC85071E450EDC0017E6A2 /* Camera.storyboard */; };
		E3DC85171E450EDC0017E6A2 /* CameraViewController.swift in Sources */ = {isa = PBXBuildFile; fileRef = E3DC85081E450EDC0017E6A2 /* CameraViewController.swift */; };
		E3DC85181E450EDC0017E6A2 /* chinatown.jpg in Resources */ = {isa = PBXBuildFile; fileRef = E3DC85091E450EDC0017E6A2 /* chinatown.jpg */; };
		E3DC85191E450EDC0017E6A2 /* Color.swift in Sources */ = {isa = PBXBuildFile; fileRef = E3DC850A1E450EDC0017E6A2 /* Color.swift */; };
		E3DC851A1E450EDC0017E6A2 /* Filter.swift in Sources */ = {isa = PBXBuildFile; fileRef = E3DC850B1E450EDC0017E6A2 /* Filter.swift */; };
		E3DC851B1E450EDC0017E6A2 /* golden_gate_bridge.jpg in Resources */ = {isa = PBXBuildFile; fileRef = E3DC850C1E450EDC0017E6A2 /* golden_gate_bridge.jpg */; };
		E3DC851D1E450EDC0017E6A2 /* lookup_amatorka.png in Resources */ = {isa = PBXBuildFile; fileRef = E3DC850E1E450EDC0017E6A2 /* lookup_amatorka.png */; };
		E3DC851E1E450EDC0017E6A2 /* lookup_miss_etikate.png in Resources */ = {isa = PBXBuildFile; fileRef = E3DC850F1E450EDC0017E6A2 /* lookup_miss_etikate.png */; };
		E3DC851F1E450EDC0017E6A2 /* lookup_soft_elegance_1.png in Resources */ = {isa = PBXBuildFile; fileRef = E3DC85101E450EDC0017E6A2 /* lookup_soft_elegance_1.png */; };
		E3DC85201E450EDC0017E6A2 /* lookup_soft_elegance_2.png in Resources */ = {isa = PBXBuildFile; fileRef = E3DC85111E450EDC0017E6A2 /* lookup_soft_elegance_2.png */; };
		E3DC85211E450EDC0017E6A2 /* lookup.png in Resources */ = {isa = PBXBuildFile; fileRef = E3DC85121E450EDC0017E6A2 /* lookup.png */; };
		E3DC85221E450EDC0017E6A2 /* montgomery.jpg in Resources */ = {isa = PBXBuildFile; fileRef = E3DC85131E450EDC0017E6A2 /* montgomery.jpg */; };
		E3DC85231E450EDC0017E6A2 /* transamerica.jpg in Resources */ = {isa = PBXBuildFile; fileRef = E3DC85141E450EDC0017E6A2 /* transamerica.jpg */; };
		E3DC85241E450EDC0017E6A2 /* BubbleCollectionViewCell.swift in Sources */ = {isa = PBXBuildFile; fileRef = E3DC85151E450EDC0017E6A2 /* BubbleCollectionViewCell.swift */; };
/* End PBXBuildFile section */

/* Begin PBXContainerItemProxy section */
		788C4D731E4E87CC0028EC9B /* PBXContainerItemProxy */ = {
			isa = PBXContainerItemProxy;
			containerPortal = 788C4D6D1E4E87CC0028EC9B /* GPUImage.xcodeproj */;
			proxyType = 2;
			remoteGlobalIDString = BCF1A33414DDB1EC00852800;
			remoteInfo = GPUImage;
		};
		788C4D751E4E87CC0028EC9B /* PBXContainerItemProxy */ = {
			isa = PBXContainerItemProxy;
			containerPortal = 788C4D6D1E4E87CC0028EC9B /* GPUImage.xcodeproj */;
			proxyType = 2;
			remoteGlobalIDString = BCE209E51943F20C002FEED8;
			remoteInfo = GPUImageFramework;
		};
/* End PBXContainerItemProxy section */

/* Begin PBXCopyFilesBuildPhase section */
		E3ECAFE01DE3F00600F221AE /* CopyFiles */ = {
			isa = PBXCopyFilesBuildPhase;
			buildActionMask = 2147483647;
			dstPath = "";
			dstSubfolderSpec = 10;
			files = (
				788C4D771E4E88400028EC9B /* GPUImage.framework in CopyFiles */,
			);
			runOnlyForDeploymentPostprocessing = 0;
		};
/* End PBXCopyFilesBuildPhase section */

/* Begin PBXFileReference section */
		1B3943A2C1F5F5DBD966A650 /* Pods-BMe.release.xcconfig */ = {isa = PBXFileReference; includeInIndex = 1; lastKnownFileType = text.xcconfig; name = "Pods-BMe.release.xcconfig"; path = "Pods/Target Support Files/Pods-BMe/Pods-BMe.release.xcconfig"; sourceTree = "<group>"; };
		3B904E80464934303F529DA3 /* Pods-BMeUITests.debug.xcconfig */ = {isa = PBXFileReference; includeInIndex = 1; lastKnownFileType = text.xcconfig; name = "Pods-BMeUITests.debug.xcconfig"; path = "Pods/Target Support Files/Pods-BMeUITests/Pods-BMeUITests.debug.xcconfig"; sourceTree = "<group>"; };
		40191E5B9CEF388CFBDD07FC /* Pods_BMe.framework */ = {isa = PBXFileReference; explicitFileType = wrapper.framework; includeInIndex = 0; path = Pods_BMe.framework; sourceTree = BUILT_PRODUCTS_DIR; };
		421631591E42991100E644A5 /* ProfileCollectionViewCell.swift */ = {isa = PBXFileReference; fileEncoding = 4; lastKnownFileType = sourcecode.swift; path = ProfileCollectionViewCell.swift; sourceTree = "<group>"; };
		4216315B1E42ACB900E644A5 /* View.swift */ = {isa = PBXFileReference; fileEncoding = 4; lastKnownFileType = sourcecode.swift; path = View.swift; sourceTree = "<group>"; };
		4216315D1E43C26600E644A5 /* ProfileTableCollectionViewCell.swift */ = {isa = PBXFileReference; fileEncoding = 4; lastKnownFileType = sourcecode.swift; path = ProfileTableCollectionViewCell.swift; sourceTree = "<group>"; };
		4216315F1E43DC1A00E644A5 /* PhotoGridFlowLayout.swift */ = {isa = PBXFileReference; fileEncoding = 4; lastKnownFileType = sourcecode.swift; path = PhotoGridFlowLayout.swift; sourceTree = "<group>"; };
		421631611E43DC2A00E644A5 /* PhotoListFlowLayout.swift */ = {isa = PBXFileReference; fileEncoding = 4; lastKnownFileType = sourcecode.swift; path = PhotoListFlowLayout.swift; sourceTree = "<group>"; };
		426A4AF01E54EBAE001262DD /* BarView.swift */ = {isa = PBXFileReference; fileEncoding = 4; lastKnownFileType = sourcecode.swift; path = BarView.swift; sourceTree = "<group>"; };
		4276E9321E3FFDA40020992D /* ProfileViewController.swift */ = {isa = PBXFileReference; fileEncoding = 4; lastKnownFileType = sourcecode.swift; path = ProfileViewController.swift; sourceTree = "<group>"; };
		4276E9341E3FFDCA0020992D /* profile.storyboard */ = {isa = PBXFileReference; fileEncoding = 4; lastKnownFileType = file.storyboard; path = profile.storyboard; sourceTree = "<group>"; };
		500EAC6FA5C71681BCC723C6 /* Pods-BMeTests.release.xcconfig */ = {isa = PBXFileReference; includeInIndex = 1; lastKnownFileType = text.xcconfig; name = "Pods-BMeTests.release.xcconfig"; path = "Pods/Target Support Files/Pods-BMeTests/Pods-BMeTests.release.xcconfig"; sourceTree = "<group>"; };
		781C3C931E55664C00F53B14 /* HomeViewController.swift */ = {isa = PBXFileReference; fileEncoding = 4; lastKnownFileType = sourcecode.swift; path = HomeViewController.swift; sourceTree = "<group>"; };
		781C3C961E562D5E00F53B14 /* CollageCollectionViewCell.swift */ = {isa = PBXFileReference; fileEncoding = 4; lastKnownFileType = sourcecode.swift; path = CollageCollectionViewCell.swift; sourceTree = "<group>"; };
		781C3C971E562D5E00F53B14 /* CollageCollectionViewCell.xib */ = {isa = PBXFileReference; fileEncoding = 4; lastKnownFileType = file.xib; path = CollageCollectionViewCell.xib; sourceTree = "<group>"; };
		781C3C9E1E5632FE00F53B14 /* CollageCollectionViewController.swift */ = {isa = PBXFileReference; fileEncoding = 4; lastKnownFileType = sourcecode.swift; path = CollageCollectionViewController.swift; sourceTree = "<group>"; };
		781E713D1DF401A100041855 /* sound-wave.png */ = {isa = PBXFileReference; lastKnownFileType = image.png; path = "sound-wave.png"; sourceTree = "<group>"; };
		781E713F1DF4036E00041855 /* sound-wave-yellow.png */ = {isa = PBXFileReference; lastKnownFileType = image.png; path = "sound-wave-yellow.png"; sourceTree = "<group>"; };
		781E71411DF407F600041855 /* location-yellow.png */ = {isa = PBXFileReference; lastKnownFileType = image.png; path = "location-yellow.png"; sourceTree = "<group>"; };
		781E71421DF407F600041855 /* location.png */ = {isa = PBXFileReference; lastKnownFileType = image.png; path = location.png; sourceTree = "<group>"; };
		781E71571DF5330E00041855 /* circle-white.png */ = {isa = PBXFileReference; lastKnownFileType = image.png; path = "circle-white.png"; sourceTree = "<group>"; };
		781E71581DF5330E00041855 /* circle-yellow.png */ = {isa = PBXFileReference; lastKnownFileType = image.png; path = "circle-yellow.png"; sourceTree = "<group>"; };
		781E715B1DF53D1E00041855 /* home-white.png */ = {isa = PBXFileReference; lastKnownFileType = image.png; path = "home-white.png"; sourceTree = "<group>"; };
		781E715C1DF53D1E00041855 /* home-yellow.png */ = {isa = PBXFileReference; lastKnownFileType = image.png; path = "home-yellow.png"; sourceTree = "<group>"; };
		781E71611DF5DF4000041855 /* black_truffle.jpg */ = {isa = PBXFileReference; lastKnownFileType = image.jpeg; path = black_truffle.jpg; sourceTree = "<group>"; };
		783008991DE3B0B500B070D4 /* MeasurementHelper.swift */ = {isa = PBXFileReference; fileEncoding = 4; lastKnownFileType = sourcecode.swift; path = MeasurementHelper.swift; sourceTree = "<group>"; };
		783008A21DE3B9A000B070D4 /* Extensions.swift */ = {isa = PBXFileReference; fileEncoding = 4; lastKnownFileType = sourcecode.swift; path = Extensions.swift; sourceTree = "<group>"; };
		783008A31DE3B9A000B070D4 /* Constants.swift */ = {isa = PBXFileReference; fileEncoding = 4; lastKnownFileType = sourcecode.swift; path = Constants.swift; sourceTree = "<group>"; };
		78337D8C1DE3AC6600A1B32C /* GoogleService-Info.plist */ = {isa = PBXFileReference; fileEncoding = 4; lastKnownFileType = text.plist.xml; path = "GoogleService-Info.plist"; sourceTree = "<group>"; };
		783560921E4CF5E500B9FD8D /* FIRObjects.swift */ = {isa = PBXFileReference; fileEncoding = 4; lastKnownFileType = sourcecode.swift; path = FIRObjects.swift; sourceTree = "<group>"; };
		7837A2061DF8B898000CB9CB /* raincheck-black.png */ = {isa = PBXFileReference; lastKnownFileType = image.png; path = "raincheck-black.png"; sourceTree = "<group>"; };
		7837A2071DF8B898000CB9CB /* raincheck-blue.png */ = {isa = PBXFileReference; lastKnownFileType = image.png; path = "raincheck-blue.png"; sourceTree = "<group>"; };
		7837A2081DF8B898000CB9CB /* raincheck-closed.png */ = {isa = PBXFileReference; lastKnownFileType = image.png; path = "raincheck-closed.png"; sourceTree = "<group>"; };
		7837A2091DF8B898000CB9CB /* raincheck-gray.png */ = {isa = PBXFileReference; lastKnownFileType = image.png; path = "raincheck-gray.png"; sourceTree = "<group>"; };
		7837A20A1DF8B898000CB9CB /* raincheck-yellow.png */ = {isa = PBXFileReference; lastKnownFileType = image.png; path = "raincheck-yellow.png"; sourceTree = "<group>"; };
		7837A20B1DF8B898000CB9CB /* raincheck.png */ = {isa = PBXFileReference; lastKnownFileType = image.png; path = raincheck.png; sourceTree = "<group>"; };
		7837A2141DF959F2000CB9CB /* heart-yellow.png */ = {isa = PBXFileReference; lastKnownFileType = image.png; path = "heart-yellow.png"; sourceTree = "<group>"; };
		7837A2151DF959F2000CB9CB /* heart-black.png */ = {isa = PBXFileReference; lastKnownFileType = image.png; path = "heart-black.png"; sourceTree = "<group>"; };
		7837A2161DF959F2000CB9CB /* heart-blue.png */ = {isa = PBXFileReference; lastKnownFileType = image.png; path = "heart-blue.png"; sourceTree = "<group>"; };
		7837A2171DF959F2000CB9CB /* heart-gray.png */ = {isa = PBXFileReference; lastKnownFileType = image.png; path = "heart-gray.png"; sourceTree = "<group>"; };
		7837A2181DF959F2000CB9CB /* heart.png */ = {isa = PBXFileReference; lastKnownFileType = image.png; path = heart.png; sourceTree = "<group>"; };
		7837A21E1DF95A43000CB9CB /* FIRButton.swift */ = {isa = PBXFileReference; fileEncoding = 4; lastKnownFileType = sourcecode.swift; path = FIRButton.swift; sourceTree = "<group>"; };
		783DE0BF1E533D2400C61EB7 /* MatchupCollectionViewCell.xib */ = {isa = PBXFileReference; fileEncoding = 4; lastKnownFileType = file.xib; path = MatchupCollectionViewCell.xib; sourceTree = "<group>"; };
		783DE0C41E533D4D00C61EB7 /* MatchupCollectionViewCell.swift */ = {isa = PBXFileReference; fileEncoding = 4; lastKnownFileType = sourcecode.swift; path = MatchupCollectionViewCell.swift; sourceTree = "<group>"; };
		783DE0C61E533EB600C61EB7 /* MatchupCollectionViewController.swift */ = {isa = PBXFileReference; fileEncoding = 4; lastKnownFileType = sourcecode.swift; path = MatchupCollectionViewController.swift; sourceTree = "<group>"; };
		78469A581DE3958000A40D53 /* BMe.app */ = {isa = PBXFileReference; explicitFileType = wrapper.application; includeInIndex = 0; path = BMe.app; sourceTree = BUILT_PRODUCTS_DIR; };
		78469A5B1DE3958100A40D53 /* AppDelegate.swift */ = {isa = PBXFileReference; lastKnownFileType = sourcecode.swift; path = AppDelegate.swift; sourceTree = "<group>"; };
		78469A5D1DE3958100A40D53 /* LoginViewController.swift */ = {isa = PBXFileReference; lastKnownFileType = sourcecode.swift; path = LoginViewController.swift; sourceTree = "<group>"; };
		78469A621DE3958100A40D53 /* Assets.xcassets */ = {isa = PBXFileReference; lastKnownFileType = folder.assetcatalog; path = Assets.xcassets; sourceTree = "<group>"; };
		78469A651DE3958100A40D53 /* Base */ = {isa = PBXFileReference; lastKnownFileType = file.storyboard; name = Base; path = Base.lproj/LaunchScreen.storyboard; sourceTree = "<group>"; };
		78469A671DE3958100A40D53 /* Info.plist */ = {isa = PBXFileReference; lastKnownFileType = text.plist.xml; path = Info.plist; sourceTree = "<group>"; };
		7851239B1DF9F66800B70CC4 /* logout.png */ = {isa = PBXFileReference; lastKnownFileType = image.png; path = logout.png; sourceTree = "<group>"; };
		785E87C51DED445000C9FF59 /* Play image- white.png */ = {isa = PBXFileReference; lastKnownFileType = image.png; path = "Play image- white.png"; sourceTree = "<group>"; };
		7870B8591E45537100B754D6 /* Home.storyboard */ = {isa = PBXFileReference; fileEncoding = 4; lastKnownFileType = file.storyboard; path = Home.storyboard; sourceTree = "<group>"; };
		7870B85E1E468DAF00B754D6 /* FIR.swift */ = {isa = PBXFileReference; fileEncoding = 4; lastKnownFileType = sourcecode.swift; path = FIR.swift; sourceTree = "<group>"; };
		788C4D6D1E4E87CC0028EC9B /* GPUImage.xcodeproj */ = {isa = PBXFileReference; lastKnownFileType = "wrapper.pb-project"; name = GPUImage.xcodeproj; path = framework/GPUImage.xcodeproj; sourceTree = "<group>"; };
		78B0FDEF1E496DCD004F4E4E /* Matchup.swift */ = {isa = PBXFileReference; fileEncoding = 4; lastKnownFileType = sourcecode.swift; path = Matchup.swift; sourceTree = "<group>"; };
		78B56A011DF5E7AE00A13915 /* UserProfile.swift */ = {isa = PBXFileReference; fileEncoding = 4; lastKnownFileType = sourcecode.swift; path = UserProfile.swift; sourceTree = "<group>"; };
		78B56A051DF5EBFB00A13915 /* error.png */ = {isa = PBXFileReference; lastKnownFileType = image.png; path = error.png; sourceTree = "<group>"; };
		78B56A071DF5FD1B00A13915 /* user-white.png */ = {isa = PBXFileReference; lastKnownFileType = image.png; path = "user-white.png"; sourceTree = "<group>"; };
		78B56A081DF5FD1B00A13915 /* user-yellow.png */ = {isa = PBXFileReference; lastKnownFileType = image.png; path = "user-yellow.png"; sourceTree = "<group>"; };
		78BCDF2F1DF7464D002D399E /* cross-white.png */ = {isa = PBXFileReference; lastKnownFileType = image.png; path = "cross-white.png"; sourceTree = "<group>"; };
		78BCDF301DF7464D002D399E /* cross-yellow.png */ = {isa = PBXFileReference; lastKnownFileType = image.png; path = "cross-yellow.png"; sourceTree = "<group>"; };
		78BCDF331DF74663002D399E /* CrossButton.swift */ = {isa = PBXFileReference; fileEncoding = 4; lastKnownFileType = sourcecode.swift; path = CrossButton.swift; sourceTree = "<group>"; };
		78BCDF381DF74A15002D399E /* NextButton.swift */ = {isa = PBXFileReference; fileEncoding = 4; lastKnownFileType = sourcecode.swift; path = NextButton.swift; sourceTree = "<group>"; };
		78BCDF3A1DF74ABC002D399E /* nextarrow-yellow.png */ = {isa = PBXFileReference; lastKnownFileType = image.png; path = "nextarrow-yellow.png"; sourceTree = "<group>"; };
		78BCDF3B1DF74ABC002D399E /* nextarrow.png */ = {isa = PBXFileReference; lastKnownFileType = image.png; path = nextarrow.png; sourceTree = "<group>"; };
		78BCDF3E1DF751E8002D399E /* BusyView.swift */ = {isa = PBXFileReference; fileEncoding = 4; lastKnownFileType = sourcecode.swift; path = BusyView.swift; sourceTree = "<group>"; };
		78BCDF401DF75204002D399E /* BusyView.xib */ = {isa = PBXFileReference; fileEncoding = 4; lastKnownFileType = file.xib; path = BusyView.xib; sourceTree = "<group>"; };
		78BCDF421DF752F9002D399E /* hook-black.png */ = {isa = PBXFileReference; lastKnownFileType = image.png; path = "hook-black.png"; sourceTree = "<group>"; };
		78BCDF441DF75D16002D399E /* hook-yellow.png */ = {isa = PBXFileReference; lastKnownFileType = image.png; path = "hook-yellow.png"; sourceTree = "<group>"; };
		78BCDF451DF75D16002D399E /* hook.png */ = {isa = PBXFileReference; lastKnownFileType = image.png; path = hook.png; sourceTree = "<group>"; };
		78BCDF481DF7643D002D399E /* hook-blue.png */ = {isa = PBXFileReference; lastKnownFileType = image.png; path = "hook-blue.png"; sourceTree = "<group>"; };
		78C3503E1DF12E17005E8331 /* blank user avatar.jpeg */ = {isa = PBXFileReference; lastKnownFileType = image.jpeg; path = "blank user avatar.jpeg"; sourceTree = "<group>"; };
		78C350481DF28756005E8331 /* UserAccount.swift */ = {isa = PBXFileReference; fileEncoding = 4; lastKnownFileType = sourcecode.swift; path = UserAccount.swift; sourceTree = "<group>"; };
		78D1783A1E48F8AD004B7840 /* JSONStack.swift */ = {isa = PBXFileReference; fileEncoding = 4; lastKnownFileType = sourcecode.swift; path = JSONStack.swift; sourceTree = "<group>"; };
		78F511351DF6D0860074050F /* WhiteRevealOverlayView.swift */ = {isa = PBXFileReference; fileEncoding = 4; lastKnownFileType = sourcecode.swift; path = WhiteRevealOverlayView.swift; sourceTree = "<group>"; };
		78F511371DF6D09E0074050F /* WhiteRevealOverlayView.xib */ = {isa = PBXFileReference; fileEncoding = 4; lastKnownFileType = file.xib; path = WhiteRevealOverlayView.xib; sourceTree = "<group>"; };
		86BFB4E3203608C3B4F447D0 /* Pods-BMeTests.debug.xcconfig */ = {isa = PBXFileReference; includeInIndex = 1; lastKnownFileType = text.xcconfig; name = "Pods-BMeTests.debug.xcconfig"; path = "Pods/Target Support Files/Pods-BMeTests/Pods-BMeTests.debug.xcconfig"; sourceTree = "<group>"; };
		BF4130171E55670800F08B91 /* UsePost.swift */ = {isa = PBXFileReference; fileEncoding = 4; lastKnownFileType = sourcecode.swift; path = UsePost.swift; sourceTree = "<group>"; };
		BFDE7F6C1E4C1CAE00AA38A7 /* Post.swift */ = {isa = PBXFileReference; fileEncoding = 4; lastKnownFileType = sourcecode.swift; path = Post.swift; sourceTree = "<group>"; };
		BFDE7F6E1E4C1D1B00AA38A7 /* Image.swift */ = {isa = PBXFileReference; fileEncoding = 4; lastKnownFileType = sourcecode.swift; path = Image.swift; sourceTree = "<group>"; };
		BFDE7F701E4C1D5200AA38A7 /* JSONObject.swift */ = {isa = PBXFileReference; fileEncoding = 4; lastKnownFileType = sourcecode.swift; path = JSONObject.swift; sourceTree = "<group>"; };
		BFF9AE961E39BBE90012C1F2 /* SignUpViewController.swift */ = {isa = PBXFileReference; fileEncoding = 4; lastKnownFileType = sourcecode.swift; path = SignUpViewController.swift; sourceTree = "<group>"; };
		BFF9AE9A1E3D90020012C1F2 /* Main.storyboard */ = {isa = PBXFileReference; fileEncoding = 4; lastKnownFileType = file.storyboard; path = Main.storyboard; sourceTree = "<group>"; };
		BFF9AE9C1E3D90540012C1F2 /* MainViewController.swift */ = {isa = PBXFileReference; fileEncoding = 4; lastKnownFileType = sourcecode.swift; path = MainViewController.swift; sourceTree = "<group>"; };
		E35AC4821DE4D00400FCB0D0 /* TabBarViewController.swift */ = {isa = PBXFileReference; fileEncoding = 4; lastKnownFileType = sourcecode.swift; path = TabBarViewController.swift; sourceTree = "<group>"; };
		E35AC4861DE4D0F500FCB0D0 /* TabBar.storyboard */ = {isa = PBXFileReference; fileEncoding = 4; lastKnownFileType = file.storyboard; path = TabBar.storyboard; sourceTree = "<group>"; };
		E3AA3CC31E4D100E00C10F2A /* Index.swift */ = {isa = PBXFileReference; fileEncoding = 4; lastKnownFileType = sourcecode.swift; path = Index.swift; sourceTree = "<group>"; };
		E3D1D55E1DF11D700021942A /* Styles.swift */ = {isa = PBXFileReference; fileEncoding = 4; lastKnownFileType = sourcecode.swift; path = Styles.swift; sourceTree = "<group>"; };
		E3DC85051E450EBA0017E6A2 /* alcatraz.jpg */ = {isa = PBXFileReference; lastKnownFileType = image.jpeg; name = alcatraz.jpg; path = ../alcatraz.jpg; sourceTree = "<group>"; };
		E3DC85071E450EDC0017E6A2 /* Camera.storyboard */ = {isa = PBXFileReference; fileEncoding = 4; lastKnownFileType = file.storyboard; path = Camera.storyboard; sourceTree = "<group>"; };
		E3DC85081E450EDC0017E6A2 /* CameraViewController.swift */ = {isa = PBXFileReference; fileEncoding = 4; lastKnownFileType = sourcecode.swift; path = CameraViewController.swift; sourceTree = "<group>"; };
		E3DC85091E450EDC0017E6A2 /* chinatown.jpg */ = {isa = PBXFileReference; lastKnownFileType = image.jpeg; name = chinatown.jpg; path = ../chinatown.jpg; sourceTree = "<group>"; };
		E3DC850A1E450EDC0017E6A2 /* Color.swift */ = {isa = PBXFileReference; fileEncoding = 4; lastKnownFileType = sourcecode.swift; name = Color.swift; path = ../Color.swift; sourceTree = "<group>"; };
		E3DC850B1E450EDC0017E6A2 /* Filter.swift */ = {isa = PBXFileReference; fileEncoding = 4; lastKnownFileType = sourcecode.swift; name = Filter.swift; path = ../Filter.swift; sourceTree = "<group>"; };
		E3DC850C1E450EDC0017E6A2 /* golden_gate_bridge.jpg */ = {isa = PBXFileReference; lastKnownFileType = image.jpeg; name = golden_gate_bridge.jpg; path = ../golden_gate_bridge.jpg; sourceTree = "<group>"; };
		E3DC850E1E450EDC0017E6A2 /* lookup_amatorka.png */ = {isa = PBXFileReference; lastKnownFileType = image.png; name = lookup_amatorka.png; path = ../lookup_amatorka.png; sourceTree = "<group>"; };
		E3DC850F1E450EDC0017E6A2 /* lookup_miss_etikate.png */ = {isa = PBXFileReference; lastKnownFileType = image.png; name = lookup_miss_etikate.png; path = ../lookup_miss_etikate.png; sourceTree = "<group>"; };
		E3DC85101E450EDC0017E6A2 /* lookup_soft_elegance_1.png */ = {isa = PBXFileReference; lastKnownFileType = image.png; name = lookup_soft_elegance_1.png; path = ../lookup_soft_elegance_1.png; sourceTree = "<group>"; };
		E3DC85111E450EDC0017E6A2 /* lookup_soft_elegance_2.png */ = {isa = PBXFileReference; lastKnownFileType = image.png; name = lookup_soft_elegance_2.png; path = ../lookup_soft_elegance_2.png; sourceTree = "<group>"; };
		E3DC85121E450EDC0017E6A2 /* lookup.png */ = {isa = PBXFileReference; lastKnownFileType = image.png; name = lookup.png; path = ../lookup.png; sourceTree = "<group>"; };
		E3DC85131E450EDC0017E6A2 /* montgomery.jpg */ = {isa = PBXFileReference; lastKnownFileType = image.jpeg; name = montgomery.jpg; path = ../montgomery.jpg; sourceTree = "<group>"; };
		E3DC85141E450EDC0017E6A2 /* transamerica.jpg */ = {isa = PBXFileReference; lastKnownFileType = image.jpeg; name = transamerica.jpg; path = ../transamerica.jpg; sourceTree = "<group>"; };
		E3DC85151E450EDC0017E6A2 /* BubbleCollectionViewCell.swift */ = {isa = PBXFileReference; fileEncoding = 4; lastKnownFileType = sourcecode.swift; path = BubbleCollectionViewCell.swift; sourceTree = "<group>"; };
		E7764343275603CBAE9394EC /* Pods-BMeUITests.release.xcconfig */ = {isa = PBXFileReference; includeInIndex = 1; lastKnownFileType = text.xcconfig; name = "Pods-BMeUITests.release.xcconfig"; path = "Pods/Target Support Files/Pods-BMeUITests/Pods-BMeUITests.release.xcconfig"; sourceTree = "<group>"; };
		EF9B8E045282684264E31D83 /* Pods-BMe.debug.xcconfig */ = {isa = PBXFileReference; includeInIndex = 1; lastKnownFileType = text.xcconfig; name = "Pods-BMe.debug.xcconfig"; path = "Pods/Target Support Files/Pods-BMe/Pods-BMe.debug.xcconfig"; sourceTree = "<group>"; };
/* End PBXFileReference section */

/* Begin PBXFrameworksBuildPhase section */
		78469A551DE3958000A40D53 /* Frameworks */ = {
			isa = PBXFrameworksBuildPhase;
			buildActionMask = 2147483647;
			files = (
				254F915EC76BE78350CEE7B5 /* Pods_BMe.framework in Frameworks */,
			);
			runOnlyForDeploymentPostprocessing = 0;
		};
/* End PBXFrameworksBuildPhase section */

/* Begin PBXGroup section */
		426A4AEF1E54EB3B001262DD /* Profile */ = {
			isa = PBXGroup;
			children = (
				4276E9341E3FFDCA0020992D /* profile.storyboard */,
				4216315B1E42ACB900E644A5 /* View.swift */,
				4276E9321E3FFDA40020992D /* ProfileViewController.swift */,
				421631591E42991100E644A5 /* ProfileCollectionViewCell.swift */,
				4216315D1E43C26600E644A5 /* ProfileTableCollectionViewCell.swift */,
				4216315F1E43DC1A00E644A5 /* PhotoGridFlowLayout.swift */,
				421631611E43DC2A00E644A5 /* PhotoListFlowLayout.swift */,
			);
			name = Profile;
			sourceTree = "<group>";
		};
		4276E9311E3FFD710020992D /* Malcolm */ = {
			isa = PBXGroup;
			children = (
				426A4AF01E54EBAE001262DD /* BarView.swift */,
			);
			name = Malcolm;
			sourceTree = "<group>";
		};
		73CBDC81D6C6910129B5EE25 /* Frameworks */ = {
			isa = PBXGroup;
			children = (
				788C4D6D1E4E87CC0028EC9B /* GPUImage.xcodeproj */,
				40191E5B9CEF388CFBDD07FC /* Pods_BMe.framework */,
			);
			name = Frameworks;
			sourceTree = "<group>";
		};
		7813AA9B1E569C4E00288F8C /* Home */ = {
			isa = PBXGroup;
			children = (
				7870B8591E45537100B754D6 /* Home.storyboard */,
				781C3C931E55664C00F53B14 /* HomeViewController.swift */,
				781C3C951E56256E00F53B14 /* CollageCollection */,
				781C3C921E55537800F53B14 /* MatchupCollection */,
			);
			name = Home;
			sourceTree = "<group>";
		};
		781C3C921E55537800F53B14 /* MatchupCollection */ = {
			isa = PBXGroup;
			children = (
				783DE0C61E533EB600C61EB7 /* MatchupCollectionViewController.swift */,
				783DE0C41E533D4D00C61EB7 /* MatchupCollectionViewCell.swift */,
				783DE0BF1E533D2400C61EB7 /* MatchupCollectionViewCell.xib */,
			);
			name = MatchupCollection;
			sourceTree = "<group>";
		};
		781C3C951E56256E00F53B14 /* CollageCollection */ = {
			isa = PBXGroup;
			children = (
				781C3C9E1E5632FE00F53B14 /* CollageCollectionViewController.swift */,
				781C3C961E562D5E00F53B14 /* CollageCollectionViewCell.swift */,
				781C3C971E562D5E00F53B14 /* CollageCollectionViewCell.xib */,
			);
			name = CollageCollection;
			sourceTree = "<group>";
		};
		7821C3BB1DEF24730023B95E /* Tab Bar */ = {
			isa = PBXGroup;
			children = (
				783DE0BD1E526C5500C61EB7 /* Images */,
				E35AC4861DE4D0F500FCB0D0 /* TabBar.storyboard */,
				E35AC4821DE4D00400FCB0D0 /* TabBarViewController.swift */,
			);
			name = "Tab Bar";
			sourceTree = "<group>";
		};
		7821C3BC1DEF249D0023B95E /* Storyboards */ = {
			isa = PBXGroup;
			children = (
			);
			name = Storyboards;
			sourceTree = "<group>";
		};
		7821C3BF1DEF81D10023B95E /* JSON */ = {
			isa = PBXGroup;
			children = (
				783560921E4CF5E500B9FD8D /* FIRObjects.swift */,
				BFDE7F701E4C1D5200AA38A7 /* JSONObject.swift */,
				BFDE7F6C1E4C1CAE00AA38A7 /* Post.swift */,
				BFDE7F6E1E4C1D1B00AA38A7 /* Image.swift */,
				78B0FDEF1E496DCD004F4E4E /* Matchup.swift */,
				BF4130171E55670800F08B91 /* UsePost.swift */,
			);
			name = JSON;
			sourceTree = "<group>";
		};
		7821C3C01DEF82680023B95E /* Views */ = {
			isa = PBXGroup;
			children = (
				E3DC85151E450EDC0017E6A2 /* BubbleCollectionViewCell.swift */,
				78F511351DF6D0860074050F /* WhiteRevealOverlayView.swift */,
				78F511371DF6D09E0074050F /* WhiteRevealOverlayView.xib */,
				78BCDF3E1DF751E8002D399E /* BusyView.swift */,
				78BCDF401DF75204002D399E /* BusyView.xib */,
				78BCDF351DF74752002D399E /* Buttons */,
			);
			name = Views;
			sourceTree = "<group>";
		};
		783008AB1DE3B9AF00B070D4 /* Models */ = {
			isa = PBXGroup;
			children = (
				E3DC850A1E450EDC0017E6A2 /* Color.swift */,
				E3DC850B1E450EDC0017E6A2 /* Filter.swift */,
			);
			name = Models;
			sourceTree = "<group>";
		};
		78337D8E1DE3AC7400A1B32C /* Shared */ = {
			isa = PBXGroup;
			children = (
				78B56A0B1DF5FE7B00A13915 /* Other */,
				783008A21DE3B9A000B070D4 /* Extensions.swift */,
				783008A31DE3B9A000B070D4 /* Constants.swift */,
				E3D1D55E1DF11D700021942A /* Styles.swift */,
				785E87C41DED444400C9FF59 /* Images */,
			);
			name = Shared;
			sourceTree = "<group>";
		};
		78337D8F1DE3AC9300A1B32C /* Sato */ = {
			isa = PBXGroup;
			children = (
				E3AA3CC31E4D100E00C10F2A /* Index.swift */,
				E3DC85081E450EDC0017E6A2 /* CameraViewController.swift */,
				E3DC85071E450EDC0017E6A2 /* Camera.storyboard */,
			);
			name = Sato;
			sourceTree = "<group>";
		};
		78337D901DE3ACA700A1B32C /* JJ */ = {
			isa = PBXGroup;
			children = (
				7813AA9B1E569C4E00288F8C /* Home */,
			);
			name = JJ;
			sourceTree = "<group>";
		};
		783560911E4CF07F00B9FD8D /* FIR */ = {
			isa = PBXGroup;
			children = (
				7870B85E1E468DAF00B754D6 /* FIR.swift */,
				78D1783A1E48F8AD004B7840 /* JSONStack.swift */,
				7821C3BF1DEF81D10023B95E /* JSON */,
			);
			name = FIR;
			sourceTree = "<group>";
		};
		783DE0BD1E526C5500C61EB7 /* Images */ = {
			isa = PBXGroup;
			children = (
				781E715B1DF53D1E00041855 /* home-white.png */,
				781E715C1DF53D1E00041855 /* home-yellow.png */,
				781E71571DF5330E00041855 /* circle-white.png */,
				781E71581DF5330E00041855 /* circle-yellow.png */,
				78B56A071DF5FD1B00A13915 /* user-white.png */,
				78B56A081DF5FD1B00A13915 /* user-yellow.png */,
			);
			name = Images;
			sourceTree = "<group>";
		};
		78469A4F1DE3958000A40D53 = {
			isa = PBXGroup;
			children = (
				78469A5A1DE3958000A40D53 /* BMe */,
				78469A591DE3958000A40D53 /* Products */,
				FC4986E74E30DCE926CC8007 /* Pods */,
				73CBDC81D6C6910129B5EE25 /* Frameworks */,
			);
			sourceTree = "<group>";
		};
		78469A591DE3958000A40D53 /* Products */ = {
			isa = PBXGroup;
			children = (
				78469A581DE3958000A40D53 /* BMe.app */,
			);
			name = Products;
			sourceTree = "<group>";
		};
		78469A5A1DE3958000A40D53 /* BMe */ = {
			isa = PBXGroup;
			children = (
				78337D8E1DE3AC7400A1B32C /* Shared */,
				7863842E1E37D8C6005DD454 /* User */,
				783560911E4CF07F00B9FD8D /* FIR */,
				7821C3BB1DEF24730023B95E /* Tab Bar */,
				7821C3C01DEF82680023B95E /* Views */,
				7821C3BC1DEF249D0023B95E /* Storyboards */,
				783008AB1DE3B9AF00B070D4 /* Models */,
				78337D8F1DE3AC9300A1B32C /* Sato */,
				BFF9AE951E398C6D0012C1F2 /* Louis */,
				4276E9311E3FFD710020992D /* Malcolm */,
				78337D901DE3ACA700A1B32C /* JJ */,
			);
			path = BMe;
			sourceTree = "<group>";
		};
		785E87C41DED444400C9FF59 /* Images */ = {
			isa = PBXGroup;
			children = (
				7851239B1DF9F66800B70CC4 /* logout.png */,
				7837A2141DF959F2000CB9CB /* heart-yellow.png */,
				7837A2151DF959F2000CB9CB /* heart-black.png */,
				7837A2161DF959F2000CB9CB /* heart-blue.png */,
				7837A2171DF959F2000CB9CB /* heart-gray.png */,
				7837A2181DF959F2000CB9CB /* heart.png */,
				78BCDF2F1DF7464D002D399E /* cross-white.png */,
				78BCDF301DF7464D002D399E /* cross-yellow.png */,
				781E71611DF5DF4000041855 /* black_truffle.jpg */,
				78BCDF421DF752F9002D399E /* hook-black.png */,
				78BCDF441DF75D16002D399E /* hook-yellow.png */,
				78BCDF451DF75D16002D399E /* hook.png */,
				78BCDF481DF7643D002D399E /* hook-blue.png */,
				785E87C51DED445000C9FF59 /* Play image- white.png */,
				78C3503E1DF12E17005E8331 /* blank user avatar.jpeg */,
				781E713D1DF401A100041855 /* sound-wave.png */,
				781E713F1DF4036E00041855 /* sound-wave-yellow.png */,
				781E71411DF407F600041855 /* location-yellow.png */,
				781E71421DF407F600041855 /* location.png */,
				78B56A051DF5EBFB00A13915 /* error.png */,
				78BCDF3A1DF74ABC002D399E /* nextarrow-yellow.png */,
				78BCDF3B1DF74ABC002D399E /* nextarrow.png */,
				7837A2061DF8B898000CB9CB /* raincheck-black.png */,
				7837A2071DF8B898000CB9CB /* raincheck-blue.png */,
				7837A2081DF8B898000CB9CB /* raincheck-closed.png */,
				7837A2091DF8B898000CB9CB /* raincheck-gray.png */,
				7837A20A1DF8B898000CB9CB /* raincheck-yellow.png */,
				7837A20B1DF8B898000CB9CB /* raincheck.png */,
				E3516C8E1E45384600CC80D9 /* FIlters */,
				E3516C8F1E45386000CC80D9 /* FIlterIcons */,
			);
			name = Images;
			sourceTree = "<group>";
		};
		7863842E1E37D8C6005DD454 /* User */ = {
			isa = PBXGroup;
			children = (
				426A4AEF1E54EB3B001262DD /* Profile */,
				78C350481DF28756005E8331 /* UserAccount.swift */,
				78B56A011DF5E7AE00A13915 /* UserProfile.swift */,
			);
			name = User;
			sourceTree = "<group>";
		};
		788C4D6E1E4E87CC0028EC9B /* Products */ = {
			isa = PBXGroup;
			children = (
				788C4D741E4E87CC0028EC9B /* libGPUImage.a */,
				788C4D761E4E87CC0028EC9B /* GPUImage.framework */,
			);
			name = Products;
			sourceTree = "<group>";
		};
		78B56A0B1DF5FE7B00A13915 /* Other */ = {
			isa = PBXGroup;
			children = (
				78469A5B1DE3958100A40D53 /* AppDelegate.swift */,
				783008991DE3B0B500B070D4 /* MeasurementHelper.swift */,
				78469A621DE3958100A40D53 /* Assets.xcassets */,
				78469A641DE3958100A40D53 /* LaunchScreen.storyboard */,
				78469A671DE3958100A40D53 /* Info.plist */,
				78337D8C1DE3AC6600A1B32C /* GoogleService-Info.plist */,
			);
			name = Other;
			sourceTree = "<group>";
		};
		78BCDF351DF74752002D399E /* Buttons */ = {
			isa = PBXGroup;
			children = (
				7837A21E1DF95A43000CB9CB /* FIRButton.swift */,
				78BCDF331DF74663002D399E /* CrossButton.swift */,
				78BCDF381DF74A15002D399E /* NextButton.swift */,
			);
			name = Buttons;
			sourceTree = "<group>";
		};
		BFF9AE951E398C6D0012C1F2 /* Louis */ = {
			isa = PBXGroup;
			children = (
				BFF9AE961E39BBE90012C1F2 /* SignUpViewController.swift */,
				78469A5D1DE3958100A40D53 /* LoginViewController.swift */,
				BFF9AE9A1E3D90020012C1F2 /* Main.storyboard */,
				BFF9AE9C1E3D90540012C1F2 /* MainViewController.swift */,
			);
			name = Louis;
			sourceTree = "<group>";
		};
		E3516C8E1E45384600CC80D9 /* FIlters */ = {
			isa = PBXGroup;
			children = (
				E3DC850E1E450EDC0017E6A2 /* lookup_amatorka.png */,
				E3DC850F1E450EDC0017E6A2 /* lookup_miss_etikate.png */,
				E3DC85101E450EDC0017E6A2 /* lookup_soft_elegance_1.png */,
				E3DC85111E450EDC0017E6A2 /* lookup_soft_elegance_2.png */,
				E3DC85121E450EDC0017E6A2 /* lookup.png */,
			);
			name = FIlters;
			sourceTree = "<group>";
		};
		E3516C8F1E45386000CC80D9 /* FIlterIcons */ = {
			isa = PBXGroup;
			children = (
				E3DC85091E450EDC0017E6A2 /* chinatown.jpg */,
				E3DC850C1E450EDC0017E6A2 /* golden_gate_bridge.jpg */,
				E3DC85131E450EDC0017E6A2 /* montgomery.jpg */,
				E3DC85141E450EDC0017E6A2 /* transamerica.jpg */,
				E3DC85051E450EBA0017E6A2 /* alcatraz.jpg */,
			);
			name = FIlterIcons;
			sourceTree = "<group>";
		};
		FC4986E74E30DCE926CC8007 /* Pods */ = {
			isa = PBXGroup;
			children = (
				EF9B8E045282684264E31D83 /* Pods-BMe.debug.xcconfig */,
				1B3943A2C1F5F5DBD966A650 /* Pods-BMe.release.xcconfig */,
				86BFB4E3203608C3B4F447D0 /* Pods-BMeTests.debug.xcconfig */,
				500EAC6FA5C71681BCC723C6 /* Pods-BMeTests.release.xcconfig */,
				3B904E80464934303F529DA3 /* Pods-BMeUITests.debug.xcconfig */,
				E7764343275603CBAE9394EC /* Pods-BMeUITests.release.xcconfig */,
			);
			name = Pods;
			sourceTree = "<group>";
		};
/* End PBXGroup section */

/* Begin PBXNativeTarget section */
		78469A571DE3958000A40D53 /* BMe */ = {
			isa = PBXNativeTarget;
			buildConfigurationList = 78469A801DE3958100A40D53 /* Build configuration list for PBXNativeTarget "BMe" */;
			buildPhases = (
				469FB16CF6C718A61191D015 /* [CP] Check Pods Manifest.lock */,
				78469A541DE3958000A40D53 /* Sources */,
				78469A551DE3958000A40D53 /* Frameworks */,
				78469A561DE3958000A40D53 /* Resources */,
				67A283BB3A93B67DF674574E /* [CP] Embed Pods Frameworks */,
				7A614A8257A7CAA3AED21130 /* [CP] Copy Pods Resources */,
				E3ECAFE01DE3F00600F221AE /* CopyFiles */,
			);
			buildRules = (
			);
			dependencies = (
			);
			name = BMe;
			productName = BMe;
			productReference = 78469A581DE3958000A40D53 /* BMe.app */;
			productType = "com.apple.product-type.application";
		};
/* End PBXNativeTarget section */

/* Begin PBXProject section */
		78469A501DE3958000A40D53 /* Project object */ = {
			isa = PBXProject;
			attributes = {
				LastSwiftUpdateCheck = 0800;
				LastUpgradeCheck = 0820;
				ORGANIZATIONNAME = "Jonathan Cheng";
				TargetAttributes = {
					78469A571DE3958000A40D53 = {
						CreatedOnToolsVersion = 8.0;
						DevelopmentTeam = Y4GA6H5JHE;
						ProvisioningStyle = Automatic;
					};
				};
			};
			buildConfigurationList = 78469A531DE3958000A40D53 /* Build configuration list for PBXProject "BMe" */;
			compatibilityVersion = "Xcode 3.2";
			developmentRegion = English;
			hasScannedForEncodings = 0;
			knownRegions = (
				en,
				Base,
			);
			mainGroup = 78469A4F1DE3958000A40D53;
			productRefGroup = 78469A591DE3958000A40D53 /* Products */;
			projectDirPath = "";
			projectReferences = (
				{
					ProductGroup = 788C4D6E1E4E87CC0028EC9B /* Products */;
					ProjectRef = 788C4D6D1E4E87CC0028EC9B /* GPUImage.xcodeproj */;
				},
			);
			projectRoot = "";
			targets = (
				78469A571DE3958000A40D53 /* BMe */,
			);
		};
/* End PBXProject section */

/* Begin PBXReferenceProxy section */
		788C4D741E4E87CC0028EC9B /* libGPUImage.a */ = {
			isa = PBXReferenceProxy;
			fileType = archive.ar;
			path = libGPUImage.a;
			remoteRef = 788C4D731E4E87CC0028EC9B /* PBXContainerItemProxy */;
			sourceTree = BUILT_PRODUCTS_DIR;
		};
		788C4D761E4E87CC0028EC9B /* GPUImage.framework */ = {
			isa = PBXReferenceProxy;
			fileType = wrapper.framework;
			path = GPUImage.framework;
			remoteRef = 788C4D751E4E87CC0028EC9B /* PBXContainerItemProxy */;
			sourceTree = BUILT_PRODUCTS_DIR;
		};
/* End PBXReferenceProxy section */

/* Begin PBXResourcesBuildPhase section */
		78469A561DE3958000A40D53 /* Resources */ = {
			isa = PBXResourcesBuildPhase;
			buildActionMask = 2147483647;
			files = (
				781E71431DF407F600041855 /* location-yellow.png in Resources */,
				78BCDF471DF75D16002D399E /* hook.png in Resources */,
				781E715A1DF5330E00041855 /* circle-yellow.png in Resources */,
				78B56A091DF5FD1B00A13915 /* user-white.png in Resources */,
				7837A21A1DF959F2000CB9CB /* heart-black.png in Resources */,
				7837A2191DF959F2000CB9CB /* heart-yellow.png in Resources */,
				78C3503F1DF12E17005E8331 /* blank user avatar.jpeg in Resources */,
				78F511381DF6D09E0074050F /* WhiteRevealOverlayView.xib in Resources */,
				78BCDF491DF7643D002D399E /* hook-blue.png in Resources */,
				E3DC85181E450EDC0017E6A2 /* chinatown.jpg in Resources */,
				78BCDF411DF75204002D399E /* BusyView.xib in Resources */,
				7837A2101DF8B898000CB9CB /* raincheck-yellow.png in Resources */,
				7837A20E1DF8B898000CB9CB /* raincheck-closed.png in Resources */,
				78BCDF311DF7464D002D399E /* cross-white.png in Resources */,
				781E71401DF4036E00041855 /* sound-wave-yellow.png in Resources */,
				781E71591DF5330E00041855 /* circle-white.png in Resources */,
				E3DC851F1E450EDC0017E6A2 /* lookup_soft_elegance_1.png in Resources */,
				E3DC851E1E450EDC0017E6A2 /* lookup_miss_etikate.png in Resources */,
				781E71441DF407F600041855 /* location.png in Resources */,
				7837A20C1DF8B898000CB9CB /* raincheck-black.png in Resources */,
				7837A20F1DF8B898000CB9CB /* raincheck-gray.png in Resources */,
				78BCDF431DF752F9002D399E /* hook-black.png in Resources */,
				78469A661DE3958100A40D53 /* LaunchScreen.storyboard in Resources */,
				7837A21D1DF959F2000CB9CB /* heart.png in Resources */,
				E3DC851D1E450EDC0017E6A2 /* lookup_amatorka.png in Resources */,
				78337D8D1DE3AC6600A1B32C /* GoogleService-Info.plist in Resources */,
				7851239C1DF9F66800B70CC4 /* logout.png in Resources */,
				7837A2111DF8B898000CB9CB /* raincheck.png in Resources */,
				7837A21C1DF959F2000CB9CB /* heart-gray.png in Resources */,
				4276E9351E3FFDCA0020992D /* profile.storyboard in Resources */,
				BFF9AE9B1E3D90020012C1F2 /* Main.storyboard in Resources */,
				E35AC4871DE4D0F500FCB0D0 /* TabBar.storyboard in Resources */,
				E3DC85211E450EDC0017E6A2 /* lookup.png in Resources */,
				E3DC851B1E450EDC0017E6A2 /* golden_gate_bridge.jpg in Resources */,
				E3DC85161E450EDC0017E6A2 /* Camera.storyboard in Resources */,
				78B56A061DF5EBFB00A13915 /* error.png in Resources */,
				781E715E1DF53D1E00041855 /* home-yellow.png in Resources */,
				78BCDF3C1DF74ABC002D399E /* nextarrow-yellow.png in Resources */,
				E3DC85201E450EDC0017E6A2 /* lookup_soft_elegance_2.png in Resources */,
				781E71621DF5DF4000041855 /* black_truffle.jpg in Resources */,
				78469A631DE3958100A40D53 /* Assets.xcassets in Resources */,
				785E87C61DED445000C9FF59 /* Play image- white.png in Resources */,
				78BCDF461DF75D16002D399E /* hook-yellow.png in Resources */,
				78B56A0A1DF5FD1B00A13915 /* user-yellow.png in Resources */,
				781C3C991E562D5E00F53B14 /* CollageCollectionViewCell.xib in Resources */,
				7870B85A1E45537100B754D6 /* Home.storyboard in Resources */,
				7837A20D1DF8B898000CB9CB /* raincheck-blue.png in Resources */,
				E3DC85221E450EDC0017E6A2 /* montgomery.jpg in Resources */,
				E3DC85231E450EDC0017E6A2 /* transamerica.jpg in Resources */,
				78BCDF321DF7464D002D399E /* cross-yellow.png in Resources */,
				783DE0C01E533D2400C61EB7 /* MatchupCollectionViewCell.xib in Resources */,
				78BCDF3D1DF74ABC002D399E /* nextarrow.png in Resources */,
				E3DC85061E450EBA0017E6A2 /* alcatraz.jpg in Resources */,
				7837A21B1DF959F2000CB9CB /* heart-blue.png in Resources */,
				781E713E1DF401A100041855 /* sound-wave.png in Resources */,
				781E715D1DF53D1E00041855 /* home-white.png in Resources */,
			);
			runOnlyForDeploymentPostprocessing = 0;
		};
/* End PBXResourcesBuildPhase section */

/* Begin PBXShellScriptBuildPhase section */
		469FB16CF6C718A61191D015 /* [CP] Check Pods Manifest.lock */ = {
			isa = PBXShellScriptBuildPhase;
			buildActionMask = 2147483647;
			files = (
			);
			inputPaths = (
			);
			name = "[CP] Check Pods Manifest.lock";
			outputPaths = (
			);
			runOnlyForDeploymentPostprocessing = 0;
			shellPath = /bin/sh;
			shellScript = "diff \"${PODS_ROOT}/../Podfile.lock\" \"${PODS_ROOT}/Manifest.lock\" > /dev/null\nif [ $? != 0 ] ; then\n    # print error to STDERR\n    echo \"error: The sandbox is not in sync with the Podfile.lock. Run 'pod install' or update your CocoaPods installation.\" >&2\n    exit 1\nfi\n";
			showEnvVarsInLog = 0;
		};
		67A283BB3A93B67DF674574E /* [CP] Embed Pods Frameworks */ = {
			isa = PBXShellScriptBuildPhase;
			buildActionMask = 2147483647;
			files = (
			);
			inputPaths = (
			);
			name = "[CP] Embed Pods Frameworks";
			outputPaths = (
			);
			runOnlyForDeploymentPostprocessing = 0;
			shellPath = /bin/sh;
			shellScript = "\"${SRCROOT}/Pods/Target Support Files/Pods-BMe/Pods-BMe-frameworks.sh\"\n";
			showEnvVarsInLog = 0;
		};
		7A614A8257A7CAA3AED21130 /* [CP] Copy Pods Resources */ = {
			isa = PBXShellScriptBuildPhase;
			buildActionMask = 2147483647;
			files = (
			);
			inputPaths = (
			);
			name = "[CP] Copy Pods Resources";
			outputPaths = (
			);
			runOnlyForDeploymentPostprocessing = 0;
			shellPath = /bin/sh;
			shellScript = "\"${SRCROOT}/Pods/Target Support Files/Pods-BMe/Pods-BMe-resources.sh\"\n";
			showEnvVarsInLog = 0;
		};
/* End PBXShellScriptBuildPhase section */

/* Begin PBXSourcesBuildPhase section */
		78469A541DE3958000A40D53 /* Sources */ = {
			isa = PBXSourcesBuildPhase;
			buildActionMask = 2147483647;
			files = (
				78BCDF391DF74A15002D399E /* NextButton.swift in Sources */,
				4216315A1E42991100E644A5 /* ProfileCollectionViewCell.swift in Sources */,
				E3DC85171E450EDC0017E6A2 /* CameraViewController.swift in Sources */,
				783008A91DE3B9A000B070D4 /* Extensions.swift in Sources */,
				E3D1D55F1DF11D700021942A /* Styles.swift in Sources */,
				781C3C941E55664C00F53B14 /* HomeViewController.swift in Sources */,
				421631601E43DC1A00E644A5 /* PhotoGridFlowLayout.swift in Sources */,
				BFF9AE971E39BBE90012C1F2 /* SignUpViewController.swift in Sources */,
				4276E9331E3FFDA40020992D /* ProfileViewController.swift in Sources */,
				783DE0C51E533D4D00C61EB7 /* MatchupCollectionViewCell.swift in Sources */,
				78BCDF3F1DF751E8002D399E /* BusyView.swift in Sources */,
				783DE0C71E533EB600C61EB7 /* MatchupCollectionViewController.swift in Sources */,
				78469A5E1DE3958100A40D53 /* LoginViewController.swift in Sources */,
				781C3C9F1E5632FE00F53B14 /* CollageCollectionViewController.swift in Sources */,
				E3AA3CC41E4D100E00C10F2A /* Index.swift in Sources */,
				4216315C1E42ACB900E644A5 /* View.swift in Sources */,
				78469A5C1DE3958100A40D53 /* AppDelegate.swift in Sources */,
				BFDE7F6F1E4C1D1B00AA38A7 /* Image.swift in Sources */,
				BF4130181E55670800F08B91 /* UsePost.swift in Sources */,
				783008AA1DE3B9A000B070D4 /* Constants.swift in Sources */,
				7830089A1DE3B0B500B070D4 /* MeasurementHelper.swift in Sources */,
				426A4AF11E54EBAE001262DD /* BarView.swift in Sources */,
				781C3C981E562D5E00F53B14 /* CollageCollectionViewCell.swift in Sources */,
				BFDE7F6D1E4C1CAE00AA38A7 /* Post.swift in Sources */,
				7870B85F1E468DAF00B754D6 /* FIR.swift in Sources */,
				E3DC85241E450EDC0017E6A2 /* BubbleCollectionViewCell.swift in Sources */,
				E3DC85191E450EDC0017E6A2 /* Color.swift in Sources */,
				78BCDF341DF74663002D399E /* CrossButton.swift in Sources */,
				E3DC851A1E450EDC0017E6A2 /* Filter.swift in Sources */,
				E35AC4831DE4D00400FCB0D0 /* TabBarViewController.swift in Sources */,
				783560931E4CF5E500B9FD8D /* FIRObjects.swift in Sources */,
				BFDE7F711E4C1D5200AA38A7 /* JSONObject.swift in Sources */,
				BFF9AE9D1E3D90540012C1F2 /* MainViewController.swift in Sources */,
				4216315E1E43C26600E644A5 /* ProfileTableCollectionViewCell.swift in Sources */,
				78D1783B1E48F8AD004B7840 /* JSONStack.swift in Sources */,
				78F511361DF6D0860074050F /* WhiteRevealOverlayView.swift in Sources */,
				7837A21F1DF95A43000CB9CB /* FIRButton.swift in Sources */,
				78B0FDF01E496DCD004F4E4E /* Matchup.swift in Sources */,
				78C350491DF28756005E8331 /* UserAccount.swift in Sources */,
				421631621E43DC2A00E644A5 /* PhotoListFlowLayout.swift in Sources */,
				78B56A021DF5E7AE00A13915 /* UserProfile.swift in Sources */,
			);
			runOnlyForDeploymentPostprocessing = 0;
		};
/* End PBXSourcesBuildPhase section */

/* Begin PBXVariantGroup section */
		78469A641DE3958100A40D53 /* LaunchScreen.storyboard */ = {
			isa = PBXVariantGroup;
			children = (
				78469A651DE3958100A40D53 /* Base */,
			);
			name = LaunchScreen.storyboard;
			sourceTree = "<group>";
		};
/* End PBXVariantGroup section */

/* Begin XCBuildConfiguration section */
		78469A7E1DE3958100A40D53 /* Debug */ = {
			isa = XCBuildConfiguration;
			buildSettings = {
				ALWAYS_SEARCH_USER_PATHS = NO;
				CLANG_ANALYZER_NONNULL = YES;
				CLANG_CXX_LANGUAGE_STANDARD = "gnu++0x";
				CLANG_CXX_LIBRARY = "libc++";
				CLANG_ENABLE_MODULES = YES;
				CLANG_ENABLE_OBJC_ARC = YES;
				CLANG_WARN_BOOL_CONVERSION = YES;
				CLANG_WARN_CONSTANT_CONVERSION = YES;
				CLANG_WARN_DIRECT_OBJC_ISA_USAGE = YES_ERROR;
				CLANG_WARN_DOCUMENTATION_COMMENTS = YES;
				CLANG_WARN_EMPTY_BODY = YES;
				CLANG_WARN_ENUM_CONVERSION = YES;
				CLANG_WARN_INFINITE_RECURSION = YES;
				CLANG_WARN_INT_CONVERSION = YES;
				CLANG_WARN_OBJC_ROOT_CLASS = YES_ERROR;
				CLANG_WARN_SUSPICIOUS_MOVE = YES;
				CLANG_WARN_SUSPICIOUS_MOVES = YES;
				CLANG_WARN_UNREACHABLE_CODE = YES;
				CLANG_WARN__DUPLICATE_METHOD_MATCH = YES;
				"CODE_SIGN_IDENTITY[sdk=iphoneos*]" = "iPhone Developer";
				COPY_PHASE_STRIP = NO;
				DEBUG_INFORMATION_FORMAT = dwarf;
				ENABLE_STRICT_OBJC_MSGSEND = YES;
				ENABLE_TESTABILITY = YES;
				GCC_C_LANGUAGE_STANDARD = gnu99;
				GCC_DYNAMIC_NO_PIC = NO;
				GCC_NO_COMMON_BLOCKS = YES;
				GCC_OPTIMIZATION_LEVEL = 0;
				GCC_PREPROCESSOR_DEFINITIONS = (
					"DEBUG=1",
					"$(inherited)",
				);
				GCC_WARN_64_TO_32_BIT_CONVERSION = YES;
				GCC_WARN_ABOUT_RETURN_TYPE = YES_ERROR;
				GCC_WARN_UNDECLARED_SELECTOR = YES;
				GCC_WARN_UNINITIALIZED_AUTOS = YES_AGGRESSIVE;
				GCC_WARN_UNUSED_FUNCTION = YES;
				GCC_WARN_UNUSED_VARIABLE = YES;
				IPHONEOS_DEPLOYMENT_TARGET = 10.0;
				MTL_ENABLE_DEBUG_INFO = YES;
				ONLY_ACTIVE_ARCH = YES;
				SDKROOT = iphoneos;
				SWIFT_ACTIVE_COMPILATION_CONDITIONS = DEBUG;
				SWIFT_OPTIMIZATION_LEVEL = "-Onone";
			};
			name = Debug;
		};
		78469A7F1DE3958100A40D53 /* Release */ = {
			isa = XCBuildConfiguration;
			buildSettings = {
				ALWAYS_SEARCH_USER_PATHS = NO;
				CLANG_ANALYZER_NONNULL = YES;
				CLANG_CXX_LANGUAGE_STANDARD = "gnu++0x";
				CLANG_CXX_LIBRARY = "libc++";
				CLANG_ENABLE_MODULES = YES;
				CLANG_ENABLE_OBJC_ARC = YES;
				CLANG_WARN_BOOL_CONVERSION = YES;
				CLANG_WARN_CONSTANT_CONVERSION = YES;
				CLANG_WARN_DIRECT_OBJC_ISA_USAGE = YES_ERROR;
				CLANG_WARN_DOCUMENTATION_COMMENTS = YES;
				CLANG_WARN_EMPTY_BODY = YES;
				CLANG_WARN_ENUM_CONVERSION = YES;
				CLANG_WARN_INFINITE_RECURSION = YES;
				CLANG_WARN_INT_CONVERSION = YES;
				CLANG_WARN_OBJC_ROOT_CLASS = YES_ERROR;
				CLANG_WARN_SUSPICIOUS_MOVE = YES;
				CLANG_WARN_SUSPICIOUS_MOVES = YES;
				CLANG_WARN_UNREACHABLE_CODE = YES;
				CLANG_WARN__DUPLICATE_METHOD_MATCH = YES;
				"CODE_SIGN_IDENTITY[sdk=iphoneos*]" = "iPhone Developer";
				COPY_PHASE_STRIP = NO;
				DEBUG_INFORMATION_FORMAT = "dwarf-with-dsym";
				ENABLE_NS_ASSERTIONS = NO;
				ENABLE_STRICT_OBJC_MSGSEND = YES;
				GCC_C_LANGUAGE_STANDARD = gnu99;
				GCC_NO_COMMON_BLOCKS = YES;
				GCC_WARN_64_TO_32_BIT_CONVERSION = YES;
				GCC_WARN_ABOUT_RETURN_TYPE = YES_ERROR;
				GCC_WARN_UNDECLARED_SELECTOR = YES;
				GCC_WARN_UNINITIALIZED_AUTOS = YES_AGGRESSIVE;
				GCC_WARN_UNUSED_FUNCTION = YES;
				GCC_WARN_UNUSED_VARIABLE = YES;
				IPHONEOS_DEPLOYMENT_TARGET = 10.0;
				MTL_ENABLE_DEBUG_INFO = NO;
				SDKROOT = iphoneos;
				SWIFT_OPTIMIZATION_LEVEL = "-Owholemodule";
				VALIDATE_PRODUCT = YES;
			};
			name = Release;
		};
		78469A811DE3958100A40D53 /* Debug */ = {
			isa = XCBuildConfiguration;
			baseConfigurationReference = EF9B8E045282684264E31D83 /* Pods-BMe.debug.xcconfig */;
			buildSettings = {
				ALWAYS_EMBED_SWIFT_STANDARD_LIBRARIES = YES;
				ASSETCATALOG_COMPILER_APPICON_NAME = AppIcon;
				ASSETCATALOG_COMPILER_LAUNCHIMAGE_NAME = LaunchImage;
				"CODE_SIGN_IDENTITY[sdk=iphoneos*]" = "iPhone Developer";
				DEVELOPMENT_TEAM = Y4GA6H5JHE;
				INFOPLIST_FILE = BMe/Info.plist;
				LD_RUNPATH_SEARCH_PATHS = "$(inherited) @executable_path/Frameworks";
				PRODUCT_BUNDLE_IDENTIFIER = com.op.BMe;
				PRODUCT_NAME = "$(TARGET_NAME)";
				SWIFT_OBJC_BRIDGING_HEADER = "";
				SWIFT_OPTIMIZATION_LEVEL = "-Onone";
				SWIFT_VERSION = 3.0;
			};
			name = Debug;
		};
		78469A821DE3958100A40D53 /* Release */ = {
			isa = XCBuildConfiguration;
			baseConfigurationReference = 1B3943A2C1F5F5DBD966A650 /* Pods-BMe.release.xcconfig */;
			buildSettings = {
				ALWAYS_EMBED_SWIFT_STANDARD_LIBRARIES = YES;
				ASSETCATALOG_COMPILER_APPICON_NAME = AppIcon;
				ASSETCATALOG_COMPILER_LAUNCHIMAGE_NAME = LaunchImage;
				"CODE_SIGN_IDENTITY[sdk=iphoneos*]" = "iPhone Developer";
				DEVELOPMENT_TEAM = Y4GA6H5JHE;
				INFOPLIST_FILE = BMe/Info.plist;
				LD_RUNPATH_SEARCH_PATHS = "$(inherited) @executable_path/Frameworks";
				PRODUCT_BUNDLE_IDENTIFIER = com.op.BMe;
				PRODUCT_NAME = "$(TARGET_NAME)";
				SWIFT_OBJC_BRIDGING_HEADER = "";
				SWIFT_VERSION = 3.0;
			};
			name = Release;
		};
/* End XCBuildConfiguration section */

/* Begin XCConfigurationList section */
		78469A531DE3958000A40D53 /* Build configuration list for PBXProject "BMe" */ = {
			isa = XCConfigurationList;
			buildConfigurations = (
				78469A7E1DE3958100A40D53 /* Debug */,
				78469A7F1DE3958100A40D53 /* Release */,
			);
			defaultConfigurationIsVisible = 0;
			defaultConfigurationName = Release;
		};
		78469A801DE3958100A40D53 /* Build configuration list for PBXNativeTarget "BMe" */ = {
			isa = XCConfigurationList;
			buildConfigurations = (
				78469A811DE3958100A40D53 /* Debug */,
				78469A821DE3958100A40D53 /* Release */,
			);
			defaultConfigurationIsVisible = 0;
			defaultConfigurationName = Release;
		};
/* End XCConfigurationList section */
	};
	rootObject = 78469A501DE3958000A40D53 /* Project object */;
}
